// !$*UTF8*$!
{
	archiveVersion = 1;
	classes = {
	};
	objectVersion = 46;
	objects = {

/* Begin PBXBuildFile section */
		5B1F47C01768501F00A76C98 /* UIKit.framework in Frameworks */ = {isa = PBXBuildFile; fileRef = 5B1F47BF1768501F00A76C98 /* UIKit.framework */; };
		5B1F47C21768501F00A76C98 /* Foundation.framework in Frameworks */ = {isa = PBXBuildFile; fileRef = 5B1F47C11768501F00A76C98 /* Foundation.framework */; };
		5B1F47C41768501F00A76C98 /* CoreGraphics.framework in Frameworks */ = {isa = PBXBuildFile; fileRef = 5B1F47C31768501F00A76C98 /* CoreGraphics.framework */; };
		5B1F47CA1768501F00A76C98 /* InfoPlist.strings in Resources */ = {isa = PBXBuildFile; fileRef = 5B1F47C81768501F00A76C98 /* InfoPlist.strings */; };
		5B1F47CC1768501F00A76C98 /* main.m in Sources */ = {isa = PBXBuildFile; fileRef = 5B1F47CB1768501F00A76C98 /* main.m */; };
		5B1F47D01768501F00A76C98 /* BankAccountAppDelegate.m in Sources */ = {isa = PBXBuildFile; fileRef = 5B1F47CF1768501F00A76C98 /* BankAccountAppDelegate.m */; };
		5B1F47D21768501F00A76C98 /* Default.png in Resources */ = {isa = PBXBuildFile; fileRef = 5B1F47D11768501F00A76C98 /* Default.png */; };
		5B1F47D41768501F00A76C98 /* Default@2x.png in Resources */ = {isa = PBXBuildFile; fileRef = 5B1F47D31768501F00A76C98 /* Default@2x.png */; };
		5B1F47D61768501F00A76C98 /* Default-568h@2x.png in Resources */ = {isa = PBXBuildFile; fileRef = 5B1F47D51768501F00A76C98 /* Default-568h@2x.png */; };
		5B1F47D91768501F00A76C98 /* BankAccountViewController.m in Sources */ = {isa = PBXBuildFile; fileRef = 5B1F47D81768501F00A76C98 /* BankAccountViewController.m */; };
		5B1F47DC1768501F00A76C98 /* BankAccountViewController.xib in Resources */ = {isa = PBXBuildFile; fileRef = 5B1F47DA1768501F00A76C98 /* BankAccountViewController.xib */; };
		5B1F47E41768501F00A76C98 /* SenTestingKit.framework in Frameworks */ = {isa = PBXBuildFile; fileRef = 5B1F47E31768501F00A76C98 /* SenTestingKit.framework */; };
		5B1F47E51768501F00A76C98 /* UIKit.framework in Frameworks */ = {isa = PBXBuildFile; fileRef = 5B1F47BF1768501F00A76C98 /* UIKit.framework */; };
		5B1F47E61768501F00A76C98 /* Foundation.framework in Frameworks */ = {isa = PBXBuildFile; fileRef = 5B1F47C11768501F00A76C98 /* Foundation.framework */; };
		5B1F47EE1768501F00A76C98 /* InfoPlist.strings in Resources */ = {isa = PBXBuildFile; fileRef = 5B1F47EC1768501F00A76C98 /* InfoPlist.strings */; };
		5B1F47F11768501F00A76C98 /* BankAccountTests.m in Sources */ = {isa = PBXBuildFile; fileRef = 5B1F47F01768501F00A76C98 /* BankAccountTests.m */; };
		5B1F48051768505D00A76C98 /* FMDatabase.m in Sources */ = {isa = PBXBuildFile; fileRef = 5B1F47FC1768505D00A76C98 /* FMDatabase.m */; settings = {COMPILER_FLAGS = "-fno-objc-arc"; }; };
		5B1F48061768505D00A76C98 /* FMDatabaseAdditions.m in Sources */ = {isa = PBXBuildFile; fileRef = 5B1F47FE1768505D00A76C98 /* FMDatabaseAdditions.m */; settings = {COMPILER_FLAGS = "-fno-objc-arc"; }; };
		5B1F48071768505D00A76C98 /* FMDatabasePool.m in Sources */ = {isa = PBXBuildFile; fileRef = 5B1F48001768505D00A76C98 /* FMDatabasePool.m */; settings = {COMPILER_FLAGS = "-fno-objc-arc"; }; };
		5B1F48081768505D00A76C98 /* FMDatabaseQueue.m in Sources */ = {isa = PBXBuildFile; fileRef = 5B1F48021768505D00A76C98 /* FMDatabaseQueue.m */; settings = {COMPILER_FLAGS = "-fno-objc-arc"; }; };
		5B1F48091768505D00A76C98 /* FMResultSet.m in Sources */ = {isa = PBXBuildFile; fileRef = 5B1F48041768505D00A76C98 /* FMResultSet.m */; settings = {COMPILER_FLAGS = "-fno-objc-arc"; }; };
		5B1F48B91768508400A76C98 /* KWAfterAllNode.m in Sources */ = {isa = PBXBuildFile; fileRef = 5B1F48101768508300A76C98 /* KWAfterAllNode.m */; settings = {COMPILER_FLAGS = "-fno-objc-arc"; }; };
		5B1F48BA1768508400A76C98 /* KWAfterEachNode.m in Sources */ = {isa = PBXBuildFile; fileRef = 5B1F48121768508300A76C98 /* KWAfterEachNode.m */; settings = {COMPILER_FLAGS = "-fno-objc-arc"; }; };
		5B1F48BB1768508400A76C98 /* KWAny.m in Sources */ = {isa = PBXBuildFile; fileRef = 5B1F48141768508300A76C98 /* KWAny.m */; settings = {COMPILER_FLAGS = "-fno-objc-arc"; }; };
		5B1F48BC1768508400A76C98 /* KWAsyncVerifier.m in Sources */ = {isa = PBXBuildFile; fileRef = 5B1F48161768508300A76C98 /* KWAsyncVerifier.m */; settings = {COMPILER_FLAGS = "-fno-objc-arc"; }; };
		5B1F48BD1768508400A76C98 /* KWBeBetweenMatcher.m in Sources */ = {isa = PBXBuildFile; fileRef = 5B1F48181768508300A76C98 /* KWBeBetweenMatcher.m */; settings = {COMPILER_FLAGS = "-fno-objc-arc"; }; };
		5B1F48BE1768508400A76C98 /* KWBeEmptyMatcher.m in Sources */ = {isa = PBXBuildFile; fileRef = 5B1F481A1768508300A76C98 /* KWBeEmptyMatcher.m */; settings = {COMPILER_FLAGS = "-fno-objc-arc"; }; };
		5B1F48BF1768508400A76C98 /* KWBeforeAllNode.m in Sources */ = {isa = PBXBuildFile; fileRef = 5B1F481C1768508300A76C98 /* KWBeforeAllNode.m */; settings = {COMPILER_FLAGS = "-fno-objc-arc"; }; };
		5B1F48C01768508400A76C98 /* KWBeforeEachNode.m in Sources */ = {isa = PBXBuildFile; fileRef = 5B1F481E1768508300A76C98 /* KWBeforeEachNode.m */; settings = {COMPILER_FLAGS = "-fno-objc-arc"; }; };
		5B1F48C11768508400A76C98 /* KWBeIdenticalToMatcher.m in Sources */ = {isa = PBXBuildFile; fileRef = 5B1F48201768508300A76C98 /* KWBeIdenticalToMatcher.m */; settings = {COMPILER_FLAGS = "-fno-objc-arc"; }; };
		5B1F48C21768508400A76C98 /* KWBeKindOfClassMatcher.m in Sources */ = {isa = PBXBuildFile; fileRef = 5B1F48221768508300A76C98 /* KWBeKindOfClassMatcher.m */; settings = {COMPILER_FLAGS = "-fno-objc-arc"; }; };
		5B1F48C31768508400A76C98 /* KWBeMemberOfClassMatcher.m in Sources */ = {isa = PBXBuildFile; fileRef = 5B1F48241768508300A76C98 /* KWBeMemberOfClassMatcher.m */; settings = {COMPILER_FLAGS = "-fno-objc-arc"; }; };
		5B1F48C41768508400A76C98 /* KWBeSubclassOfClassMatcher.m in Sources */ = {isa = PBXBuildFile; fileRef = 5B1F48261768508300A76C98 /* KWBeSubclassOfClassMatcher.m */; settings = {COMPILER_FLAGS = "-fno-objc-arc"; }; };
		5B1F48C51768508400A76C98 /* KWBeTrueMatcher.m in Sources */ = {isa = PBXBuildFile; fileRef = 5B1F48281768508300A76C98 /* KWBeTrueMatcher.m */; settings = {COMPILER_FLAGS = "-fno-objc-arc"; }; };
		5B1F48C61768508400A76C98 /* KWBeWithinMatcher.m in Sources */ = {isa = PBXBuildFile; fileRef = 5B1F482A1768508300A76C98 /* KWBeWithinMatcher.m */; settings = {COMPILER_FLAGS = "-fno-objc-arc"; }; };
		5B1F48C71768508400A76C98 /* KWBeZeroMatcher.m in Sources */ = {isa = PBXBuildFile; fileRef = 5B1F482C1768508300A76C98 /* KWBeZeroMatcher.m */; settings = {COMPILER_FLAGS = "-fno-objc-arc"; }; };
		5B1F48C81768508400A76C98 /* KWBlock.m in Sources */ = {isa = PBXBuildFile; fileRef = 5B1F482E1768508300A76C98 /* KWBlock.m */; settings = {COMPILER_FLAGS = "-fno-objc-arc"; }; };
		5B1F48C91768508400A76C98 /* KWBlockNode.m in Sources */ = {isa = PBXBuildFile; fileRef = 5B1F48301768508300A76C98 /* KWBlockNode.m */; settings = {COMPILER_FLAGS = "-fno-objc-arc"; }; };
		5B1F48CA1768508400A76C98 /* KWBlockRaiseMatcher.m in Sources */ = {isa = PBXBuildFile; fileRef = 5B1F48321768508300A76C98 /* KWBlockRaiseMatcher.m */; settings = {COMPILER_FLAGS = "-fno-objc-arc"; }; };
		5B1F48CB1768508400A76C98 /* KWCallSite.m in Sources */ = {isa = PBXBuildFile; fileRef = 5B1F48341768508300A76C98 /* KWCallSite.m */; settings = {COMPILER_FLAGS = "-fno-objc-arc"; }; };
		5B1F48CC1768508400A76C98 /* KWCaptureSpy.m in Sources */ = {isa = PBXBuildFile; fileRef = 5B1F48361768508300A76C98 /* KWCaptureSpy.m */; settings = {COMPILER_FLAGS = "-fno-objc-arc"; }; };
		5B1F48CD1768508400A76C98 /* KWChangeMatcher.m in Sources */ = {isa = PBXBuildFile; fileRef = 5B1F48381768508300A76C98 /* KWChangeMatcher.m */; settings = {COMPILER_FLAGS = "-fno-objc-arc"; }; };
		5B1F48CE1768508400A76C98 /* KWConformToProtocolMatcher.m in Sources */ = {isa = PBXBuildFile; fileRef = 5B1F483A1768508300A76C98 /* KWConformToProtocolMatcher.m */; settings = {COMPILER_FLAGS = "-fno-objc-arc"; }; };
		5B1F48CF1768508400A76C98 /* KWContainMatcher.m in Sources */ = {isa = PBXBuildFile; fileRef = 5B1F483C1768508300A76C98 /* KWContainMatcher.m */; settings = {COMPILER_FLAGS = "-fno-objc-arc"; }; };
		5B1F48D01768508400A76C98 /* KWContainStringMatcher.m in Sources */ = {isa = PBXBuildFile; fileRef = 5B1F483E1768508300A76C98 /* KWContainStringMatcher.m */; settings = {COMPILER_FLAGS = "-fno-objc-arc"; }; };
		5B1F48D11768508400A76C98 /* KWContextNode.m in Sources */ = {isa = PBXBuildFile; fileRef = 5B1F48401768508300A76C98 /* KWContextNode.m */; settings = {COMPILER_FLAGS = "-fno-objc-arc"; }; };
		5B1F48D21768508400A76C98 /* KWDeviceInfo.m in Sources */ = {isa = PBXBuildFile; fileRef = 5B1F48431768508300A76C98 /* KWDeviceInfo.m */; settings = {COMPILER_FLAGS = "-fno-objc-arc"; }; };
		5B1F48D31768508400A76C98 /* KWEqualMatcher.m in Sources */ = {isa = PBXBuildFile; fileRef = 5B1F48451768508300A76C98 /* KWEqualMatcher.m */; settings = {COMPILER_FLAGS = "-fno-objc-arc"; }; };
		5B1F48D41768508400A76C98 /* KWExample.m in Sources */ = {isa = PBXBuildFile; fileRef = 5B1F48471768508300A76C98 /* KWExample.m */; settings = {COMPILER_FLAGS = "-fno-objc-arc"; }; };
		5B1F48D51768508400A76C98 /* KWExampleGroupBuilder.m in Sources */ = {isa = PBXBuildFile; fileRef = 5B1F48491768508300A76C98 /* KWExampleGroupBuilder.m */; settings = {COMPILER_FLAGS = "-fno-objc-arc"; }; };
		5B1F48D61768508400A76C98 /* KWExampleSuite.m in Sources */ = {isa = PBXBuildFile; fileRef = 5B1F484E1768508400A76C98 /* KWExampleSuite.m */; settings = {COMPILER_FLAGS = "-fno-objc-arc"; }; };
		5B1F48D71768508400A76C98 /* KWExistVerifier.m in Sources */ = {isa = PBXBuildFile; fileRef = 5B1F48501768508400A76C98 /* KWExistVerifier.m */; settings = {COMPILER_FLAGS = "-fno-objc-arc"; }; };
		5B1F48D81768508400A76C98 /* KWFailure.m in Sources */ = {isa = PBXBuildFile; fileRef = 5B1F48531768508400A76C98 /* KWFailure.m */; settings = {COMPILER_FLAGS = "-fno-objc-arc"; }; };
		5B1F48D91768508400A76C98 /* KWFormatter.m in Sources */ = {isa = PBXBuildFile; fileRef = 5B1F48551768508400A76C98 /* KWFormatter.m */; settings = {COMPILER_FLAGS = "-fno-objc-arc"; }; };
		5B1F48DA1768508400A76C98 /* KWFutureObject.m in Sources */ = {isa = PBXBuildFile; fileRef = 5B1F48571768508400A76C98 /* KWFutureObject.m */; settings = {COMPILER_FLAGS = "-fno-objc-arc"; }; };
		5B1F48DB1768508400A76C98 /* KWGenericMatcher.m in Sources */ = {isa = PBXBuildFile; fileRef = 5B1F48591768508400A76C98 /* KWGenericMatcher.m */; settings = {COMPILER_FLAGS = "-fno-objc-arc"; }; };
		5B1F48DC1768508400A76C98 /* KWGenericMatchEvaluator.m in Sources */ = {isa = PBXBuildFile; fileRef = 5B1F485B1768508400A76C98 /* KWGenericMatchEvaluator.m */; settings = {COMPILER_FLAGS = "-fno-objc-arc"; }; };
		5B1F48DD1768508400A76C98 /* KWGenericMatchingAdditions.m in Sources */ = {isa = PBXBuildFile; fileRef = 5B1F485D1768508400A76C98 /* KWGenericMatchingAdditions.m */; settings = {COMPILER_FLAGS = "-fno-objc-arc"; }; };
		5B1F48DE1768508400A76C98 /* KWHaveMatcher.m in Sources */ = {isa = PBXBuildFile; fileRef = 5B1F485F1768508400A76C98 /* KWHaveMatcher.m */; settings = {COMPILER_FLAGS = "-fno-objc-arc"; }; };
		5B1F48DF1768508400A76C98 /* KWHaveValueMatcher.m in Sources */ = {isa = PBXBuildFile; fileRef = 5B1F48611768508400A76C98 /* KWHaveValueMatcher.m */; settings = {COMPILER_FLAGS = "-fno-objc-arc"; }; };
		5B1F48E01768508400A76C98 /* KWInequalityMatcher.m in Sources */ = {isa = PBXBuildFile; fileRef = 5B1F48631768508400A76C98 /* KWInequalityMatcher.m */; settings = {COMPILER_FLAGS = "-fno-objc-arc"; }; };
		5B1F48E11768508400A76C98 /* KWIntercept.m in Sources */ = {isa = PBXBuildFile; fileRef = 5B1F48651768508400A76C98 /* KWIntercept.m */; settings = {COMPILER_FLAGS = "-fno-objc-arc"; }; };
		5B1F48E21768508400A76C98 /* KWInvocationCapturer.m in Sources */ = {isa = PBXBuildFile; fileRef = 5B1F48671768508400A76C98 /* KWInvocationCapturer.m */; settings = {COMPILER_FLAGS = "-fno-objc-arc"; }; };
		5B1F48E31768508400A76C98 /* KWItNode.m in Sources */ = {isa = PBXBuildFile; fileRef = 5B1F48691768508400A76C98 /* KWItNode.m */; settings = {COMPILER_FLAGS = "-fno-objc-arc"; }; };
		5B1F48E41768508400A76C98 /* KWMatcher.m in Sources */ = {isa = PBXBuildFile; fileRef = 5B1F486B1768508400A76C98 /* KWMatcher.m */; settings = {COMPILER_FLAGS = "-fno-objc-arc"; }; };
		5B1F48E51768508400A76C98 /* KWMatcherFactory.m in Sources */ = {isa = PBXBuildFile; fileRef = 5B1F486D1768508400A76C98 /* KWMatcherFactory.m */; settings = {COMPILER_FLAGS = "-fno-objc-arc"; }; };
		5B1F48E61768508400A76C98 /* KWMatchers.m in Sources */ = {isa = PBXBuildFile; fileRef = 5B1F486F1768508400A76C98 /* KWMatchers.m */; settings = {COMPILER_FLAGS = "-fno-objc-arc"; }; };
		5B1F48E71768508400A76C98 /* KWMatchVerifier.m in Sources */ = {isa = PBXBuildFile; fileRef = 5B1F48721768508400A76C98 /* KWMatchVerifier.m */; settings = {COMPILER_FLAGS = "-fno-objc-arc"; }; };
		5B1F48E81768508400A76C98 /* KWMessagePattern.m in Sources */ = {isa = PBXBuildFile; fileRef = 5B1F48741768508400A76C98 /* KWMessagePattern.m */; settings = {COMPILER_FLAGS = "-fno-objc-arc"; }; };
		5B1F48E91768508400A76C98 /* KWMessageTracker.m in Sources */ = {isa = PBXBuildFile; fileRef = 5B1F48771768508400A76C98 /* KWMessageTracker.m */; settings = {COMPILER_FLAGS = "-fno-objc-arc"; }; };
		5B1F48EA1768508400A76C98 /* KWMock.m in Sources */ = {isa = PBXBuildFile; fileRef = 5B1F48791768508400A76C98 /* KWMock.m */; settings = {COMPILER_FLAGS = "-fno-objc-arc"; }; };
		5B1F48EB1768508400A76C98 /* KWNull.m in Sources */ = {isa = PBXBuildFile; fileRef = 5B1F487B1768508400A76C98 /* KWNull.m */; settings = {COMPILER_FLAGS = "-fno-objc-arc"; }; };
		5B1F48EC1768508400A76C98 /* KWObjCUtilities.m in Sources */ = {isa = PBXBuildFile; fileRef = 5B1F487D1768508400A76C98 /* KWObjCUtilities.m */; settings = {COMPILER_FLAGS = "-fno-objc-arc"; }; };
		5B1F48ED1768508400A76C98 /* KWPendingNode.m in Sources */ = {isa = PBXBuildFile; fileRef = 5B1F487F1768508400A76C98 /* KWPendingNode.m */; settings = {COMPILER_FLAGS = "-fno-objc-arc"; }; };
		5B1F48EE1768508400A76C98 /* KWProbePoller.m in Sources */ = {isa = PBXBuildFile; fileRef = 5B1F48821768508400A76C98 /* KWProbePoller.m */; settings = {COMPILER_FLAGS = "-fno-objc-arc"; }; };
		5B1F48EF1768508400A76C98 /* KWRaiseMatcher.m in Sources */ = {isa = PBXBuildFile; fileRef = 5B1F48841768508400A76C98 /* KWRaiseMatcher.m */; settings = {COMPILER_FLAGS = "-fno-objc-arc"; }; };
		5B1F48F01768508400A76C98 /* KWReceiveMatcher.m in Sources */ = {isa = PBXBuildFile; fileRef = 5B1F48861768508400A76C98 /* KWReceiveMatcher.m */; settings = {COMPILER_FLAGS = "-fno-objc-arc"; }; };
		5B1F48F11768508400A76C98 /* KWRegisterMatchersNode.m in Sources */ = {isa = PBXBuildFile; fileRef = 5B1F48881768508400A76C98 /* KWRegisterMatchersNode.m */; settings = {COMPILER_FLAGS = "-fno-objc-arc"; }; };
		5B1F48F21768508400A76C98 /* KWRegularExpressionPatternMatcher.m in Sources */ = {isa = PBXBuildFile; fileRef = 5B1F488A1768508400A76C98 /* KWRegularExpressionPatternMatcher.m */; settings = {COMPILER_FLAGS = "-fno-objc-arc"; }; };
		5B1F48F31768508400A76C98 /* KWRespondToSelectorMatcher.m in Sources */ = {isa = PBXBuildFile; fileRef = 5B1F488D1768508400A76C98 /* KWRespondToSelectorMatcher.m */; settings = {COMPILER_FLAGS = "-fno-objc-arc"; }; };
		5B1F48F41768508400A76C98 /* KWSpec.m in Sources */ = {isa = PBXBuildFile; fileRef = 5B1F488F1768508400A76C98 /* KWSpec.m */; settings = {COMPILER_FLAGS = "-fno-objc-arc"; }; };
		5B1F48F51768508400A76C98 /* KWStringContainsMatcher.m in Sources */ = {isa = PBXBuildFile; fileRef = 5B1F48911768508400A76C98 /* KWStringContainsMatcher.m */; settings = {COMPILER_FLAGS = "-fno-objc-arc"; }; };
		5B1F48F61768508400A76C98 /* KWStringPrefixMatcher.m in Sources */ = {isa = PBXBuildFile; fileRef = 5B1F48931768508400A76C98 /* KWStringPrefixMatcher.m */; settings = {COMPILER_FLAGS = "-fno-objc-arc"; }; };
		5B1F48F71768508400A76C98 /* KWStringUtilities.m in Sources */ = {isa = PBXBuildFile; fileRef = 5B1F48951768508400A76C98 /* KWStringUtilities.m */; settings = {COMPILER_FLAGS = "-fno-objc-arc"; }; };
		5B1F48F81768508400A76C98 /* KWStub.m in Sources */ = {isa = PBXBuildFile; fileRef = 5B1F48971768508400A76C98 /* KWStub.m */; settings = {COMPILER_FLAGS = "-fno-objc-arc"; }; };
		5B1F48F91768508400A76C98 /* KWSymbolicator.m in Sources */ = {isa = PBXBuildFile; fileRef = 5B1F48991768508400A76C98 /* KWSymbolicator.m */; settings = {COMPILER_FLAGS = "-fno-objc-arc"; }; };
		5B1F48FA1768508400A76C98 /* KWTestCase.m in Sources */ = {isa = PBXBuildFile; fileRef = 5B1F489B1768508400A76C98 /* KWTestCase.m */; settings = {COMPILER_FLAGS = "-fno-objc-arc"; }; };
		5B1F48FB1768508400A76C98 /* KWUserDefinedMatcher.m in Sources */ = {isa = PBXBuildFile; fileRef = 5B1F489D1768508400A76C98 /* KWUserDefinedMatcher.m */; settings = {COMPILER_FLAGS = "-fno-objc-arc"; }; };
		5B1F48FC1768508400A76C98 /* KWValue.m in Sources */ = {isa = PBXBuildFile; fileRef = 5B1F489F1768508400A76C98 /* KWValue.m */; settings = {COMPILER_FLAGS = "-fno-objc-arc"; }; };
		5B1F48FD1768508400A76C98 /* KWWorkarounds.m in Sources */ = {isa = PBXBuildFile; fileRef = 5B1F48A21768508400A76C98 /* KWWorkarounds.m */; settings = {COMPILER_FLAGS = "-fno-objc-arc"; }; };
		5B1F48FE1768508400A76C98 /* NSInvocation+KiwiAdditions.m in Sources */ = {isa = PBXBuildFile; fileRef = 5B1F48A41768508400A76C98 /* NSInvocation+KiwiAdditions.m */; settings = {COMPILER_FLAGS = "-fno-objc-arc"; }; };
		5B1F48FF1768508400A76C98 /* NSInvocation+OCMAdditions.m in Sources */ = {isa = PBXBuildFile; fileRef = 5B1F48A61768508400A76C98 /* NSInvocation+OCMAdditions.m */; settings = {COMPILER_FLAGS = "-fno-objc-arc"; }; };
		5B1F49001768508400A76C98 /* NSMethodSignature+KiwiAdditions.m in Sources */ = {isa = PBXBuildFile; fileRef = 5B1F48A81768508400A76C98 /* NSMethodSignature+KiwiAdditions.m */; settings = {COMPILER_FLAGS = "-fno-objc-arc"; }; };
		5B1F49011768508400A76C98 /* NSNumber+KiwiAdditions.m in Sources */ = {isa = PBXBuildFile; fileRef = 5B1F48AA1768508400A76C98 /* NSNumber+KiwiAdditions.m */; settings = {COMPILER_FLAGS = "-fno-objc-arc"; }; };
		5B1F49021768508400A76C98 /* NSObject+KiwiMockAdditions.m in Sources */ = {isa = PBXBuildFile; fileRef = 5B1F48AC1768508400A76C98 /* NSObject+KiwiMockAdditions.m */; settings = {COMPILER_FLAGS = "-fno-objc-arc"; }; };
		5B1F49031768508400A76C98 /* NSObject+KiwiSpyAdditions.m in Sources */ = {isa = PBXBuildFile; fileRef = 5B1F48AE1768508400A76C98 /* NSObject+KiwiSpyAdditions.m */; settings = {COMPILER_FLAGS = "-fno-objc-arc"; }; };
		5B1F49041768508400A76C98 /* NSObject+KiwiStubAdditions.m in Sources */ = {isa = PBXBuildFile; fileRef = 5B1F48B01768508400A76C98 /* NSObject+KiwiStubAdditions.m */; settings = {COMPILER_FLAGS = "-fno-objc-arc"; }; };
		5B1F49051768508400A76C98 /* NSObject+KiwiVerifierAdditions.m in Sources */ = {isa = PBXBuildFile; fileRef = 5B1F48B21768508400A76C98 /* NSObject+KiwiVerifierAdditions.m */; settings = {COMPILER_FLAGS = "-fno-objc-arc"; }; };
		5B1F49061768508400A76C98 /* NSProxy+KiwiVerifierAdditions.m in Sources */ = {isa = PBXBuildFile; fileRef = 5B1F48B41768508400A76C98 /* NSProxy+KiwiVerifierAdditions.m */; settings = {COMPILER_FLAGS = "-fno-objc-arc"; }; };
		5B1F49071768508400A76C98 /* NSValue+KiwiAdditions.m in Sources */ = {isa = PBXBuildFile; fileRef = 5B1F48B61768508400A76C98 /* NSValue+KiwiAdditions.m */; settings = {COMPILER_FLAGS = "-fno-objc-arc"; }; };
		5B1F49081768508400A76C98 /* SenTestSuite+KiwiAdditions.m in Sources */ = {isa = PBXBuildFile; fileRef = 5B1F48B81768508400A76C98 /* SenTestSuite+KiwiAdditions.m */; settings = {COMPILER_FLAGS = "-fno-objc-arc"; }; };
		5B1F490B176850B000A76C98 /* libsqlite3.0.dylib in Frameworks */ = {isa = PBXBuildFile; fileRef = 5B1F4909176850B000A76C98 /* libsqlite3.0.dylib */; };
		5B1F490C176850B000A76C98 /* libsqlite3.dylib in Frameworks */ = {isa = PBXBuildFile; fileRef = 5B1F490A176850B000A76C98 /* libsqlite3.dylib */; };
		5B1F490F1768514500A76C98 /* BankAccountEntity.m in Sources */ = {isa = PBXBuildFile; fileRef = 5B1F490E1768514500A76C98 /* BankAccountEntity.m */; };
		5B1F49121768517400A76C98 /* BankAccountDAO.m in Sources */ = {isa = PBXBuildFile; fileRef = 5B1F49111768517400A76C98 /* BankAccountDAO.m */; };
		5B1F4915176851B000A76C98 /* BankAccountTestEntity.m in Sources */ = {isa = PBXBuildFile; fileRef = 5B1F4914176851B000A76C98 /* BankAccountTestEntity.m */; };
		5B1F4918176851BD00A76C98 /* BankAccountTestDAO.m in Sources */ = {isa = PBXBuildFile; fileRef = 5B1F4917176851BD00A76C98 /* BankAccountTestDAO.m */; };
/* End PBXBuildFile section */

/* Begin PBXContainerItemProxy section */
		5B1F47E71768501F00A76C98 /* PBXContainerItemProxy */ = {
			isa = PBXContainerItemProxy;
			containerPortal = 5B1F47B41768501E00A76C98 /* Project object */;
			proxyType = 1;
			remoteGlobalIDString = 5B1F47BB1768501F00A76C98;
			remoteInfo = BankAccount;
		};
/* End PBXContainerItemProxy section */

/* Begin PBXFileReference section */
		5B1F47BC1768501F00A76C98 /* BankAccount.app */ = {isa = PBXFileReference; explicitFileType = wrapper.application; includeInIndex = 0; path = BankAccount.app; sourceTree = BUILT_PRODUCTS_DIR; };
		5B1F47BF1768501F00A76C98 /* UIKit.framework */ = {isa = PBXFileReference; lastKnownFileType = wrapper.framework; name = UIKit.framework; path = System/Library/Frameworks/UIKit.framework; sourceTree = SDKROOT; };
		5B1F47C11768501F00A76C98 /* Foundation.framework */ = {isa = PBXFileReference; lastKnownFileType = wrapper.framework; name = Foundation.framework; path = System/Library/Frameworks/Foundation.framework; sourceTree = SDKROOT; };
		5B1F47C31768501F00A76C98 /* CoreGraphics.framework */ = {isa = PBXFileReference; lastKnownFileType = wrapper.framework; name = CoreGraphics.framework; path = System/Library/Frameworks/CoreGraphics.framework; sourceTree = SDKROOT; };
		5B1F47C71768501F00A76C98 /* BankAccount-Info.plist */ = {isa = PBXFileReference; lastKnownFileType = text.plist.xml; path = "BankAccount-Info.plist"; sourceTree = "<group>"; };
		5B1F47C91768501F00A76C98 /* en */ = {isa = PBXFileReference; lastKnownFileType = text.plist.strings; name = en; path = en.lproj/InfoPlist.strings; sourceTree = "<group>"; };
		5B1F47CB1768501F00A76C98 /* main.m */ = {isa = PBXFileReference; lastKnownFileType = sourcecode.c.objc; path = main.m; sourceTree = "<group>"; };
		5B1F47CD1768501F00A76C98 /* BankAccount-Prefix.pch */ = {isa = PBXFileReference; lastKnownFileType = sourcecode.c.h; path = "BankAccount-Prefix.pch"; sourceTree = "<group>"; };
		5B1F47CE1768501F00A76C98 /* BankAccountAppDelegate.h */ = {isa = PBXFileReference; lastKnownFileType = sourcecode.c.h; path = BankAccountAppDelegate.h; sourceTree = "<group>"; };
		5B1F47CF1768501F00A76C98 /* BankAccountAppDelegate.m */ = {isa = PBXFileReference; lastKnownFileType = sourcecode.c.objc; path = BankAccountAppDelegate.m; sourceTree = "<group>"; };
		5B1F47D11768501F00A76C98 /* Default.png */ = {isa = PBXFileReference; lastKnownFileType = image.png; path = Default.png; sourceTree = "<group>"; };
		5B1F47D31768501F00A76C98 /* Default@2x.png */ = {isa = PBXFileReference; lastKnownFileType = image.png; path = "Default@2x.png"; sourceTree = "<group>"; };
		5B1F47D51768501F00A76C98 /* Default-568h@2x.png */ = {isa = PBXFileReference; lastKnownFileType = image.png; path = "Default-568h@2x.png"; sourceTree = "<group>"; };
		5B1F47D71768501F00A76C98 /* BankAccountViewController.h */ = {isa = PBXFileReference; lastKnownFileType = sourcecode.c.h; path = BankAccountViewController.h; sourceTree = "<group>"; };
		5B1F47D81768501F00A76C98 /* BankAccountViewController.m */ = {isa = PBXFileReference; lastKnownFileType = sourcecode.c.objc; path = BankAccountViewController.m; sourceTree = "<group>"; };
		5B1F47DB1768501F00A76C98 /* en */ = {isa = PBXFileReference; lastKnownFileType = file.xib; name = en; path = en.lproj/BankAccountViewController.xib; sourceTree = "<group>"; };
		5B1F47E21768501F00A76C98 /* BankAccountTests.octest */ = {isa = PBXFileReference; explicitFileType = wrapper.cfbundle; includeInIndex = 0; path = BankAccountTests.octest; sourceTree = BUILT_PRODUCTS_DIR; };
		5B1F47E31768501F00A76C98 /* SenTestingKit.framework */ = {isa = PBXFileReference; lastKnownFileType = wrapper.framework; name = SenTestingKit.framework; path = Library/Frameworks/SenTestingKit.framework; sourceTree = DEVELOPER_DIR; };
		5B1F47EB1768501F00A76C98 /* BankAccountTests-Info.plist */ = {isa = PBXFileReference; lastKnownFileType = text.plist.xml; path = "BankAccountTests-Info.plist"; sourceTree = "<group>"; };
		5B1F47ED1768501F00A76C98 /* en */ = {isa = PBXFileReference; lastKnownFileType = text.plist.strings; name = en; path = en.lproj/InfoPlist.strings; sourceTree = "<group>"; };
		5B1F47EF1768501F00A76C98 /* BankAccountTests.h */ = {isa = PBXFileReference; lastKnownFileType = sourcecode.c.h; path = BankAccountTests.h; sourceTree = "<group>"; };
		5B1F47F01768501F00A76C98 /* BankAccountTests.m */ = {isa = PBXFileReference; lastKnownFileType = sourcecode.c.objc; path = BankAccountTests.m; sourceTree = "<group>"; };
		5B1F47FB1768505D00A76C98 /* FMDatabase.h */ = {isa = PBXFileReference; fileEncoding = 4; lastKnownFileType = sourcecode.c.h; path = FMDatabase.h; sourceTree = "<group>"; };
		5B1F47FC1768505D00A76C98 /* FMDatabase.m */ = {isa = PBXFileReference; fileEncoding = 4; lastKnownFileType = sourcecode.c.objc; path = FMDatabase.m; sourceTree = "<group>"; };
		5B1F47FD1768505D00A76C98 /* FMDatabaseAdditions.h */ = {isa = PBXFileReference; fileEncoding = 4; lastKnownFileType = sourcecode.c.h; path = FMDatabaseAdditions.h; sourceTree = "<group>"; };
		5B1F47FE1768505D00A76C98 /* FMDatabaseAdditions.m */ = {isa = PBXFileReference; fileEncoding = 4; lastKnownFileType = sourcecode.c.objc; path = FMDatabaseAdditions.m; sourceTree = "<group>"; };
		5B1F47FF1768505D00A76C98 /* FMDatabasePool.h */ = {isa = PBXFileReference; fileEncoding = 4; lastKnownFileType = sourcecode.c.h; path = FMDatabasePool.h; sourceTree = "<group>"; };
		5B1F48001768505D00A76C98 /* FMDatabasePool.m */ = {isa = PBXFileReference; fileEncoding = 4; lastKnownFileType = sourcecode.c.objc; path = FMDatabasePool.m; sourceTree = "<group>"; };
		5B1F48011768505D00A76C98 /* FMDatabaseQueue.h */ = {isa = PBXFileReference; fileEncoding = 4; lastKnownFileType = sourcecode.c.h; path = FMDatabaseQueue.h; sourceTree = "<group>"; };
		5B1F48021768505D00A76C98 /* FMDatabaseQueue.m */ = {isa = PBXFileReference; fileEncoding = 4; lastKnownFileType = sourcecode.c.objc; path = FMDatabaseQueue.m; sourceTree = "<group>"; };
		5B1F48031768505D00A76C98 /* FMResultSet.h */ = {isa = PBXFileReference; fileEncoding = 4; lastKnownFileType = sourcecode.c.h; path = FMResultSet.h; sourceTree = "<group>"; };
		5B1F48041768505D00A76C98 /* FMResultSet.m */ = {isa = PBXFileReference; fileEncoding = 4; lastKnownFileType = sourcecode.c.objc; path = FMResultSet.m; sourceTree = "<group>"; };
		5B1F480B1768508300A76C98 /* Kiwi.h */ = {isa = PBXFileReference; fileEncoding = 4; lastKnownFileType = sourcecode.c.h; path = Kiwi.h; sourceTree = "<group>"; };
		5B1F480C1768508300A76C98 /* KiwiBlockMacros.h */ = {isa = PBXFileReference; fileEncoding = 4; lastKnownFileType = sourcecode.c.h; path = KiwiBlockMacros.h; sourceTree = "<group>"; };
		5B1F480D1768508300A76C98 /* KiwiConfiguration.h */ = {isa = PBXFileReference; fileEncoding = 4; lastKnownFileType = sourcecode.c.h; path = KiwiConfiguration.h; sourceTree = "<group>"; };
		5B1F480E1768508300A76C98 /* KiwiMacros.h */ = {isa = PBXFileReference; fileEncoding = 4; lastKnownFileType = sourcecode.c.h; path = KiwiMacros.h; sourceTree = "<group>"; };
		5B1F480F1768508300A76C98 /* KWAfterAllNode.h */ = {isa = PBXFileReference; fileEncoding = 4; lastKnownFileType = sourcecode.c.h; path = KWAfterAllNode.h; sourceTree = "<group>"; };
		5B1F48101768508300A76C98 /* KWAfterAllNode.m */ = {isa = PBXFileReference; fileEncoding = 4; lastKnownFileType = sourcecode.c.objc; path = KWAfterAllNode.m; sourceTree = "<group>"; };
		5B1F48111768508300A76C98 /* KWAfterEachNode.h */ = {isa = PBXFileReference; fileEncoding = 4; lastKnownFileType = sourcecode.c.h; path = KWAfterEachNode.h; sourceTree = "<group>"; };
		5B1F48121768508300A76C98 /* KWAfterEachNode.m */ = {isa = PBXFileReference; fileEncoding = 4; lastKnownFileType = sourcecode.c.objc; path = KWAfterEachNode.m; sourceTree = "<group>"; };
		5B1F48131768508300A76C98 /* KWAny.h */ = {isa = PBXFileReference; fileEncoding = 4; lastKnownFileType = sourcecode.c.h; path = KWAny.h; sourceTree = "<group>"; };
		5B1F48141768508300A76C98 /* KWAny.m */ = {isa = PBXFileReference; fileEncoding = 4; lastKnownFileType = sourcecode.c.objc; path = KWAny.m; sourceTree = "<group>"; };
		5B1F48151768508300A76C98 /* KWAsyncVerifier.h */ = {isa = PBXFileReference; fileEncoding = 4; lastKnownFileType = sourcecode.c.h; path = KWAsyncVerifier.h; sourceTree = "<group>"; };
		5B1F48161768508300A76C98 /* KWAsyncVerifier.m */ = {isa = PBXFileReference; fileEncoding = 4; lastKnownFileType = sourcecode.c.objc; path = KWAsyncVerifier.m; sourceTree = "<group>"; };
		5B1F48171768508300A76C98 /* KWBeBetweenMatcher.h */ = {isa = PBXFileReference; fileEncoding = 4; lastKnownFileType = sourcecode.c.h; path = KWBeBetweenMatcher.h; sourceTree = "<group>"; };
		5B1F48181768508300A76C98 /* KWBeBetweenMatcher.m */ = {isa = PBXFileReference; fileEncoding = 4; lastKnownFileType = sourcecode.c.objc; path = KWBeBetweenMatcher.m; sourceTree = "<group>"; };
		5B1F48191768508300A76C98 /* KWBeEmptyMatcher.h */ = {isa = PBXFileReference; fileEncoding = 4; lastKnownFileType = sourcecode.c.h; path = KWBeEmptyMatcher.h; sourceTree = "<group>"; };
		5B1F481A1768508300A76C98 /* KWBeEmptyMatcher.m */ = {isa = PBXFileReference; fileEncoding = 4; lastKnownFileType = sourcecode.c.objc; path = KWBeEmptyMatcher.m; sourceTree = "<group>"; };
		5B1F481B1768508300A76C98 /* KWBeforeAllNode.h */ = {isa = PBXFileReference; fileEncoding = 4; lastKnownFileType = sourcecode.c.h; path = KWBeforeAllNode.h; sourceTree = "<group>"; };
		5B1F481C1768508300A76C98 /* KWBeforeAllNode.m */ = {isa = PBXFileReference; fileEncoding = 4; lastKnownFileType = sourcecode.c.objc; path = KWBeforeAllNode.m; sourceTree = "<group>"; };
		5B1F481D1768508300A76C98 /* KWBeforeEachNode.h */ = {isa = PBXFileReference; fileEncoding = 4; lastKnownFileType = sourcecode.c.h; path = KWBeforeEachNode.h; sourceTree = "<group>"; };
		5B1F481E1768508300A76C98 /* KWBeforeEachNode.m */ = {isa = PBXFileReference; fileEncoding = 4; lastKnownFileType = sourcecode.c.objc; path = KWBeforeEachNode.m; sourceTree = "<group>"; };
		5B1F481F1768508300A76C98 /* KWBeIdenticalToMatcher.h */ = {isa = PBXFileReference; fileEncoding = 4; lastKnownFileType = sourcecode.c.h; path = KWBeIdenticalToMatcher.h; sourceTree = "<group>"; };
		5B1F48201768508300A76C98 /* KWBeIdenticalToMatcher.m */ = {isa = PBXFileReference; fileEncoding = 4; lastKnownFileType = sourcecode.c.objc; path = KWBeIdenticalToMatcher.m; sourceTree = "<group>"; };
		5B1F48211768508300A76C98 /* KWBeKindOfClassMatcher.h */ = {isa = PBXFileReference; fileEncoding = 4; lastKnownFileType = sourcecode.c.h; path = KWBeKindOfClassMatcher.h; sourceTree = "<group>"; };
		5B1F48221768508300A76C98 /* KWBeKindOfClassMatcher.m */ = {isa = PBXFileReference; fileEncoding = 4; lastKnownFileType = sourcecode.c.objc; path = KWBeKindOfClassMatcher.m; sourceTree = "<group>"; };
		5B1F48231768508300A76C98 /* KWBeMemberOfClassMatcher.h */ = {isa = PBXFileReference; fileEncoding = 4; lastKnownFileType = sourcecode.c.h; path = KWBeMemberOfClassMatcher.h; sourceTree = "<group>"; };
		5B1F48241768508300A76C98 /* KWBeMemberOfClassMatcher.m */ = {isa = PBXFileReference; fileEncoding = 4; lastKnownFileType = sourcecode.c.objc; path = KWBeMemberOfClassMatcher.m; sourceTree = "<group>"; };
		5B1F48251768508300A76C98 /* KWBeSubclassOfClassMatcher.h */ = {isa = PBXFileReference; fileEncoding = 4; lastKnownFileType = sourcecode.c.h; path = KWBeSubclassOfClassMatcher.h; sourceTree = "<group>"; };
		5B1F48261768508300A76C98 /* KWBeSubclassOfClassMatcher.m */ = {isa = PBXFileReference; fileEncoding = 4; lastKnownFileType = sourcecode.c.objc; path = KWBeSubclassOfClassMatcher.m; sourceTree = "<group>"; };
		5B1F48271768508300A76C98 /* KWBeTrueMatcher.h */ = {isa = PBXFileReference; fileEncoding = 4; lastKnownFileType = sourcecode.c.h; path = KWBeTrueMatcher.h; sourceTree = "<group>"; };
		5B1F48281768508300A76C98 /* KWBeTrueMatcher.m */ = {isa = PBXFileReference; fileEncoding = 4; lastKnownFileType = sourcecode.c.objc; path = KWBeTrueMatcher.m; sourceTree = "<group>"; };
		5B1F48291768508300A76C98 /* KWBeWithinMatcher.h */ = {isa = PBXFileReference; fileEncoding = 4; lastKnownFileType = sourcecode.c.h; path = KWBeWithinMatcher.h; sourceTree = "<group>"; };
		5B1F482A1768508300A76C98 /* KWBeWithinMatcher.m */ = {isa = PBXFileReference; fileEncoding = 4; lastKnownFileType = sourcecode.c.objc; path = KWBeWithinMatcher.m; sourceTree = "<group>"; };
		5B1F482B1768508300A76C98 /* KWBeZeroMatcher.h */ = {isa = PBXFileReference; fileEncoding = 4; lastKnownFileType = sourcecode.c.h; path = KWBeZeroMatcher.h; sourceTree = "<group>"; };
		5B1F482C1768508300A76C98 /* KWBeZeroMatcher.m */ = {isa = PBXFileReference; fileEncoding = 4; lastKnownFileType = sourcecode.c.objc; path = KWBeZeroMatcher.m; sourceTree = "<group>"; };
		5B1F482D1768508300A76C98 /* KWBlock.h */ = {isa = PBXFileReference; fileEncoding = 4; lastKnownFileType = sourcecode.c.h; path = KWBlock.h; sourceTree = "<group>"; };
		5B1F482E1768508300A76C98 /* KWBlock.m */ = {isa = PBXFileReference; fileEncoding = 4; lastKnownFileType = sourcecode.c.objc; path = KWBlock.m; sourceTree = "<group>"; };
		5B1F482F1768508300A76C98 /* KWBlockNode.h */ = {isa = PBXFileReference; fileEncoding = 4; lastKnownFileType = sourcecode.c.h; path = KWBlockNode.h; sourceTree = "<group>"; };
		5B1F48301768508300A76C98 /* KWBlockNode.m */ = {isa = PBXFileReference; fileEncoding = 4; lastKnownFileType = sourcecode.c.objc; path = KWBlockNode.m; sourceTree = "<group>"; };
		5B1F48311768508300A76C98 /* KWBlockRaiseMatcher.h */ = {isa = PBXFileReference; fileEncoding = 4; lastKnownFileType = sourcecode.c.h; path = KWBlockRaiseMatcher.h; sourceTree = "<group>"; };
		5B1F48321768508300A76C98 /* KWBlockRaiseMatcher.m */ = {isa = PBXFileReference; fileEncoding = 4; lastKnownFileType = sourcecode.c.objc; path = KWBlockRaiseMatcher.m; sourceTree = "<group>"; };
		5B1F48331768508300A76C98 /* KWCallSite.h */ = {isa = PBXFileReference; fileEncoding = 4; lastKnownFileType = sourcecode.c.h; path = KWCallSite.h; sourceTree = "<group>"; };
		5B1F48341768508300A76C98 /* KWCallSite.m */ = {isa = PBXFileReference; fileEncoding = 4; lastKnownFileType = sourcecode.c.objc; path = KWCallSite.m; sourceTree = "<group>"; };
		5B1F48351768508300A76C98 /* KWCaptureSpy.h */ = {isa = PBXFileReference; fileEncoding = 4; lastKnownFileType = sourcecode.c.h; path = KWCaptureSpy.h; sourceTree = "<group>"; };
		5B1F48361768508300A76C98 /* KWCaptureSpy.m */ = {isa = PBXFileReference; fileEncoding = 4; lastKnownFileType = sourcecode.c.objc; path = KWCaptureSpy.m; sourceTree = "<group>"; };
		5B1F48371768508300A76C98 /* KWChangeMatcher.h */ = {isa = PBXFileReference; fileEncoding = 4; lastKnownFileType = sourcecode.c.h; path = KWChangeMatcher.h; sourceTree = "<group>"; };
		5B1F48381768508300A76C98 /* KWChangeMatcher.m */ = {isa = PBXFileReference; fileEncoding = 4; lastKnownFileType = sourcecode.c.objc; path = KWChangeMatcher.m; sourceTree = "<group>"; };
		5B1F48391768508300A76C98 /* KWConformToProtocolMatcher.h */ = {isa = PBXFileReference; fileEncoding = 4; lastKnownFileType = sourcecode.c.h; path = KWConformToProtocolMatcher.h; sourceTree = "<group>"; };
		5B1F483A1768508300A76C98 /* KWConformToProtocolMatcher.m */ = {isa = PBXFileReference; fileEncoding = 4; lastKnownFileType = sourcecode.c.objc; path = KWConformToProtocolMatcher.m; sourceTree = "<group>"; };
		5B1F483B1768508300A76C98 /* KWContainMatcher.h */ = {isa = PBXFileReference; fileEncoding = 4; lastKnownFileType = sourcecode.c.h; path = KWContainMatcher.h; sourceTree = "<group>"; };
		5B1F483C1768508300A76C98 /* KWContainMatcher.m */ = {isa = PBXFileReference; fileEncoding = 4; lastKnownFileType = sourcecode.c.objc; path = KWContainMatcher.m; sourceTree = "<group>"; };
		5B1F483D1768508300A76C98 /* KWContainStringMatcher.h */ = {isa = PBXFileReference; fileEncoding = 4; lastKnownFileType = sourcecode.c.h; path = KWContainStringMatcher.h; sourceTree = "<group>"; };
		5B1F483E1768508300A76C98 /* KWContainStringMatcher.m */ = {isa = PBXFileReference; fileEncoding = 4; lastKnownFileType = sourcecode.c.objc; path = KWContainStringMatcher.m; sourceTree = "<group>"; };
		5B1F483F1768508300A76C98 /* KWContextNode.h */ = {isa = PBXFileReference; fileEncoding = 4; lastKnownFileType = sourcecode.c.h; path = KWContextNode.h; sourceTree = "<group>"; };
		5B1F48401768508300A76C98 /* KWContextNode.m */ = {isa = PBXFileReference; fileEncoding = 4; lastKnownFileType = sourcecode.c.objc; path = KWContextNode.m; sourceTree = "<group>"; };
		5B1F48411768508300A76C98 /* KWCountType.h */ = {isa = PBXFileReference; fileEncoding = 4; lastKnownFileType = sourcecode.c.h; path = KWCountType.h; sourceTree = "<group>"; };
		5B1F48421768508300A76C98 /* KWDeviceInfo.h */ = {isa = PBXFileReference; fileEncoding = 4; lastKnownFileType = sourcecode.c.h; path = KWDeviceInfo.h; sourceTree = "<group>"; };
		5B1F48431768508300A76C98 /* KWDeviceInfo.m */ = {isa = PBXFileReference; fileEncoding = 4; lastKnownFileType = sourcecode.c.objc; path = KWDeviceInfo.m; sourceTree = "<group>"; };
		5B1F48441768508300A76C98 /* KWEqualMatcher.h */ = {isa = PBXFileReference; fileEncoding = 4; lastKnownFileType = sourcecode.c.h; path = KWEqualMatcher.h; sourceTree = "<group>"; };
		5B1F48451768508300A76C98 /* KWEqualMatcher.m */ = {isa = PBXFileReference; fileEncoding = 4; lastKnownFileType = sourcecode.c.objc; path = KWEqualMatcher.m; sourceTree = "<group>"; };
		5B1F48461768508300A76C98 /* KWExample.h */ = {isa = PBXFileReference; fileEncoding = 4; lastKnownFileType = sourcecode.c.h; path = KWExample.h; sourceTree = "<group>"; };
		5B1F48471768508300A76C98 /* KWExample.m */ = {isa = PBXFileReference; fileEncoding = 4; lastKnownFileType = sourcecode.c.objc; path = KWExample.m; sourceTree = "<group>"; };
		5B1F48481768508300A76C98 /* KWExampleGroupBuilder.h */ = {isa = PBXFileReference; fileEncoding = 4; lastKnownFileType = sourcecode.c.h; path = KWExampleGroupBuilder.h; sourceTree = "<group>"; };
		5B1F48491768508300A76C98 /* KWExampleGroupBuilder.m */ = {isa = PBXFileReference; fileEncoding = 4; lastKnownFileType = sourcecode.c.objc; path = KWExampleGroupBuilder.m; sourceTree = "<group>"; };
		5B1F484A1768508300A76C98 /* KWExampleGroupDelegate.h */ = {isa = PBXFileReference; fileEncoding = 4; lastKnownFileType = sourcecode.c.h; path = KWExampleGroupDelegate.h; sourceTree = "<group>"; };
		5B1F484B1768508300A76C98 /* KWExampleNode.h */ = {isa = PBXFileReference; fileEncoding = 4; lastKnownFileType = sourcecode.c.h; path = KWExampleNode.h; sourceTree = "<group>"; };
		5B1F484C1768508300A76C98 /* KWExampleNodeVisitor.h */ = {isa = PBXFileReference; fileEncoding = 4; lastKnownFileType = sourcecode.c.h; path = KWExampleNodeVisitor.h; sourceTree = "<group>"; };
		5B1F484D1768508400A76C98 /* KWExampleSuite.h */ = {isa = PBXFileReference; fileEncoding = 4; lastKnownFileType = sourcecode.c.h; path = KWExampleSuite.h; sourceTree = "<group>"; };
		5B1F484E1768508400A76C98 /* KWExampleSuite.m */ = {isa = PBXFileReference; fileEncoding = 4; lastKnownFileType = sourcecode.c.objc; path = KWExampleSuite.m; sourceTree = "<group>"; };
		5B1F484F1768508400A76C98 /* KWExistVerifier.h */ = {isa = PBXFileReference; fileEncoding = 4; lastKnownFileType = sourcecode.c.h; path = KWExistVerifier.h; sourceTree = "<group>"; };
		5B1F48501768508400A76C98 /* KWExistVerifier.m */ = {isa = PBXFileReference; fileEncoding = 4; lastKnownFileType = sourcecode.c.objc; path = KWExistVerifier.m; sourceTree = "<group>"; };
		5B1F48511768508400A76C98 /* KWExpectationType.h */ = {isa = PBXFileReference; fileEncoding = 4; lastKnownFileType = sourcecode.c.h; path = KWExpectationType.h; sourceTree = "<group>"; };
		5B1F48521768508400A76C98 /* KWFailure.h */ = {isa = PBXFileReference; fileEncoding = 4; lastKnownFileType = sourcecode.c.h; path = KWFailure.h; sourceTree = "<group>"; };
		5B1F48531768508400A76C98 /* KWFailure.m */ = {isa = PBXFileReference; fileEncoding = 4; lastKnownFileType = sourcecode.c.objc; path = KWFailure.m; sourceTree = "<group>"; };
		5B1F48541768508400A76C98 /* KWFormatter.h */ = {isa = PBXFileReference; fileEncoding = 4; lastKnownFileType = sourcecode.c.h; path = KWFormatter.h; sourceTree = "<group>"; };
		5B1F48551768508400A76C98 /* KWFormatter.m */ = {isa = PBXFileReference; fileEncoding = 4; lastKnownFileType = sourcecode.c.objc; path = KWFormatter.m; sourceTree = "<group>"; };
		5B1F48561768508400A76C98 /* KWFutureObject.h */ = {isa = PBXFileReference; fileEncoding = 4; lastKnownFileType = sourcecode.c.h; path = KWFutureObject.h; sourceTree = "<group>"; };
		5B1F48571768508400A76C98 /* KWFutureObject.m */ = {isa = PBXFileReference; fileEncoding = 4; lastKnownFileType = sourcecode.c.objc; path = KWFutureObject.m; sourceTree = "<group>"; };
		5B1F48581768508400A76C98 /* KWGenericMatcher.h */ = {isa = PBXFileReference; fileEncoding = 4; lastKnownFileType = sourcecode.c.h; path = KWGenericMatcher.h; sourceTree = "<group>"; };
		5B1F48591768508400A76C98 /* KWGenericMatcher.m */ = {isa = PBXFileReference; fileEncoding = 4; lastKnownFileType = sourcecode.c.objc; path = KWGenericMatcher.m; sourceTree = "<group>"; };
		5B1F485A1768508400A76C98 /* KWGenericMatchEvaluator.h */ = {isa = PBXFileReference; fileEncoding = 4; lastKnownFileType = sourcecode.c.h; path = KWGenericMatchEvaluator.h; sourceTree = "<group>"; };
		5B1F485B1768508400A76C98 /* KWGenericMatchEvaluator.m */ = {isa = PBXFileReference; fileEncoding = 4; lastKnownFileType = sourcecode.c.objc; path = KWGenericMatchEvaluator.m; sourceTree = "<group>"; };
		5B1F485C1768508400A76C98 /* KWGenericMatchingAdditions.h */ = {isa = PBXFileReference; fileEncoding = 4; lastKnownFileType = sourcecode.c.h; path = KWGenericMatchingAdditions.h; sourceTree = "<group>"; };
		5B1F485D1768508400A76C98 /* KWGenericMatchingAdditions.m */ = {isa = PBXFileReference; fileEncoding = 4; lastKnownFileType = sourcecode.c.objc; path = KWGenericMatchingAdditions.m; sourceTree = "<group>"; };
		5B1F485E1768508400A76C98 /* KWHaveMatcher.h */ = {isa = PBXFileReference; fileEncoding = 4; lastKnownFileType = sourcecode.c.h; path = KWHaveMatcher.h; sourceTree = "<group>"; };
		5B1F485F1768508400A76C98 /* KWHaveMatcher.m */ = {isa = PBXFileReference; fileEncoding = 4; lastKnownFileType = sourcecode.c.objc; path = KWHaveMatcher.m; sourceTree = "<group>"; };
		5B1F48601768508400A76C98 /* KWHaveValueMatcher.h */ = {isa = PBXFileReference; fileEncoding = 4; lastKnownFileType = sourcecode.c.h; path = KWHaveValueMatcher.h; sourceTree = "<group>"; };
		5B1F48611768508400A76C98 /* KWHaveValueMatcher.m */ = {isa = PBXFileReference; fileEncoding = 4; lastKnownFileType = sourcecode.c.objc; path = KWHaveValueMatcher.m; sourceTree = "<group>"; };
		5B1F48621768508400A76C98 /* KWInequalityMatcher.h */ = {isa = PBXFileReference; fileEncoding = 4; lastKnownFileType = sourcecode.c.h; path = KWInequalityMatcher.h; sourceTree = "<group>"; };
		5B1F48631768508400A76C98 /* KWInequalityMatcher.m */ = {isa = PBXFileReference; fileEncoding = 4; lastKnownFileType = sourcecode.c.objc; path = KWInequalityMatcher.m; sourceTree = "<group>"; };
		5B1F48641768508400A76C98 /* KWIntercept.h */ = {isa = PBXFileReference; fileEncoding = 4; lastKnownFileType = sourcecode.c.h; path = KWIntercept.h; sourceTree = "<group>"; };
		5B1F48651768508400A76C98 /* KWIntercept.m */ = {isa = PBXFileReference; fileEncoding = 4; lastKnownFileType = sourcecode.c.objc; path = KWIntercept.m; sourceTree = "<group>"; };
		5B1F48661768508400A76C98 /* KWInvocationCapturer.h */ = {isa = PBXFileReference; fileEncoding = 4; lastKnownFileType = sourcecode.c.h; path = KWInvocationCapturer.h; sourceTree = "<group>"; };
		5B1F48671768508400A76C98 /* KWInvocationCapturer.m */ = {isa = PBXFileReference; fileEncoding = 4; lastKnownFileType = sourcecode.c.objc; path = KWInvocationCapturer.m; sourceTree = "<group>"; };
		5B1F48681768508400A76C98 /* KWItNode.h */ = {isa = PBXFileReference; fileEncoding = 4; lastKnownFileType = sourcecode.c.h; path = KWItNode.h; sourceTree = "<group>"; };
		5B1F48691768508400A76C98 /* KWItNode.m */ = {isa = PBXFileReference; fileEncoding = 4; lastKnownFileType = sourcecode.c.objc; path = KWItNode.m; sourceTree = "<group>"; };
		5B1F486A1768508400A76C98 /* KWMatcher.h */ = {isa = PBXFileReference; fileEncoding = 4; lastKnownFileType = sourcecode.c.h; path = KWMatcher.h; sourceTree = "<group>"; };
		5B1F486B1768508400A76C98 /* KWMatcher.m */ = {isa = PBXFileReference; fileEncoding = 4; lastKnownFileType = sourcecode.c.objc; path = KWMatcher.m; sourceTree = "<group>"; };
		5B1F486C1768508400A76C98 /* KWMatcherFactory.h */ = {isa = PBXFileReference; fileEncoding = 4; lastKnownFileType = sourcecode.c.h; path = KWMatcherFactory.h; sourceTree = "<group>"; };
		5B1F486D1768508400A76C98 /* KWMatcherFactory.m */ = {isa = PBXFileReference; fileEncoding = 4; lastKnownFileType = sourcecode.c.objc; path = KWMatcherFactory.m; sourceTree = "<group>"; };
		5B1F486E1768508400A76C98 /* KWMatchers.h */ = {isa = PBXFileReference; fileEncoding = 4; lastKnownFileType = sourcecode.c.h; path = KWMatchers.h; sourceTree = "<group>"; };
		5B1F486F1768508400A76C98 /* KWMatchers.m */ = {isa = PBXFileReference; fileEncoding = 4; lastKnownFileType = sourcecode.c.objc; path = KWMatchers.m; sourceTree = "<group>"; };
		5B1F48701768508400A76C98 /* KWMatching.h */ = {isa = PBXFileReference; fileEncoding = 4; lastKnownFileType = sourcecode.c.h; path = KWMatching.h; sourceTree = "<group>"; };
		5B1F48711768508400A76C98 /* KWMatchVerifier.h */ = {isa = PBXFileReference; fileEncoding = 4; lastKnownFileType = sourcecode.c.h; path = KWMatchVerifier.h; sourceTree = "<group>"; };
		5B1F48721768508400A76C98 /* KWMatchVerifier.m */ = {isa = PBXFileReference; fileEncoding = 4; lastKnownFileType = sourcecode.c.objc; path = KWMatchVerifier.m; sourceTree = "<group>"; };
		5B1F48731768508400A76C98 /* KWMessagePattern.h */ = {isa = PBXFileReference; fileEncoding = 4; lastKnownFileType = sourcecode.c.h; path = KWMessagePattern.h; sourceTree = "<group>"; };
		5B1F48741768508400A76C98 /* KWMessagePattern.m */ = {isa = PBXFileReference; fileEncoding = 4; lastKnownFileType = sourcecode.c.objc; path = KWMessagePattern.m; sourceTree = "<group>"; };
		5B1F48751768508400A76C98 /* KWMessageSpying.h */ = {isa = PBXFileReference; fileEncoding = 4; lastKnownFileType = sourcecode.c.h; path = KWMessageSpying.h; sourceTree = "<group>"; };
		5B1F48761768508400A76C98 /* KWMessageTracker.h */ = {isa = PBXFileReference; fileEncoding = 4; lastKnownFileType = sourcecode.c.h; path = KWMessageTracker.h; sourceTree = "<group>"; };
		5B1F48771768508400A76C98 /* KWMessageTracker.m */ = {isa = PBXFileReference; fileEncoding = 4; lastKnownFileType = sourcecode.c.objc; path = KWMessageTracker.m; sourceTree = "<group>"; };
		5B1F48781768508400A76C98 /* KWMock.h */ = {isa = PBXFileReference; fileEncoding = 4; lastKnownFileType = sourcecode.c.h; path = KWMock.h; sourceTree = "<group>"; };
		5B1F48791768508400A76C98 /* KWMock.m */ = {isa = PBXFileReference; fileEncoding = 4; lastKnownFileType = sourcecode.c.objc; path = KWMock.m; sourceTree = "<group>"; };
		5B1F487A1768508400A76C98 /* KWNull.h */ = {isa = PBXFileReference; fileEncoding = 4; lastKnownFileType = sourcecode.c.h; path = KWNull.h; sourceTree = "<group>"; };
		5B1F487B1768508400A76C98 /* KWNull.m */ = {isa = PBXFileReference; fileEncoding = 4; lastKnownFileType = sourcecode.c.objc; path = KWNull.m; sourceTree = "<group>"; };
		5B1F487C1768508400A76C98 /* KWObjCUtilities.h */ = {isa = PBXFileReference; fileEncoding = 4; lastKnownFileType = sourcecode.c.h; path = KWObjCUtilities.h; sourceTree = "<group>"; };
		5B1F487D1768508400A76C98 /* KWObjCUtilities.m */ = {isa = PBXFileReference; fileEncoding = 4; lastKnownFileType = sourcecode.c.objc; path = KWObjCUtilities.m; sourceTree = "<group>"; };
		5B1F487E1768508400A76C98 /* KWPendingNode.h */ = {isa = PBXFileReference; fileEncoding = 4; lastKnownFileType = sourcecode.c.h; path = KWPendingNode.h; sourceTree = "<group>"; };
		5B1F487F1768508400A76C98 /* KWPendingNode.m */ = {isa = PBXFileReference; fileEncoding = 4; lastKnownFileType = sourcecode.c.objc; path = KWPendingNode.m; sourceTree = "<group>"; };
		5B1F48801768508400A76C98 /* KWProbe.h */ = {isa = PBXFileReference; fileEncoding = 4; lastKnownFileType = sourcecode.c.h; path = KWProbe.h; sourceTree = "<group>"; };
		5B1F48811768508400A76C98 /* KWProbePoller.h */ = {isa = PBXFileReference; fileEncoding = 4; lastKnownFileType = sourcecode.c.h; path = KWProbePoller.h; sourceTree = "<group>"; };
		5B1F48821768508400A76C98 /* KWProbePoller.m */ = {isa = PBXFileReference; fileEncoding = 4; lastKnownFileType = sourcecode.c.objc; path = KWProbePoller.m; sourceTree = "<group>"; };
		5B1F48831768508400A76C98 /* KWRaiseMatcher.h */ = {isa = PBXFileReference; fileEncoding = 4; lastKnownFileType = sourcecode.c.h; path = KWRaiseMatcher.h; sourceTree = "<group>"; };
		5B1F48841768508400A76C98 /* KWRaiseMatcher.m */ = {isa = PBXFileReference; fileEncoding = 4; lastKnownFileType = sourcecode.c.objc; path = KWRaiseMatcher.m; sourceTree = "<group>"; };
		5B1F48851768508400A76C98 /* KWReceiveMatcher.h */ = {isa = PBXFileReference; fileEncoding = 4; lastKnownFileType = sourcecode.c.h; path = KWReceiveMatcher.h; sourceTree = "<group>"; };
		5B1F48861768508400A76C98 /* KWReceiveMatcher.m */ = {isa = PBXFileReference; fileEncoding = 4; lastKnownFileType = sourcecode.c.objc; path = KWReceiveMatcher.m; sourceTree = "<group>"; };
		5B1F48871768508400A76C98 /* KWRegisterMatchersNode.h */ = {isa = PBXFileReference; fileEncoding = 4; lastKnownFileType = sourcecode.c.h; path = KWRegisterMatchersNode.h; sourceTree = "<group>"; };
		5B1F48881768508400A76C98 /* KWRegisterMatchersNode.m */ = {isa = PBXFileReference; fileEncoding = 4; lastKnownFileType = sourcecode.c.objc; path = KWRegisterMatchersNode.m; sourceTree = "<group>"; };
		5B1F48891768508400A76C98 /* KWRegularExpressionPatternMatcher.h */ = {isa = PBXFileReference; fileEncoding = 4; lastKnownFileType = sourcecode.c.h; path = KWRegularExpressionPatternMatcher.h; sourceTree = "<group>"; };
		5B1F488A1768508400A76C98 /* KWRegularExpressionPatternMatcher.m */ = {isa = PBXFileReference; fileEncoding = 4; lastKnownFileType = sourcecode.c.objc; path = KWRegularExpressionPatternMatcher.m; sourceTree = "<group>"; };
		5B1F488B1768508400A76C98 /* KWReporting.h */ = {isa = PBXFileReference; fileEncoding = 4; lastKnownFileType = sourcecode.c.h; path = KWReporting.h; sourceTree = "<group>"; };
		5B1F488C1768508400A76C98 /* KWRespondToSelectorMatcher.h */ = {isa = PBXFileReference; fileEncoding = 4; lastKnownFileType = sourcecode.c.h; path = KWRespondToSelectorMatcher.h; sourceTree = "<group>"; };
		5B1F488D1768508400A76C98 /* KWRespondToSelectorMatcher.m */ = {isa = PBXFileReference; fileEncoding = 4; lastKnownFileType = sourcecode.c.objc; path = KWRespondToSelectorMatcher.m; sourceTree = "<group>"; };
		5B1F488E1768508400A76C98 /* KWSpec.h */ = {isa = PBXFileReference; fileEncoding = 4; lastKnownFileType = sourcecode.c.h; path = KWSpec.h; sourceTree = "<group>"; };
		5B1F488F1768508400A76C98 /* KWSpec.m */ = {isa = PBXFileReference; fileEncoding = 4; lastKnownFileType = sourcecode.c.objc; path = KWSpec.m; sourceTree = "<group>"; };
		5B1F48901768508400A76C98 /* KWStringContainsMatcher.h */ = {isa = PBXFileReference; fileEncoding = 4; lastKnownFileType = sourcecode.c.h; path = KWStringContainsMatcher.h; sourceTree = "<group>"; };
		5B1F48911768508400A76C98 /* KWStringContainsMatcher.m */ = {isa = PBXFileReference; fileEncoding = 4; lastKnownFileType = sourcecode.c.objc; path = KWStringContainsMatcher.m; sourceTree = "<group>"; };
		5B1F48921768508400A76C98 /* KWStringPrefixMatcher.h */ = {isa = PBXFileReference; fileEncoding = 4; lastKnownFileType = sourcecode.c.h; path = KWStringPrefixMatcher.h; sourceTree = "<group>"; };
		5B1F48931768508400A76C98 /* KWStringPrefixMatcher.m */ = {isa = PBXFileReference; fileEncoding = 4; lastKnownFileType = sourcecode.c.objc; path = KWStringPrefixMatcher.m; sourceTree = "<group>"; };
		5B1F48941768508400A76C98 /* KWStringUtilities.h */ = {isa = PBXFileReference; fileEncoding = 4; lastKnownFileType = sourcecode.c.h; path = KWStringUtilities.h; sourceTree = "<group>"; };
		5B1F48951768508400A76C98 /* KWStringUtilities.m */ = {isa = PBXFileReference; fileEncoding = 4; lastKnownFileType = sourcecode.c.objc; path = KWStringUtilities.m; sourceTree = "<group>"; };
		5B1F48961768508400A76C98 /* KWStub.h */ = {isa = PBXFileReference; fileEncoding = 4; lastKnownFileType = sourcecode.c.h; path = KWStub.h; sourceTree = "<group>"; };
		5B1F48971768508400A76C98 /* KWStub.m */ = {isa = PBXFileReference; fileEncoding = 4; lastKnownFileType = sourcecode.c.objc; path = KWStub.m; sourceTree = "<group>"; };
		5B1F48981768508400A76C98 /* KWSymbolicator.h */ = {isa = PBXFileReference; fileEncoding = 4; lastKnownFileType = sourcecode.c.h; path = KWSymbolicator.h; sourceTree = "<group>"; };
		5B1F48991768508400A76C98 /* KWSymbolicator.m */ = {isa = PBXFileReference; fileEncoding = 4; lastKnownFileType = sourcecode.c.objc; path = KWSymbolicator.m; sourceTree = "<group>"; };
		5B1F489A1768508400A76C98 /* KWTestCase.h */ = {isa = PBXFileReference; fileEncoding = 4; lastKnownFileType = sourcecode.c.h; path = KWTestCase.h; sourceTree = "<group>"; };
		5B1F489B1768508400A76C98 /* KWTestCase.m */ = {isa = PBXFileReference; fileEncoding = 4; lastKnownFileType = sourcecode.c.objc; path = KWTestCase.m; sourceTree = "<group>"; };
		5B1F489C1768508400A76C98 /* KWUserDefinedMatcher.h */ = {isa = PBXFileReference; fileEncoding = 4; lastKnownFileType = sourcecode.c.h; path = KWUserDefinedMatcher.h; sourceTree = "<group>"; };
		5B1F489D1768508400A76C98 /* KWUserDefinedMatcher.m */ = {isa = PBXFileReference; fileEncoding = 4; lastKnownFileType = sourcecode.c.objc; path = KWUserDefinedMatcher.m; sourceTree = "<group>"; };
		5B1F489E1768508400A76C98 /* KWValue.h */ = {isa = PBXFileReference; fileEncoding = 4; lastKnownFileType = sourcecode.c.h; path = KWValue.h; sourceTree = "<group>"; };
		5B1F489F1768508400A76C98 /* KWValue.m */ = {isa = PBXFileReference; fileEncoding = 4; lastKnownFileType = sourcecode.c.objc; path = KWValue.m; sourceTree = "<group>"; };
		5B1F48A01768508400A76C98 /* KWVerifying.h */ = {isa = PBXFileReference; fileEncoding = 4; lastKnownFileType = sourcecode.c.h; path = KWVerifying.h; sourceTree = "<group>"; };
		5B1F48A11768508400A76C98 /* KWWorkarounds.h */ = {isa = PBXFileReference; fileEncoding = 4; lastKnownFileType = sourcecode.c.h; path = KWWorkarounds.h; sourceTree = "<group>"; };
		5B1F48A21768508400A76C98 /* KWWorkarounds.m */ = {isa = PBXFileReference; fileEncoding = 4; lastKnownFileType = sourcecode.c.objc; path = KWWorkarounds.m; sourceTree = "<group>"; };
		5B1F48A31768508400A76C98 /* NSInvocation+KiwiAdditions.h */ = {isa = PBXFileReference; fileEncoding = 4; lastKnownFileType = sourcecode.c.h; path = "NSInvocation+KiwiAdditions.h"; sourceTree = "<group>"; };
		5B1F48A41768508400A76C98 /* NSInvocation+KiwiAdditions.m */ = {isa = PBXFileReference; fileEncoding = 4; lastKnownFileType = sourcecode.c.objc; path = "NSInvocation+KiwiAdditions.m"; sourceTree = "<group>"; };
		5B1F48A51768508400A76C98 /* NSInvocation+OCMAdditions.h */ = {isa = PBXFileReference; fileEncoding = 4; lastKnownFileType = sourcecode.c.h; path = "NSInvocation+OCMAdditions.h"; sourceTree = "<group>"; };
		5B1F48A61768508400A76C98 /* NSInvocation+OCMAdditions.m */ = {isa = PBXFileReference; fileEncoding = 4; lastKnownFileType = sourcecode.c.objc; path = "NSInvocation+OCMAdditions.m"; sourceTree = "<group>"; };
		5B1F48A71768508400A76C98 /* NSMethodSignature+KiwiAdditions.h */ = {isa = PBXFileReference; fileEncoding = 4; lastKnownFileType = sourcecode.c.h; path = "NSMethodSignature+KiwiAdditions.h"; sourceTree = "<group>"; };
		5B1F48A81768508400A76C98 /* NSMethodSignature+KiwiAdditions.m */ = {isa = PBXFileReference; fileEncoding = 4; lastKnownFileType = sourcecode.c.objc; path = "NSMethodSignature+KiwiAdditions.m"; sourceTree = "<group>"; };
		5B1F48A91768508400A76C98 /* NSNumber+KiwiAdditions.h */ = {isa = PBXFileReference; fileEncoding = 4; lastKnownFileType = sourcecode.c.h; path = "NSNumber+KiwiAdditions.h"; sourceTree = "<group>"; };
		5B1F48AA1768508400A76C98 /* NSNumber+KiwiAdditions.m */ = {isa = PBXFileReference; fileEncoding = 4; lastKnownFileType = sourcecode.c.objc; path = "NSNumber+KiwiAdditions.m"; sourceTree = "<group>"; };
		5B1F48AB1768508400A76C98 /* NSObject+KiwiMockAdditions.h */ = {isa = PBXFileReference; fileEncoding = 4; lastKnownFileType = sourcecode.c.h; path = "NSObject+KiwiMockAdditions.h"; sourceTree = "<group>"; };
		5B1F48AC1768508400A76C98 /* NSObject+KiwiMockAdditions.m */ = {isa = PBXFileReference; fileEncoding = 4; lastKnownFileType = sourcecode.c.objc; path = "NSObject+KiwiMockAdditions.m"; sourceTree = "<group>"; };
		5B1F48AD1768508400A76C98 /* NSObject+KiwiSpyAdditions.h */ = {isa = PBXFileReference; fileEncoding = 4; lastKnownFileType = sourcecode.c.h; path = "NSObject+KiwiSpyAdditions.h"; sourceTree = "<group>"; };
		5B1F48AE1768508400A76C98 /* NSObject+KiwiSpyAdditions.m */ = {isa = PBXFileReference; fileEncoding = 4; lastKnownFileType = sourcecode.c.objc; path = "NSObject+KiwiSpyAdditions.m"; sourceTree = "<group>"; };
		5B1F48AF1768508400A76C98 /* NSObject+KiwiStubAdditions.h */ = {isa = PBXFileReference; fileEncoding = 4; lastKnownFileType = sourcecode.c.h; path = "NSObject+KiwiStubAdditions.h"; sourceTree = "<group>"; };
		5B1F48B01768508400A76C98 /* NSObject+KiwiStubAdditions.m */ = {isa = PBXFileReference; fileEncoding = 4; lastKnownFileType = sourcecode.c.objc; path = "NSObject+KiwiStubAdditions.m"; sourceTree = "<group>"; };
		5B1F48B11768508400A76C98 /* NSObject+KiwiVerifierAdditions.h */ = {isa = PBXFileReference; fileEncoding = 4; lastKnownFileType = sourcecode.c.h; path = "NSObject+KiwiVerifierAdditions.h"; sourceTree = "<group>"; };
		5B1F48B21768508400A76C98 /* NSObject+KiwiVerifierAdditions.m */ = {isa = PBXFileReference; fileEncoding = 4; lastKnownFileType = sourcecode.c.objc; path = "NSObject+KiwiVerifierAdditions.m"; sourceTree = "<group>"; };
		5B1F48B31768508400A76C98 /* NSProxy+KiwiVerifierAdditions.h */ = {isa = PBXFileReference; fileEncoding = 4; lastKnownFileType = sourcecode.c.h; path = "NSProxy+KiwiVerifierAdditions.h"; sourceTree = "<group>"; };
		5B1F48B41768508400A76C98 /* NSProxy+KiwiVerifierAdditions.m */ = {isa = PBXFileReference; fileEncoding = 4; lastKnownFileType = sourcecode.c.objc; path = "NSProxy+KiwiVerifierAdditions.m"; sourceTree = "<group>"; };
		5B1F48B51768508400A76C98 /* NSValue+KiwiAdditions.h */ = {isa = PBXFileReference; fileEncoding = 4; lastKnownFileType = sourcecode.c.h; path = "NSValue+KiwiAdditions.h"; sourceTree = "<group>"; };
		5B1F48B61768508400A76C98 /* NSValue+KiwiAdditions.m */ = {isa = PBXFileReference; fileEncoding = 4; lastKnownFileType = sourcecode.c.objc; path = "NSValue+KiwiAdditions.m"; sourceTree = "<group>"; };
		5B1F48B71768508400A76C98 /* SenTestSuite+KiwiAdditions.h */ = {isa = PBXFileReference; fileEncoding = 4; lastKnownFileType = sourcecode.c.h; path = "SenTestSuite+KiwiAdditions.h"; sourceTree = "<group>"; };
		5B1F48B81768508400A76C98 /* SenTestSuite+KiwiAdditions.m */ = {isa = PBXFileReference; fileEncoding = 4; lastKnownFileType = sourcecode.c.objc; path = "SenTestSuite+KiwiAdditions.m"; sourceTree = "<group>"; };
		5B1F4909176850B000A76C98 /* libsqlite3.0.dylib */ = {isa = PBXFileReference; lastKnownFileType = "compiled.mach-o.dylib"; name = libsqlite3.0.dylib; path = usr/lib/libsqlite3.0.dylib; sourceTree = SDKROOT; };
		5B1F490A176850B000A76C98 /* libsqlite3.dylib */ = {isa = PBXFileReference; lastKnownFileType = "compiled.mach-o.dylib"; name = libsqlite3.dylib; path = usr/lib/libsqlite3.dylib; sourceTree = SDKROOT; };
		5B1F490D1768514500A76C98 /* BankAccountEntity.h */ = {isa = PBXFileReference; fileEncoding = 4; lastKnownFileType = sourcecode.c.h; path = BankAccountEntity.h; sourceTree = "<group>"; };
		5B1F490E1768514500A76C98 /* BankAccountEntity.m */ = {isa = PBXFileReference; fileEncoding = 4; lastKnownFileType = sourcecode.c.objc; path = BankAccountEntity.m; sourceTree = "<group>"; };
		5B1F49101768517400A76C98 /* BankAccountDAO.h */ = {isa = PBXFileReference; fileEncoding = 4; lastKnownFileType = sourcecode.c.h; path = BankAccountDAO.h; sourceTree = "<group>"; };
		5B1F49111768517400A76C98 /* BankAccountDAO.m */ = {isa = PBXFileReference; fileEncoding = 4; lastKnownFileType = sourcecode.c.objc; path = BankAccountDAO.m; sourceTree = "<group>"; };
		5B1F4913176851B000A76C98 /* BankAccountTestEntity.h */ = {isa = PBXFileReference; fileEncoding = 4; lastKnownFileType = sourcecode.c.h; path = BankAccountTestEntity.h; sourceTree = "<group>"; };
		5B1F4914176851B000A76C98 /* BankAccountTestEntity.m */ = {isa = PBXFileReference; fileEncoding = 4; lastKnownFileType = sourcecode.c.objc; path = BankAccountTestEntity.m; sourceTree = "<group>"; };
		5B1F4916176851BD00A76C98 /* BankAccountTestDAO.h */ = {isa = PBXFileReference; fileEncoding = 4; lastKnownFileType = sourcecode.c.h; path = BankAccountTestDAO.h; sourceTree = "<group>"; };
		5B1F4917176851BD00A76C98 /* BankAccountTestDAO.m */ = {isa = PBXFileReference; fileEncoding = 4; lastKnownFileType = sourcecode.c.objc; path = BankAccountTestDAO.m; sourceTree = "<group>"; };
/* End PBXFileReference section */

/* Begin PBXFrameworksBuildPhase section */
		5B1F47B91768501F00A76C98 /* Frameworks */ = {
			isa = PBXFrameworksBuildPhase;
			buildActionMask = 2147483647;
			files = (
				5B1F490B176850B000A76C98 /* libsqlite3.0.dylib in Frameworks */,
				5B1F490C176850B000A76C98 /* libsqlite3.dylib in Frameworks */,
				5B1F47C01768501F00A76C98 /* UIKit.framework in Frameworks */,
				5B1F47C21768501F00A76C98 /* Foundation.framework in Frameworks */,
				5B1F47C41768501F00A76C98 /* CoreGraphics.framework in Frameworks */,
			);
			runOnlyForDeploymentPostprocessing = 0;
		};
		5B1F47DE1768501F00A76C98 /* Frameworks */ = {
			isa = PBXFrameworksBuildPhase;
			buildActionMask = 2147483647;
			files = (
				5B1F47E41768501F00A76C98 /* SenTestingKit.framework in Frameworks */,
				5B1F47E51768501F00A76C98 /* UIKit.framework in Frameworks */,
				5B1F47E61768501F00A76C98 /* Foundation.framework in Frameworks */,
			);
			runOnlyForDeploymentPostprocessing = 0;
		};
/* End PBXFrameworksBuildPhase section */

/* Begin PBXGroup section */
		5B1F47B31768501E00A76C98 = {
			isa = PBXGroup;
			children = (
				5B1F47C51768501F00A76C98 /* BankAccount */,
				5B1F47E91768501F00A76C98 /* BankAccountTests */,
				5B1F47BE1768501F00A76C98 /* Frameworks */,
				5B1F47BD1768501F00A76C98 /* Products */,
			);
			sourceTree = "<group>";
		};
		5B1F47BD1768501F00A76C98 /* Products */ = {
			isa = PBXGroup;
			children = (
				5B1F47BC1768501F00A76C98 /* BankAccount.app */,
				5B1F47E21768501F00A76C98 /* BankAccountTests.octest */,
			);
			name = Products;
			sourceTree = "<group>";
		};
		5B1F47BE1768501F00A76C98 /* Frameworks */ = {
			isa = PBXGroup;
			children = (
				5B1F4909176850B000A76C98 /* libsqlite3.0.dylib */,
				5B1F490A176850B000A76C98 /* libsqlite3.dylib */,
				5B1F47BF1768501F00A76C98 /* UIKit.framework */,
				5B1F47C11768501F00A76C98 /* Foundation.framework */,
				5B1F47C31768501F00A76C98 /* CoreGraphics.framework */,
				5B1F47E31768501F00A76C98 /* SenTestingKit.framework */,
			);
			name = Frameworks;
			sourceTree = "<group>";
		};
		5B1F47C51768501F00A76C98 /* BankAccount */ = {
			isa = PBXGroup;
			children = (
				5B1F47FA1768502E00A76C98 /* fmDB */,
				5B1F47CE1768501F00A76C98 /* BankAccountAppDelegate.h */,
				5B1F47CF1768501F00A76C98 /* BankAccountAppDelegate.m */,
				5B1F47D71768501F00A76C98 /* BankAccountViewController.h */,
				5B1F47D81768501F00A76C98 /* BankAccountViewController.m */,
				5B1F47DA1768501F00A76C98 /* BankAccountViewController.xib */,
				5B1F47C61768501F00A76C98 /* Supporting Files */,
				5B1F490D1768514500A76C98 /* BankAccountEntity.h */,
				5B1F490E1768514500A76C98 /* BankAccountEntity.m */,
				5B1F49101768517400A76C98 /* BankAccountDAO.h */,
				5B1F49111768517400A76C98 /* BankAccountDAO.m */,
			);
			path = BankAccount;
			sourceTree = "<group>";
		};
		5B1F47C61768501F00A76C98 /* Supporting Files */ = {
			isa = PBXGroup;
			children = (
				5B1F47C71768501F00A76C98 /* BankAccount-Info.plist */,
				5B1F47C81768501F00A76C98 /* InfoPlist.strings */,
				5B1F47CB1768501F00A76C98 /* main.m */,
				5B1F47CD1768501F00A76C98 /* BankAccount-Prefix.pch */,
				5B1F47D11768501F00A76C98 /* Default.png */,
				5B1F47D31768501F00A76C98 /* Default@2x.png */,
				5B1F47D51768501F00A76C98 /* Default-568h@2x.png */,
			);
			name = "Supporting Files";
			sourceTree = "<group>";
		};
		5B1F47E91768501F00A76C98 /* BankAccountTests */ = {
			isa = PBXGroup;
			children = (
				5B1F480A1768506600A76C98 /* kiwi */,
				5B1F47EF1768501F00A76C98 /* BankAccountTests.h */,
				5B1F47F01768501F00A76C98 /* BankAccountTests.m */,
				5B1F47EA1768501F00A76C98 /* Supporting Files */,
				5B1F4913176851B000A76C98 /* BankAccountTestEntity.h */,
				5B1F4914176851B000A76C98 /* BankAccountTestEntity.m */,
				5B1F4916176851BD00A76C98 /* BankAccountTestDAO.h */,
				5B1F4917176851BD00A76C98 /* BankAccountTestDAO.m */,
			);
			path = BankAccountTests;
			sourceTree = "<group>";
		};
		5B1F47EA1768501F00A76C98 /* Supporting Files */ = {
			isa = PBXGroup;
			children = (
				5B1F47EB1768501F00A76C98 /* BankAccountTests-Info.plist */,
				5B1F47EC1768501F00A76C98 /* InfoPlist.strings */,
			);
			name = "Supporting Files";
			sourceTree = "<group>";
		};
		5B1F47FA1768502E00A76C98 /* fmDB */ = {
			isa = PBXGroup;
			children = (
				5B1F47FB1768505D00A76C98 /* FMDatabase.h */,
				5B1F47FC1768505D00A76C98 /* FMDatabase.m */,
				5B1F47FD1768505D00A76C98 /* FMDatabaseAdditions.h */,
				5B1F47FE1768505D00A76C98 /* FMDatabaseAdditions.m */,
				5B1F47FF1768505D00A76C98 /* FMDatabasePool.h */,
				5B1F48001768505D00A76C98 /* FMDatabasePool.m */,
				5B1F48011768505D00A76C98 /* FMDatabaseQueue.h */,
				5B1F48021768505D00A76C98 /* FMDatabaseQueue.m */,
				5B1F48031768505D00A76C98 /* FMResultSet.h */,
				5B1F48041768505D00A76C98 /* FMResultSet.m */,
			);
			name = fmDB;
			sourceTree = "<group>";
		};
		5B1F480A1768506600A76C98 /* kiwi */ = {
			isa = PBXGroup;
			children = (
				5B1F480B1768508300A76C98 /* Kiwi.h */,
				5B1F480C1768508300A76C98 /* KiwiBlockMacros.h */,
				5B1F480D1768508300A76C98 /* KiwiConfiguration.h */,
				5B1F480E1768508300A76C98 /* KiwiMacros.h */,
				5B1F480F1768508300A76C98 /* KWAfterAllNode.h */,
				5B1F48101768508300A76C98 /* KWAfterAllNode.m */,
				5B1F48111768508300A76C98 /* KWAfterEachNode.h */,
				5B1F48121768508300A76C98 /* KWAfterEachNode.m */,
				5B1F48131768508300A76C98 /* KWAny.h */,
				5B1F48141768508300A76C98 /* KWAny.m */,
				5B1F48151768508300A76C98 /* KWAsyncVerifier.h */,
				5B1F48161768508300A76C98 /* KWAsyncVerifier.m */,
				5B1F48171768508300A76C98 /* KWBeBetweenMatcher.h */,
				5B1F48181768508300A76C98 /* KWBeBetweenMatcher.m */,
				5B1F48191768508300A76C98 /* KWBeEmptyMatcher.h */,
				5B1F481A1768508300A76C98 /* KWBeEmptyMatcher.m */,
				5B1F481B1768508300A76C98 /* KWBeforeAllNode.h */,
				5B1F481C1768508300A76C98 /* KWBeforeAllNode.m */,
				5B1F481D1768508300A76C98 /* KWBeforeEachNode.h */,
				5B1F481E1768508300A76C98 /* KWBeforeEachNode.m */,
				5B1F481F1768508300A76C98 /* KWBeIdenticalToMatcher.h */,
				5B1F48201768508300A76C98 /* KWBeIdenticalToMatcher.m */,
				5B1F48211768508300A76C98 /* KWBeKindOfClassMatcher.h */,
				5B1F48221768508300A76C98 /* KWBeKindOfClassMatcher.m */,
				5B1F48231768508300A76C98 /* KWBeMemberOfClassMatcher.h */,
				5B1F48241768508300A76C98 /* KWBeMemberOfClassMatcher.m */,
				5B1F48251768508300A76C98 /* KWBeSubclassOfClassMatcher.h */,
				5B1F48261768508300A76C98 /* KWBeSubclassOfClassMatcher.m */,
				5B1F48271768508300A76C98 /* KWBeTrueMatcher.h */,
				5B1F48281768508300A76C98 /* KWBeTrueMatcher.m */,
				5B1F48291768508300A76C98 /* KWBeWithinMatcher.h */,
				5B1F482A1768508300A76C98 /* KWBeWithinMatcher.m */,
				5B1F482B1768508300A76C98 /* KWBeZeroMatcher.h */,
				5B1F482C1768508300A76C98 /* KWBeZeroMatcher.m */,
				5B1F482D1768508300A76C98 /* KWBlock.h */,
				5B1F482E1768508300A76C98 /* KWBlock.m */,
				5B1F482F1768508300A76C98 /* KWBlockNode.h */,
				5B1F48301768508300A76C98 /* KWBlockNode.m */,
				5B1F48311768508300A76C98 /* KWBlockRaiseMatcher.h */,
				5B1F48321768508300A76C98 /* KWBlockRaiseMatcher.m */,
				5B1F48331768508300A76C98 /* KWCallSite.h */,
				5B1F48341768508300A76C98 /* KWCallSite.m */,
				5B1F48351768508300A76C98 /* KWCaptureSpy.h */,
				5B1F48361768508300A76C98 /* KWCaptureSpy.m */,
				5B1F48371768508300A76C98 /* KWChangeMatcher.h */,
				5B1F48381768508300A76C98 /* KWChangeMatcher.m */,
				5B1F48391768508300A76C98 /* KWConformToProtocolMatcher.h */,
				5B1F483A1768508300A76C98 /* KWConformToProtocolMatcher.m */,
				5B1F483B1768508300A76C98 /* KWContainMatcher.h */,
				5B1F483C1768508300A76C98 /* KWContainMatcher.m */,
				5B1F483D1768508300A76C98 /* KWContainStringMatcher.h */,
				5B1F483E1768508300A76C98 /* KWContainStringMatcher.m */,
				5B1F483F1768508300A76C98 /* KWContextNode.h */,
				5B1F48401768508300A76C98 /* KWContextNode.m */,
				5B1F48411768508300A76C98 /* KWCountType.h */,
				5B1F48421768508300A76C98 /* KWDeviceInfo.h */,
				5B1F48431768508300A76C98 /* KWDeviceInfo.m */,
				5B1F48441768508300A76C98 /* KWEqualMatcher.h */,
				5B1F48451768508300A76C98 /* KWEqualMatcher.m */,
				5B1F48461768508300A76C98 /* KWExample.h */,
				5B1F48471768508300A76C98 /* KWExample.m */,
				5B1F48481768508300A76C98 /* KWExampleGroupBuilder.h */,
				5B1F48491768508300A76C98 /* KWExampleGroupBuilder.m */,
				5B1F484A1768508300A76C98 /* KWExampleGroupDelegate.h */,
				5B1F484B1768508300A76C98 /* KWExampleNode.h */,
				5B1F484C1768508300A76C98 /* KWExampleNodeVisitor.h */,
				5B1F484D1768508400A76C98 /* KWExampleSuite.h */,
				5B1F484E1768508400A76C98 /* KWExampleSuite.m */,
				5B1F484F1768508400A76C98 /* KWExistVerifier.h */,
				5B1F48501768508400A76C98 /* KWExistVerifier.m */,
				5B1F48511768508400A76C98 /* KWExpectationType.h */,
				5B1F48521768508400A76C98 /* KWFailure.h */,
				5B1F48531768508400A76C98 /* KWFailure.m */,
				5B1F48541768508400A76C98 /* KWFormatter.h */,
				5B1F48551768508400A76C98 /* KWFormatter.m */,
				5B1F48561768508400A76C98 /* KWFutureObject.h */,
				5B1F48571768508400A76C98 /* KWFutureObject.m */,
				5B1F48581768508400A76C98 /* KWGenericMatcher.h */,
				5B1F48591768508400A76C98 /* KWGenericMatcher.m */,
				5B1F485A1768508400A76C98 /* KWGenericMatchEvaluator.h */,
				5B1F485B1768508400A76C98 /* KWGenericMatchEvaluator.m */,
				5B1F485C1768508400A76C98 /* KWGenericMatchingAdditions.h */,
				5B1F485D1768508400A76C98 /* KWGenericMatchingAdditions.m */,
				5B1F485E1768508400A76C98 /* KWHaveMatcher.h */,
				5B1F485F1768508400A76C98 /* KWHaveMatcher.m */,
				5B1F48601768508400A76C98 /* KWHaveValueMatcher.h */,
				5B1F48611768508400A76C98 /* KWHaveValueMatcher.m */,
				5B1F48621768508400A76C98 /* KWInequalityMatcher.h */,
				5B1F48631768508400A76C98 /* KWInequalityMatcher.m */,
				5B1F48641768508400A76C98 /* KWIntercept.h */,
				5B1F48651768508400A76C98 /* KWIntercept.m */,
				5B1F48661768508400A76C98 /* KWInvocationCapturer.h */,
				5B1F48671768508400A76C98 /* KWInvocationCapturer.m */,
				5B1F48681768508400A76C98 /* KWItNode.h */,
				5B1F48691768508400A76C98 /* KWItNode.m */,
				5B1F486A1768508400A76C98 /* KWMatcher.h */,
				5B1F486B1768508400A76C98 /* KWMatcher.m */,
				5B1F486C1768508400A76C98 /* KWMatcherFactory.h */,
				5B1F486D1768508400A76C98 /* KWMatcherFactory.m */,
				5B1F486E1768508400A76C98 /* KWMatchers.h */,
				5B1F486F1768508400A76C98 /* KWMatchers.m */,
				5B1F48701768508400A76C98 /* KWMatching.h */,
				5B1F48711768508400A76C98 /* KWMatchVerifier.h */,
				5B1F48721768508400A76C98 /* KWMatchVerifier.m */,
				5B1F48731768508400A76C98 /* KWMessagePattern.h */,
				5B1F48741768508400A76C98 /* KWMessagePattern.m */,
				5B1F48751768508400A76C98 /* KWMessageSpying.h */,
				5B1F48761768508400A76C98 /* KWMessageTracker.h */,
				5B1F48771768508400A76C98 /* KWMessageTracker.m */,
				5B1F48781768508400A76C98 /* KWMock.h */,
				5B1F48791768508400A76C98 /* KWMock.m */,
				5B1F487A1768508400A76C98 /* KWNull.h */,
				5B1F487B1768508400A76C98 /* KWNull.m */,
				5B1F487C1768508400A76C98 /* KWObjCUtilities.h */,
				5B1F487D1768508400A76C98 /* KWObjCUtilities.m */,
				5B1F487E1768508400A76C98 /* KWPendingNode.h */,
				5B1F487F1768508400A76C98 /* KWPendingNode.m */,
				5B1F48801768508400A76C98 /* KWProbe.h */,
				5B1F48811768508400A76C98 /* KWProbePoller.h */,
				5B1F48821768508400A76C98 /* KWProbePoller.m */,
				5B1F48831768508400A76C98 /* KWRaiseMatcher.h */,
				5B1F48841768508400A76C98 /* KWRaiseMatcher.m */,
				5B1F48851768508400A76C98 /* KWReceiveMatcher.h */,
				5B1F48861768508400A76C98 /* KWReceiveMatcher.m */,
				5B1F48871768508400A76C98 /* KWRegisterMatchersNode.h */,
				5B1F48881768508400A76C98 /* KWRegisterMatchersNode.m */,
				5B1F48891768508400A76C98 /* KWRegularExpressionPatternMatcher.h */,
				5B1F488A1768508400A76C98 /* KWRegularExpressionPatternMatcher.m */,
				5B1F488B1768508400A76C98 /* KWReporting.h */,
				5B1F488C1768508400A76C98 /* KWRespondToSelectorMatcher.h */,
				5B1F488D1768508400A76C98 /* KWRespondToSelectorMatcher.m */,
				5B1F488E1768508400A76C98 /* KWSpec.h */,
				5B1F488F1768508400A76C98 /* KWSpec.m */,
				5B1F48901768508400A76C98 /* KWStringContainsMatcher.h */,
				5B1F48911768508400A76C98 /* KWStringContainsMatcher.m */,
				5B1F48921768508400A76C98 /* KWStringPrefixMatcher.h */,
				5B1F48931768508400A76C98 /* KWStringPrefixMatcher.m */,
				5B1F48941768508400A76C98 /* KWStringUtilities.h */,
				5B1F48951768508400A76C98 /* KWStringUtilities.m */,
				5B1F48961768508400A76C98 /* KWStub.h */,
				5B1F48971768508400A76C98 /* KWStub.m */,
				5B1F48981768508400A76C98 /* KWSymbolicator.h */,
				5B1F48991768508400A76C98 /* KWSymbolicator.m */,
				5B1F489A1768508400A76C98 /* KWTestCase.h */,
				5B1F489B1768508400A76C98 /* KWTestCase.m */,
				5B1F489C1768508400A76C98 /* KWUserDefinedMatcher.h */,
				5B1F489D1768508400A76C98 /* KWUserDefinedMatcher.m */,
				5B1F489E1768508400A76C98 /* KWValue.h */,
				5B1F489F1768508400A76C98 /* KWValue.m */,
				5B1F48A01768508400A76C98 /* KWVerifying.h */,
				5B1F48A11768508400A76C98 /* KWWorkarounds.h */,
				5B1F48A21768508400A76C98 /* KWWorkarounds.m */,
				5B1F48A31768508400A76C98 /* NSInvocation+KiwiAdditions.h */,
				5B1F48A41768508400A76C98 /* NSInvocation+KiwiAdditions.m */,
				5B1F48A51768508400A76C98 /* NSInvocation+OCMAdditions.h */,
				5B1F48A61768508400A76C98 /* NSInvocation+OCMAdditions.m */,
				5B1F48A71768508400A76C98 /* NSMethodSignature+KiwiAdditions.h */,
				5B1F48A81768508400A76C98 /* NSMethodSignature+KiwiAdditions.m */,
				5B1F48A91768508400A76C98 /* NSNumber+KiwiAdditions.h */,
				5B1F48AA1768508400A76C98 /* NSNumber+KiwiAdditions.m */,
				5B1F48AB1768508400A76C98 /* NSObject+KiwiMockAdditions.h */,
				5B1F48AC1768508400A76C98 /* NSObject+KiwiMockAdditions.m */,
				5B1F48AD1768508400A76C98 /* NSObject+KiwiSpyAdditions.h */,
				5B1F48AE1768508400A76C98 /* NSObject+KiwiSpyAdditions.m */,
				5B1F48AF1768508400A76C98 /* NSObject+KiwiStubAdditions.h */,
				5B1F48B01768508400A76C98 /* NSObject+KiwiStubAdditions.m */,
				5B1F48B11768508400A76C98 /* NSObject+KiwiVerifierAdditions.h */,
				5B1F48B21768508400A76C98 /* NSObject+KiwiVerifierAdditions.m */,
				5B1F48B31768508400A76C98 /* NSProxy+KiwiVerifierAdditions.h */,
				5B1F48B41768508400A76C98 /* NSProxy+KiwiVerifierAdditions.m */,
				5B1F48B51768508400A76C98 /* NSValue+KiwiAdditions.h */,
				5B1F48B61768508400A76C98 /* NSValue+KiwiAdditions.m */,
				5B1F48B71768508400A76C98 /* SenTestSuite+KiwiAdditions.h */,
				5B1F48B81768508400A76C98 /* SenTestSuite+KiwiAdditions.m */,
			);
			name = kiwi;
			sourceTree = "<group>";
		};
/* End PBXGroup section */

/* Begin PBXNativeTarget section */
		5B1F47BB1768501F00A76C98 /* BankAccount */ = {
			isa = PBXNativeTarget;
			buildConfigurationList = 5B1F47F41768501F00A76C98 /* Build configuration list for PBXNativeTarget "BankAccount" */;
			buildPhases = (
				5B1F47B81768501F00A76C98 /* Sources */,
				5B1F47B91768501F00A76C98 /* Frameworks */,
				5B1F47BA1768501F00A76C98 /* Resources */,
			);
			buildRules = (
			);
			dependencies = (
			);
			name = BankAccount;
			productName = BankAccount;
			productReference = 5B1F47BC1768501F00A76C98 /* BankAccount.app */;
			productType = "com.apple.product-type.application";
		};
		5B1F47E11768501F00A76C98 /* BankAccountTests */ = {
			isa = PBXNativeTarget;
			buildConfigurationList = 5B1F47F71768501F00A76C98 /* Build configuration list for PBXNativeTarget "BankAccountTests" */;
			buildPhases = (
				5B1F47DD1768501F00A76C98 /* Sources */,
				5B1F47DE1768501F00A76C98 /* Frameworks */,
				5B1F47DF1768501F00A76C98 /* Resources */,
				5B1F47E01768501F00A76C98 /* ShellScript */,
			);
			buildRules = (
			);
			dependencies = (
				5B1F47E81768501F00A76C98 /* PBXTargetDependency */,
			);
			name = BankAccountTests;
			productName = BankAccountTests;
			productReference = 5B1F47E21768501F00A76C98 /* BankAccountTests.octest */;
			productType = "com.apple.product-type.bundle";
		};
/* End PBXNativeTarget section */

/* Begin PBXProject section */
		5B1F47B41768501E00A76C98 /* Project object */ = {
			isa = PBXProject;
			attributes = {
				CLASSPREFIX = BankAccount;
				LastUpgradeCheck = 0460;
				ORGANIZATIONNAME = Thett;
			};
			buildConfigurationList = 5B1F47B71768501F00A76C98 /* Build configuration list for PBXProject "BankAccount" */;
			compatibilityVersion = "Xcode 3.2";
			developmentRegion = English;
			hasScannedForEncodings = 0;
			knownRegions = (
				en,
			);
			mainGroup = 5B1F47B31768501E00A76C98;
			productRefGroup = 5B1F47BD1768501F00A76C98 /* Products */;
			projectDirPath = "";
			projectRoot = "";
			targets = (
				5B1F47BB1768501F00A76C98 /* BankAccount */,
				5B1F47E11768501F00A76C98 /* BankAccountTests */,
			);
		};
/* End PBXProject section */

/* Begin PBXResourcesBuildPhase section */
		5B1F47BA1768501F00A76C98 /* Resources */ = {
			isa = PBXResourcesBuildPhase;
			buildActionMask = 2147483647;
			files = (
				5B1F47CA1768501F00A76C98 /* InfoPlist.strings in Resources */,
				5B1F47D21768501F00A76C98 /* Default.png in Resources */,
				5B1F47D41768501F00A76C98 /* Default@2x.png in Resources */,
				5B1F47D61768501F00A76C98 /* Default-568h@2x.png in Resources */,
				5B1F47DC1768501F00A76C98 /* BankAccountViewController.xib in Resources */,
			);
			runOnlyForDeploymentPostprocessing = 0;
		};
		5B1F47DF1768501F00A76C98 /* Resources */ = {
			isa = PBXResourcesBuildPhase;
			buildActionMask = 2147483647;
			files = (
				5B1F47EE1768501F00A76C98 /* InfoPlist.strings in Resources */,
			);
			runOnlyForDeploymentPostprocessing = 0;
		};
/* End PBXResourcesBuildPhase section */

/* Begin PBXShellScriptBuildPhase section */
		5B1F47E01768501F00A76C98 /* ShellScript */ = {
			isa = PBXShellScriptBuildPhase;
			buildActionMask = 2147483647;
			files = (
			);
			inputPaths = (
			);
			outputPaths = (
			);
			runOnlyForDeploymentPostprocessing = 0;
			shellPath = /bin/sh;
			shellScript = "# Run the unit tests in this test bundle.\n\"${SYSTEM_DEVELOPER_DIR}/Tools/RunUnitTests\"\n";
		};
/* End PBXShellScriptBuildPhase section */

/* Begin PBXSourcesBuildPhase section */
		5B1F47B81768501F00A76C98 /* Sources */ = {
			isa = PBXSourcesBuildPhase;
			buildActionMask = 2147483647;
			files = (
				5B1F47CC1768501F00A76C98 /* main.m in Sources */,
				5B1F47D01768501F00A76C98 /* BankAccountAppDelegate.m in Sources */,
				5B1F47D91768501F00A76C98 /* BankAccountViewController.m in Sources */,
				5B1F48051768505D00A76C98 /* FMDatabase.m in Sources */,
				5B1F48061768505D00A76C98 /* FMDatabaseAdditions.m in Sources */,
				5B1F48071768505D00A76C98 /* FMDatabasePool.m in Sources */,
				5B1F48081768505D00A76C98 /* FMDatabaseQueue.m in Sources */,
				5B1F48091768505D00A76C98 /* FMResultSet.m in Sources */,
				5B1F490F1768514500A76C98 /* BankAccountEntity.m in Sources */,
				5B1F49121768517400A76C98 /* BankAccountDAO.m in Sources */,
			);
			runOnlyForDeploymentPostprocessing = 0;
		};
		5B1F47DD1768501F00A76C98 /* Sources */ = {
			isa = PBXSourcesBuildPhase;
			buildActionMask = 2147483647;
			files = (
				5B1F47F11768501F00A76C98 /* BankAccountTests.m in Sources */,
				5B1F48B91768508400A76C98 /* KWAfterAllNode.m in Sources */,
				5B1F48BA1768508400A76C98 /* KWAfterEachNode.m in Sources */,
				5B1F48BB1768508400A76C98 /* KWAny.m in Sources */,
				5B1F48BC1768508400A76C98 /* KWAsyncVerifier.m in Sources */,
				5B1F48BD1768508400A76C98 /* KWBeBetweenMatcher.m in Sources */,
				5B1F48BE1768508400A76C98 /* KWBeEmptyMatcher.m in Sources */,
				5B1F48BF1768508400A76C98 /* KWBeforeAllNode.m in Sources */,
				5B1F48C01768508400A76C98 /* KWBeforeEachNode.m in Sources */,
				5B1F48C11768508400A76C98 /* KWBeIdenticalToMatcher.m in Sources */,
				5B1F48C21768508400A76C98 /* KWBeKindOfClassMatcher.m in Sources */,
				5B1F48C31768508400A76C98 /* KWBeMemberOfClassMatcher.m in Sources */,
				5B1F48C41768508400A76C98 /* KWBeSubclassOfClassMatcher.m in Sources */,
				5B1F48C51768508400A76C98 /* KWBeTrueMatcher.m in Sources */,
				5B1F48C61768508400A76C98 /* KWBeWithinMatcher.m in Sources */,
				5B1F48C71768508400A76C98 /* KWBeZeroMatcher.m in Sources */,
				5B1F48C81768508400A76C98 /* KWBlock.m in Sources */,
				5B1F48C91768508400A76C98 /* KWBlockNode.m in Sources */,
				5B1F48CA1768508400A76C98 /* KWBlockRaiseMatcher.m in Sources */,
				5B1F48CB1768508400A76C98 /* KWCallSite.m in Sources */,
				5B1F48CC1768508400A76C98 /* KWCaptureSpy.m in Sources */,
				5B1F48CD1768508400A76C98 /* KWChangeMatcher.m in Sources */,
				5B1F48CE1768508400A76C98 /* KWConformToProtocolMatcher.m in Sources */,
				5B1F48CF1768508400A76C98 /* KWContainMatcher.m in Sources */,
				5B1F48D01768508400A76C98 /* KWContainStringMatcher.m in Sources */,
				5B1F48D11768508400A76C98 /* KWContextNode.m in Sources */,
				5B1F48D21768508400A76C98 /* KWDeviceInfo.m in Sources */,
				5B1F48D31768508400A76C98 /* KWEqualMatcher.m in Sources */,
				5B1F48D41768508400A76C98 /* KWExample.m in Sources */,
				5B1F48D51768508400A76C98 /* KWExampleGroupBuilder.m in Sources */,
				5B1F48D61768508400A76C98 /* KWExampleSuite.m in Sources */,
				5B1F48D71768508400A76C98 /* KWExistVerifier.m in Sources */,
				5B1F48D81768508400A76C98 /* KWFailure.m in Sources */,
				5B1F48D91768508400A76C98 /* KWFormatter.m in Sources */,
				5B1F48DA1768508400A76C98 /* KWFutureObject.m in Sources */,
				5B1F48DB1768508400A76C98 /* KWGenericMatcher.m in Sources */,
				5B1F48DC1768508400A76C98 /* KWGenericMatchEvaluator.m in Sources */,
				5B1F48DD1768508400A76C98 /* KWGenericMatchingAdditions.m in Sources */,
				5B1F48DE1768508400A76C98 /* KWHaveMatcher.m in Sources */,
				5B1F48DF1768508400A76C98 /* KWHaveValueMatcher.m in Sources */,
				5B1F48E01768508400A76C98 /* KWInequalityMatcher.m in Sources */,
				5B1F48E11768508400A76C98 /* KWIntercept.m in Sources */,
				5B1F48E21768508400A76C98 /* KWInvocationCapturer.m in Sources */,
				5B1F48E31768508400A76C98 /* KWItNode.m in Sources */,
				5B1F48E41768508400A76C98 /* KWMatcher.m in Sources */,
				5B1F48E51768508400A76C98 /* KWMatcherFactory.m in Sources */,
				5B1F48E61768508400A76C98 /* KWMatchers.m in Sources */,
				5B1F48E71768508400A76C98 /* KWMatchVerifier.m in Sources */,
				5B1F48E81768508400A76C98 /* KWMessagePattern.m in Sources */,
				5B1F48E91768508400A76C98 /* KWMessageTracker.m in Sources */,
				5B1F48EA1768508400A76C98 /* KWMock.m in Sources */,
				5B1F48EB1768508400A76C98 /* KWNull.m in Sources */,
				5B1F48EC1768508400A76C98 /* KWObjCUtilities.m in Sources */,
				5B1F48ED1768508400A76C98 /* KWPendingNode.m in Sources */,
				5B1F48EE1768508400A76C98 /* KWProbePoller.m in Sources */,
				5B1F48EF1768508400A76C98 /* KWRaiseMatcher.m in Sources */,
				5B1F48F01768508400A76C98 /* KWReceiveMatcher.m in Sources */,
				5B1F48F11768508400A76C98 /* KWRegisterMatchersNode.m in Sources */,
				5B1F48F21768508400A76C98 /* KWRegularExpressionPatternMatcher.m in Sources */,
				5B1F48F31768508400A76C98 /* KWRespondToSelectorMatcher.m in Sources */,
				5B1F48F41768508400A76C98 /* KWSpec.m in Sources */,
				5B1F48F51768508400A76C98 /* KWStringContainsMatcher.m in Sources */,
				5B1F48F61768508400A76C98 /* KWStringPrefixMatcher.m in Sources */,
				5B1F48F71768508400A76C98 /* KWStringUtilities.m in Sources */,
				5B1F48F81768508400A76C98 /* KWStub.m in Sources */,
				5B1F48F91768508400A76C98 /* KWSymbolicator.m in Sources */,
				5B1F48FA1768508400A76C98 /* KWTestCase.m in Sources */,
				5B1F48FB1768508400A76C98 /* KWUserDefinedMatcher.m in Sources */,
				5B1F48FC1768508400A76C98 /* KWValue.m in Sources */,
				5B1F48FD1768508400A76C98 /* KWWorkarounds.m in Sources */,
				5B1F48FE1768508400A76C98 /* NSInvocation+KiwiAdditions.m in Sources */,
				5B1F48FF1768508400A76C98 /* NSInvocation+OCMAdditions.m in Sources */,
				5B1F49001768508400A76C98 /* NSMethodSignature+KiwiAdditions.m in Sources */,
				5B1F49011768508400A76C98 /* NSNumber+KiwiAdditions.m in Sources */,
				5B1F49021768508400A76C98 /* NSObject+KiwiMockAdditions.m in Sources */,
				5B1F49031768508400A76C98 /* NSObject+KiwiSpyAdditions.m in Sources */,
				5B1F49041768508400A76C98 /* NSObject+KiwiStubAdditions.m in Sources */,
				5B1F49051768508400A76C98 /* NSObject+KiwiVerifierAdditions.m in Sources */,
				5B1F49061768508400A76C98 /* NSProxy+KiwiVerifierAdditions.m in Sources */,
				5B1F49071768508400A76C98 /* NSValue+KiwiAdditions.m in Sources */,
				5B1F49081768508400A76C98 /* SenTestSuite+KiwiAdditions.m in Sources */,
				5B1F4915176851B000A76C98 /* BankAccountTestEntity.m in Sources */,
				5B1F4918176851BD00A76C98 /* BankAccountTestDAO.m in Sources */,
			);
			runOnlyForDeploymentPostprocessing = 0;
		};
/* End PBXSourcesBuildPhase section */

/* Begin PBXTargetDependency section */
		5B1F47E81768501F00A76C98 /* PBXTargetDependency */ = {
			isa = PBXTargetDependency;
			target = 5B1F47BB1768501F00A76C98 /* BankAccount */;
			targetProxy = 5B1F47E71768501F00A76C98 /* PBXContainerItemProxy */;
		};
/* End PBXTargetDependency section */

/* Begin PBXVariantGroup section */
		5B1F47C81768501F00A76C98 /* InfoPlist.strings */ = {
			isa = PBXVariantGroup;
			children = (
				5B1F47C91768501F00A76C98 /* en */,
			);
			name = InfoPlist.strings;
			sourceTree = "<group>";
		};
		5B1F47DA1768501F00A76C98 /* BankAccountViewController.xib */ = {
			isa = PBXVariantGroup;
			children = (
				5B1F47DB1768501F00A76C98 /* en */,
			);
			name = BankAccountViewController.xib;
			sourceTree = "<group>";
		};
		5B1F47EC1768501F00A76C98 /* InfoPlist.strings */ = {
			isa = PBXVariantGroup;
			children = (
				5B1F47ED1768501F00A76C98 /* en */,
			);
			name = InfoPlist.strings;
			sourceTree = "<group>";
		};
/* End PBXVariantGroup section */

/* Begin XCBuildConfiguration section */
		5B1F47F21768501F00A76C98 /* Debug */ = {
			isa = XCBuildConfiguration;
			buildSettings = {
				ALWAYS_SEARCH_USER_PATHS = NO;
				CLANG_CXX_LANGUAGE_STANDARD = "gnu++0x";
				CLANG_CXX_LIBRARY = "libc++";
				CLANG_ENABLE_OBJC_ARC = YES;
				CLANG_WARN_CONSTANT_CONVERSION = YES;
				CLANG_WARN_EMPTY_BODY = YES;
				CLANG_WARN_ENUM_CONVERSION = YES;
				CLANG_WARN_INT_CONVERSION = YES;
				CLANG_WARN__DUPLICATE_METHOD_MATCH = YES;
				"CODE_SIGN_IDENTITY[sdk=iphoneos*]" = "iPhone Developer";
				COPY_PHASE_STRIP = NO;
				GCC_C_LANGUAGE_STANDARD = gnu99;
				GCC_DYNAMIC_NO_PIC = NO;
				GCC_OPTIMIZATION_LEVEL = 0;
				GCC_PREPROCESSOR_DEFINITIONS = (
					"DEBUG=1",
					"$(inherited)",
				);
				GCC_SYMBOLS_PRIVATE_EXTERN = NO;
				GCC_WARN_ABOUT_RETURN_TYPE = YES;
				GCC_WARN_UNINITIALIZED_AUTOS = YES;
				GCC_WARN_UNUSED_VARIABLE = YES;
				IPHONEOS_DEPLOYMENT_TARGET = 6.1;
				ONLY_ACTIVE_ARCH = YES;
				SDKROOT = iphoneos;
			};
			name = Debug;
		};
		5B1F47F31768501F00A76C98 /* Release */ = {
			isa = XCBuildConfiguration;
			buildSettings = {
				ALWAYS_SEARCH_USER_PATHS = NO;
				CLANG_CXX_LANGUAGE_STANDARD = "gnu++0x";
				CLANG_CXX_LIBRARY = "libc++";
				CLANG_ENABLE_OBJC_ARC = YES;
				CLANG_WARN_CONSTANT_CONVERSION = YES;
				CLANG_WARN_EMPTY_BODY = YES;
				CLANG_WARN_ENUM_CONVERSION = YES;
				CLANG_WARN_INT_CONVERSION = YES;
				CLANG_WARN__DUPLICATE_METHOD_MATCH = YES;
				"CODE_SIGN_IDENTITY[sdk=iphoneos*]" = "iPhone Developer";
				COPY_PHASE_STRIP = YES;
				GCC_C_LANGUAGE_STANDARD = gnu99;
				GCC_WARN_ABOUT_RETURN_TYPE = YES;
				GCC_WARN_UNINITIALIZED_AUTOS = YES;
				GCC_WARN_UNUSED_VARIABLE = YES;
				IPHONEOS_DEPLOYMENT_TARGET = 6.1;
				OTHER_CFLAGS = "-DNS_BLOCK_ASSERTIONS=1";
				SDKROOT = iphoneos;
				VALIDATE_PRODUCT = YES;
			};
			name = Release;
		};
		5B1F47F51768501F00A76C98 /* Debug */ = {
			isa = XCBuildConfiguration;
			buildSettings = {
				GCC_PRECOMPILE_PREFIX_HEADER = YES;
				GCC_PREFIX_HEADER = "BankAccount/BankAccount-Prefix.pch";
				INFOPLIST_FILE = "BankAccount/BankAccount-Info.plist";
				PRODUCT_NAME = "$(TARGET_NAME)";
				WRAPPER_EXTENSION = app;
			};
			name = Debug;
		};
		5B1F47F61768501F00A76C98 /* Release */ = {
			isa = XCBuildConfiguration;
			buildSettings = {
				GCC_PRECOMPILE_PREFIX_HEADER = YES;
				GCC_PREFIX_HEADER = "BankAccount/BankAccount-Prefix.pch";
				INFOPLIST_FILE = "BankAccount/BankAccount-Info.plist";
				PRODUCT_NAME = "$(TARGET_NAME)";
				WRAPPER_EXTENSION = app;
			};
			name = Release;
		};
		5B1F47F81768501F00A76C98 /* Debug */ = {
			isa = XCBuildConfiguration;
			buildSettings = {
				BUNDLE_LOADER = "$(BUILT_PRODUCTS_DIR)/BankAccount.app/BankAccount";
				FRAMEWORK_SEARCH_PATHS = (
					"\"$(SDKROOT)/Developer/Library/Frameworks\"",
					"\"$(DEVELOPER_LIBRARY_DIR)/Frameworks\"",
				);
				GCC_PRECOMPILE_PREFIX_HEADER = YES;
				GCC_PREFIX_HEADER = "BankAccount/BankAccount-Prefix.pch";
				INFOPLIST_FILE = "BankAccountTests/BankAccountTests-Info.plist";
				PRODUCT_NAME = "$(TARGET_NAME)";
				TEST_HOST = "$(BUNDLE_LOADER)";
				WRAPPER_EXTENSION = octest;
			};
			name = Debug;
		};
		5B1F47F91768501F00A76C98 /* Release */ = {
			isa = XCBuildConfiguration;
			buildSettings = {
				BUNDLE_LOADER = "$(BUILT_PRODUCTS_DIR)/BankAccount.app/BankAccount";
				FRAMEWORK_SEARCH_PATHS = (
					"\"$(SDKROOT)/Developer/Library/Frameworks\"",
					"\"$(DEVELOPER_LIBRARY_DIR)/Frameworks\"",
				);
				GCC_PRECOMPILE_PREFIX_HEADER = YES;
				GCC_PREFIX_HEADER = "BankAccount/BankAccount-Prefix.pch";
				INFOPLIST_FILE = "BankAccountTests/BankAccountTests-Info.plist";
				PRODUCT_NAME = "$(TARGET_NAME)";
				TEST_HOST = "$(BUNDLE_LOADER)";
				WRAPPER_EXTENSION = octest;
			};
			name = Release;
		};
/* End XCBuildConfiguration section */

/* Begin XCConfigurationList section */
		5B1F47B71768501F00A76C98 /* Build configuration list for PBXProject "BankAccount" */ = {
			isa = XCConfigurationList;
			buildConfigurations = (
				5B1F47F21768501F00A76C98 /* Debug */,
				5B1F47F31768501F00A76C98 /* Release */,
			);
			defaultConfigurationIsVisible = 0;
			defaultConfigurationName = Release;
		};
		5B1F47F41768501F00A76C98 /* Build configuration list for PBXNativeTarget "BankAccount" */ = {
			isa = XCConfigurationList;
			buildConfigurations = (
				5B1F47F51768501F00A76C98 /* Debug */,
				5B1F47F61768501F00A76C98 /* Release */,
			);
			defaultConfigurationIsVisible = 0;
		};
		5B1F47F71768501F00A76C98 /* Build configuration list for PBXNativeTarget "BankAccountTests" */ = {
			isa = XCConfigurationList;
			buildConfigurations = (
				5B1F47F81768501F00A76C98 /* Debug */,
				5B1F47F91768501F00A76C98 /* Release */,
			);
			defaultConfigurationIsVisible = 0;
		};
/* End XCConfigurationList section */
	};
	rootObject = 5B1F47B41768501E00A76C98 /* Project object */;
}
