// !$*UTF8*$!
{
	archiveVersion = 1;
	classes = {
	};
	objectVersion = 46;
	objects = {

/* Begin PBXBuildFile section */
		5B0186B71782ACC500CB4B28 /* UIKit.framework in Frameworks */ = {isa = PBXBuildFile; fileRef = 5B0186B61782ACC500CB4B28 /* UIKit.framework */; };
		5B0186B91782ACC500CB4B28 /* Foundation.framework in Frameworks */ = {isa = PBXBuildFile; fileRef = 5B0186B81782ACC500CB4B28 /* Foundation.framework */; };
		5B0186BB1782ACC500CB4B28 /* CoreGraphics.framework in Frameworks */ = {isa = PBXBuildFile; fileRef = 5B0186BA1782ACC500CB4B28 /* CoreGraphics.framework */; };
		5B0186C11782ACC500CB4B28 /* InfoPlist.strings in Resources */ = {isa = PBXBuildFile; fileRef = 5B0186BF1782ACC500CB4B28 /* InfoPlist.strings */; };
		5B0186C31782ACC500CB4B28 /* main.m in Sources */ = {isa = PBXBuildFile; fileRef = 5B0186C21782ACC500CB4B28 /* main.m */; };
		5B0186C71782ACC500CB4B28 /* AppDelegate.m in Sources */ = {isa = PBXBuildFile; fileRef = 5B0186C61782ACC500CB4B28 /* AppDelegate.m */; };
		5B0186C91782ACC500CB4B28 /* Default.png in Resources */ = {isa = PBXBuildFile; fileRef = 5B0186C81782ACC500CB4B28 /* Default.png */; };
		5B0186CB1782ACC500CB4B28 /* Default@2x.png in Resources */ = {isa = PBXBuildFile; fileRef = 5B0186CA1782ACC500CB4B28 /* Default@2x.png */; };
		5B0186CD1782ACC500CB4B28 /* Default-568h@2x.png in Resources */ = {isa = PBXBuildFile; fileRef = 5B0186CC1782ACC500CB4B28 /* Default-568h@2x.png */; };
		5B0186D01782ACC500CB4B28 /* ViewController.m in Sources */ = {isa = PBXBuildFile; fileRef = 5B0186CF1782ACC500CB4B28 /* ViewController.m */; };
		5B0186D31782ACC500CB4B28 /* ViewController.xib in Resources */ = {isa = PBXBuildFile; fileRef = 5B0186D11782ACC500CB4B28 /* ViewController.xib */; };
		5B0186DC1782ACC500CB4B28 /* UIKit.framework in Frameworks */ = {isa = PBXBuildFile; fileRef = 5B0186B61782ACC500CB4B28 /* UIKit.framework */; };
		5B0186DD1782ACC500CB4B28 /* Foundation.framework in Frameworks */ = {isa = PBXBuildFile; fileRef = 5B0186B81782ACC500CB4B28 /* Foundation.framework */; };
		5B0186E51782ACC500CB4B28 /* InfoPlist.strings in Resources */ = {isa = PBXBuildFile; fileRef = 5B0186E31782ACC500CB4B28 /* InfoPlist.strings */; };
		5B0186E81782ACC500CB4B28 /* BankAccountTests.m in Sources */ = {isa = PBXBuildFile; fileRef = 5B0186E71782ACC500CB4B28 /* BankAccountTests.m */; };
		5B0187F41782AD6400CB4B28 /* BankAccount.m in Sources */ = {isa = PBXBuildFile; fileRef = 5B0187F31782AD6400CB4B28 /* BankAccount.m */; };
		5B0187F71782ADCB00CB4B28 /* BankAccountDAO.m in Sources */ = {isa = PBXBuildFile; fileRef = 5B0187F61782ADCB00CB4B28 /* BankAccountDAO.m */; };
		5B0187F91782B45600CB4B28 /* SenTestingKit.framework in Frameworks */ = {isa = PBXBuildFile; fileRef = 5B0187F81782B45600CB4B28 /* SenTestingKit.framework */; };
		5B0188A91782B53700CB4B28 /* KWAfterAllNode.m in Sources */ = {isa = PBXBuildFile; fileRef = 5B0188001782B53600CB4B28 /* KWAfterAllNode.m */; settings = {COMPILER_FLAGS = "-fno-objc-arc"; }; };
		5B0188AA1782B53700CB4B28 /* KWAfterEachNode.m in Sources */ = {isa = PBXBuildFile; fileRef = 5B0188021782B53600CB4B28 /* KWAfterEachNode.m */; settings = {COMPILER_FLAGS = "-fno-objc-arc"; }; };
		5B0188AB1782B53700CB4B28 /* KWAny.m in Sources */ = {isa = PBXBuildFile; fileRef = 5B0188041782B53600CB4B28 /* KWAny.m */; settings = {COMPILER_FLAGS = "-fno-objc-arc"; }; };
		5B0188AC1782B53700CB4B28 /* KWAsyncVerifier.m in Sources */ = {isa = PBXBuildFile; fileRef = 5B0188061782B53600CB4B28 /* KWAsyncVerifier.m */; settings = {COMPILER_FLAGS = "-fno-objc-arc"; }; };
		5B0188AD1782B53700CB4B28 /* KWBeBetweenMatcher.m in Sources */ = {isa = PBXBuildFile; fileRef = 5B0188081782B53600CB4B28 /* KWBeBetweenMatcher.m */; settings = {COMPILER_FLAGS = "-fno-objc-arc"; }; };
		5B0188AE1782B53700CB4B28 /* KWBeEmptyMatcher.m in Sources */ = {isa = PBXBuildFile; fileRef = 5B01880A1782B53600CB4B28 /* KWBeEmptyMatcher.m */; settings = {COMPILER_FLAGS = "-fno-objc-arc"; }; };
		5B0188AF1782B53700CB4B28 /* KWBeforeAllNode.m in Sources */ = {isa = PBXBuildFile; fileRef = 5B01880C1782B53600CB4B28 /* KWBeforeAllNode.m */; settings = {COMPILER_FLAGS = "-fno-objc-arc"; }; };
		5B0188B01782B53700CB4B28 /* KWBeforeEachNode.m in Sources */ = {isa = PBXBuildFile; fileRef = 5B01880E1782B53600CB4B28 /* KWBeforeEachNode.m */; settings = {COMPILER_FLAGS = "-fno-objc-arc"; }; };
		5B0188B11782B53700CB4B28 /* KWBeIdenticalToMatcher.m in Sources */ = {isa = PBXBuildFile; fileRef = 5B0188101782B53600CB4B28 /* KWBeIdenticalToMatcher.m */; settings = {COMPILER_FLAGS = "-fno-objc-arc"; }; };
		5B0188B21782B53700CB4B28 /* KWBeKindOfClassMatcher.m in Sources */ = {isa = PBXBuildFile; fileRef = 5B0188121782B53600CB4B28 /* KWBeKindOfClassMatcher.m */; settings = {COMPILER_FLAGS = "-fno-objc-arc"; }; };
		5B0188B31782B53700CB4B28 /* KWBeMemberOfClassMatcher.m in Sources */ = {isa = PBXBuildFile; fileRef = 5B0188141782B53600CB4B28 /* KWBeMemberOfClassMatcher.m */; settings = {COMPILER_FLAGS = "-fno-objc-arc"; }; };
		5B0188B41782B53700CB4B28 /* KWBeSubclassOfClassMatcher.m in Sources */ = {isa = PBXBuildFile; fileRef = 5B0188161782B53600CB4B28 /* KWBeSubclassOfClassMatcher.m */; settings = {COMPILER_FLAGS = "-fno-objc-arc"; }; };
		5B0188B51782B53700CB4B28 /* KWBeTrueMatcher.m in Sources */ = {isa = PBXBuildFile; fileRef = 5B0188181782B53600CB4B28 /* KWBeTrueMatcher.m */; settings = {COMPILER_FLAGS = "-fno-objc-arc"; }; };
		5B0188B61782B53700CB4B28 /* KWBeWithinMatcher.m in Sources */ = {isa = PBXBuildFile; fileRef = 5B01881A1782B53600CB4B28 /* KWBeWithinMatcher.m */; settings = {COMPILER_FLAGS = "-fno-objc-arc"; }; };
		5B0188B71782B53700CB4B28 /* KWBeZeroMatcher.m in Sources */ = {isa = PBXBuildFile; fileRef = 5B01881C1782B53600CB4B28 /* KWBeZeroMatcher.m */; settings = {COMPILER_FLAGS = "-fno-objc-arc"; }; };
		5B0188B81782B53700CB4B28 /* KWBlock.m in Sources */ = {isa = PBXBuildFile; fileRef = 5B01881E1782B53600CB4B28 /* KWBlock.m */; settings = {COMPILER_FLAGS = "-fno-objc-arc"; }; };
		5B0188B91782B53700CB4B28 /* KWBlockNode.m in Sources */ = {isa = PBXBuildFile; fileRef = 5B0188201782B53600CB4B28 /* KWBlockNode.m */; settings = {COMPILER_FLAGS = "-fno-objc-arc"; }; };
		5B0188BA1782B53700CB4B28 /* KWBlockRaiseMatcher.m in Sources */ = {isa = PBXBuildFile; fileRef = 5B0188221782B53600CB4B28 /* KWBlockRaiseMatcher.m */; settings = {COMPILER_FLAGS = "-fno-objc-arc"; }; };
		5B0188BB1782B53700CB4B28 /* KWCallSite.m in Sources */ = {isa = PBXBuildFile; fileRef = 5B0188241782B53600CB4B28 /* KWCallSite.m */; settings = {COMPILER_FLAGS = "-fno-objc-arc"; }; };
		5B0188BC1782B53700CB4B28 /* KWCaptureSpy.m in Sources */ = {isa = PBXBuildFile; fileRef = 5B0188261782B53600CB4B28 /* KWCaptureSpy.m */; settings = {COMPILER_FLAGS = "-fno-objc-arc"; }; };
		5B0188BD1782B53700CB4B28 /* KWChangeMatcher.m in Sources */ = {isa = PBXBuildFile; fileRef = 5B0188281782B53600CB4B28 /* KWChangeMatcher.m */; settings = {COMPILER_FLAGS = "-fno-objc-arc"; }; };
		5B0188BE1782B53700CB4B28 /* KWConformToProtocolMatcher.m in Sources */ = {isa = PBXBuildFile; fileRef = 5B01882A1782B53600CB4B28 /* KWConformToProtocolMatcher.m */; settings = {COMPILER_FLAGS = "-fno-objc-arc"; }; };
		5B0188BF1782B53700CB4B28 /* KWContainMatcher.m in Sources */ = {isa = PBXBuildFile; fileRef = 5B01882C1782B53600CB4B28 /* KWContainMatcher.m */; settings = {COMPILER_FLAGS = "-fno-objc-arc"; }; };
		5B0188C01782B53700CB4B28 /* KWContainStringMatcher.m in Sources */ = {isa = PBXBuildFile; fileRef = 5B01882E1782B53600CB4B28 /* KWContainStringMatcher.m */; settings = {COMPILER_FLAGS = "-fno-objc-arc"; }; };
		5B0188C11782B53700CB4B28 /* KWContextNode.m in Sources */ = {isa = PBXBuildFile; fileRef = 5B0188301782B53600CB4B28 /* KWContextNode.m */; settings = {COMPILER_FLAGS = "-fno-objc-arc"; }; };
		5B0188C21782B53700CB4B28 /* KWDeviceInfo.m in Sources */ = {isa = PBXBuildFile; fileRef = 5B0188331782B53600CB4B28 /* KWDeviceInfo.m */; settings = {COMPILER_FLAGS = "-fno-objc-arc"; }; };
		5B0188C31782B53700CB4B28 /* KWEqualMatcher.m in Sources */ = {isa = PBXBuildFile; fileRef = 5B0188351782B53600CB4B28 /* KWEqualMatcher.m */; settings = {COMPILER_FLAGS = "-fno-objc-arc"; }; };
		5B0188C41782B53700CB4B28 /* KWExample.m in Sources */ = {isa = PBXBuildFile; fileRef = 5B0188371782B53600CB4B28 /* KWExample.m */; settings = {COMPILER_FLAGS = "-fno-objc-arc"; }; };
		5B0188C51782B53700CB4B28 /* KWExampleGroupBuilder.m in Sources */ = {isa = PBXBuildFile; fileRef = 5B0188391782B53600CB4B28 /* KWExampleGroupBuilder.m */; settings = {COMPILER_FLAGS = "-fno-objc-arc"; }; };
		5B0188C61782B53700CB4B28 /* KWExampleSuite.m in Sources */ = {isa = PBXBuildFile; fileRef = 5B01883E1782B53600CB4B28 /* KWExampleSuite.m */; settings = {COMPILER_FLAGS = "-fno-objc-arc"; }; };
		5B0188C71782B53700CB4B28 /* KWExistVerifier.m in Sources */ = {isa = PBXBuildFile; fileRef = 5B0188401782B53600CB4B28 /* KWExistVerifier.m */; settings = {COMPILER_FLAGS = "-fno-objc-arc"; }; };
		5B0188C81782B53700CB4B28 /* KWFailure.m in Sources */ = {isa = PBXBuildFile; fileRef = 5B0188431782B53600CB4B28 /* KWFailure.m */; settings = {COMPILER_FLAGS = "-fno-objc-arc"; }; };
		5B0188C91782B53700CB4B28 /* KWFormatter.m in Sources */ = {isa = PBXBuildFile; fileRef = 5B0188451782B53600CB4B28 /* KWFormatter.m */; settings = {COMPILER_FLAGS = "-fno-objc-arc"; }; };
		5B0188CA1782B53700CB4B28 /* KWFutureObject.m in Sources */ = {isa = PBXBuildFile; fileRef = 5B0188471782B53600CB4B28 /* KWFutureObject.m */; settings = {COMPILER_FLAGS = "-fno-objc-arc"; }; };
		5B0188CB1782B53700CB4B28 /* KWGenericMatcher.m in Sources */ = {isa = PBXBuildFile; fileRef = 5B0188491782B53600CB4B28 /* KWGenericMatcher.m */; settings = {COMPILER_FLAGS = "-fno-objc-arc"; }; };
		5B0188CC1782B53700CB4B28 /* KWGenericMatchEvaluator.m in Sources */ = {isa = PBXBuildFile; fileRef = 5B01884B1782B53600CB4B28 /* KWGenericMatchEvaluator.m */; settings = {COMPILER_FLAGS = "-fno-objc-arc"; }; };
		5B0188CD1782B53700CB4B28 /* KWGenericMatchingAdditions.m in Sources */ = {isa = PBXBuildFile; fileRef = 5B01884D1782B53600CB4B28 /* KWGenericMatchingAdditions.m */; settings = {COMPILER_FLAGS = "-fno-objc-arc"; }; };
		5B0188CE1782B53700CB4B28 /* KWHaveMatcher.m in Sources */ = {isa = PBXBuildFile; fileRef = 5B01884F1782B53600CB4B28 /* KWHaveMatcher.m */; settings = {COMPILER_FLAGS = "-fno-objc-arc"; }; };
		5B0188CF1782B53700CB4B28 /* KWHaveValueMatcher.m in Sources */ = {isa = PBXBuildFile; fileRef = 5B0188511782B53600CB4B28 /* KWHaveValueMatcher.m */; settings = {COMPILER_FLAGS = "-fno-objc-arc"; }; };
		5B0188D01782B53700CB4B28 /* KWInequalityMatcher.m in Sources */ = {isa = PBXBuildFile; fileRef = 5B0188531782B53600CB4B28 /* KWInequalityMatcher.m */; settings = {COMPILER_FLAGS = "-fno-objc-arc"; }; };
		5B0188D11782B53700CB4B28 /* KWIntercept.m in Sources */ = {isa = PBXBuildFile; fileRef = 5B0188551782B53600CB4B28 /* KWIntercept.m */; settings = {COMPILER_FLAGS = "-fno-objc-arc"; }; };
		5B0188D21782B53700CB4B28 /* KWInvocationCapturer.m in Sources */ = {isa = PBXBuildFile; fileRef = 5B0188571782B53600CB4B28 /* KWInvocationCapturer.m */; settings = {COMPILER_FLAGS = "-fno-objc-arc"; }; };
		5B0188D31782B53700CB4B28 /* KWItNode.m in Sources */ = {isa = PBXBuildFile; fileRef = 5B0188591782B53600CB4B28 /* KWItNode.m */; settings = {COMPILER_FLAGS = "-fno-objc-arc"; }; };
		5B0188D41782B53700CB4B28 /* KWMatcher.m in Sources */ = {isa = PBXBuildFile; fileRef = 5B01885B1782B53600CB4B28 /* KWMatcher.m */; settings = {COMPILER_FLAGS = "-fno-objc-arc"; }; };
		5B0188D51782B53700CB4B28 /* KWMatcherFactory.m in Sources */ = {isa = PBXBuildFile; fileRef = 5B01885D1782B53600CB4B28 /* KWMatcherFactory.m */; settings = {COMPILER_FLAGS = "-fno-objc-arc"; }; };
		5B0188D61782B53700CB4B28 /* KWMatchers.m in Sources */ = {isa = PBXBuildFile; fileRef = 5B01885F1782B53600CB4B28 /* KWMatchers.m */; settings = {COMPILER_FLAGS = "-fno-objc-arc"; }; };
		5B0188D71782B53700CB4B28 /* KWMatchVerifier.m in Sources */ = {isa = PBXBuildFile; fileRef = 5B0188621782B53600CB4B28 /* KWMatchVerifier.m */; settings = {COMPILER_FLAGS = "-fno-objc-arc"; }; };
		5B0188D81782B53700CB4B28 /* KWMessagePattern.m in Sources */ = {isa = PBXBuildFile; fileRef = 5B0188641782B53600CB4B28 /* KWMessagePattern.m */; settings = {COMPILER_FLAGS = "-fno-objc-arc"; }; };
		5B0188D91782B53700CB4B28 /* KWMessageTracker.m in Sources */ = {isa = PBXBuildFile; fileRef = 5B0188671782B53600CB4B28 /* KWMessageTracker.m */; settings = {COMPILER_FLAGS = "-fno-objc-arc"; }; };
		5B0188DA1782B53700CB4B28 /* KWMock.m in Sources */ = {isa = PBXBuildFile; fileRef = 5B0188691782B53600CB4B28 /* KWMock.m */; settings = {COMPILER_FLAGS = "-fno-objc-arc"; }; };
		5B0188DB1782B53700CB4B28 /* KWNull.m in Sources */ = {isa = PBXBuildFile; fileRef = 5B01886B1782B53600CB4B28 /* KWNull.m */; settings = {COMPILER_FLAGS = "-fno-objc-arc"; }; };
		5B0188DC1782B53700CB4B28 /* KWObjCUtilities.m in Sources */ = {isa = PBXBuildFile; fileRef = 5B01886D1782B53600CB4B28 /* KWObjCUtilities.m */; settings = {COMPILER_FLAGS = "-fno-objc-arc"; }; };
		5B0188DD1782B53700CB4B28 /* KWPendingNode.m in Sources */ = {isa = PBXBuildFile; fileRef = 5B01886F1782B53600CB4B28 /* KWPendingNode.m */; settings = {COMPILER_FLAGS = "-fno-objc-arc"; }; };
		5B0188DE1782B53700CB4B28 /* KWProbePoller.m in Sources */ = {isa = PBXBuildFile; fileRef = 5B0188721782B53600CB4B28 /* KWProbePoller.m */; settings = {COMPILER_FLAGS = "-fno-objc-arc"; }; };
		5B0188DF1782B53700CB4B28 /* KWRaiseMatcher.m in Sources */ = {isa = PBXBuildFile; fileRef = 5B0188741782B53600CB4B28 /* KWRaiseMatcher.m */; settings = {COMPILER_FLAGS = "-fno-objc-arc"; }; };
		5B0188E01782B53700CB4B28 /* KWReceiveMatcher.m in Sources */ = {isa = PBXBuildFile; fileRef = 5B0188761782B53600CB4B28 /* KWReceiveMatcher.m */; settings = {COMPILER_FLAGS = "-fno-objc-arc"; }; };
		5B0188E11782B53700CB4B28 /* KWRegisterMatchersNode.m in Sources */ = {isa = PBXBuildFile; fileRef = 5B0188781782B53600CB4B28 /* KWRegisterMatchersNode.m */; settings = {COMPILER_FLAGS = "-fno-objc-arc"; }; };
		5B0188E21782B53700CB4B28 /* KWRegularExpressionPatternMatcher.m in Sources */ = {isa = PBXBuildFile; fileRef = 5B01887A1782B53600CB4B28 /* KWRegularExpressionPatternMatcher.m */; settings = {COMPILER_FLAGS = "-fno-objc-arc"; }; };
		5B0188E31782B53700CB4B28 /* KWRespondToSelectorMatcher.m in Sources */ = {isa = PBXBuildFile; fileRef = 5B01887D1782B53600CB4B28 /* KWRespondToSelectorMatcher.m */; settings = {COMPILER_FLAGS = "-fno-objc-arc"; }; };
		5B0188E41782B53700CB4B28 /* KWSpec.m in Sources */ = {isa = PBXBuildFile; fileRef = 5B01887F1782B53600CB4B28 /* KWSpec.m */; settings = {COMPILER_FLAGS = "-fno-objc-arc"; }; };
		5B0188E51782B53700CB4B28 /* KWStringContainsMatcher.m in Sources */ = {isa = PBXBuildFile; fileRef = 5B0188811782B53600CB4B28 /* KWStringContainsMatcher.m */; settings = {COMPILER_FLAGS = "-fno-objc-arc"; }; };
		5B0188E61782B53700CB4B28 /* KWStringPrefixMatcher.m in Sources */ = {isa = PBXBuildFile; fileRef = 5B0188831782B53600CB4B28 /* KWStringPrefixMatcher.m */; settings = {COMPILER_FLAGS = "-fno-objc-arc"; }; };
		5B0188E71782B53700CB4B28 /* KWStringUtilities.m in Sources */ = {isa = PBXBuildFile; fileRef = 5B0188851782B53600CB4B28 /* KWStringUtilities.m */; settings = {COMPILER_FLAGS = "-fno-objc-arc"; }; };
		5B0188E81782B53700CB4B28 /* KWStub.m in Sources */ = {isa = PBXBuildFile; fileRef = 5B0188871782B53600CB4B28 /* KWStub.m */; settings = {COMPILER_FLAGS = "-fno-objc-arc"; }; };
		5B0188E91782B53700CB4B28 /* KWSymbolicator.m in Sources */ = {isa = PBXBuildFile; fileRef = 5B0188891782B53600CB4B28 /* KWSymbolicator.m */; settings = {COMPILER_FLAGS = "-fno-objc-arc"; }; };
		5B0188EA1782B53700CB4B28 /* KWTestCase.m in Sources */ = {isa = PBXBuildFile; fileRef = 5B01888B1782B53600CB4B28 /* KWTestCase.m */; settings = {COMPILER_FLAGS = "-fno-objc-arc"; }; };
		5B0188EB1782B53700CB4B28 /* KWUserDefinedMatcher.m in Sources */ = {isa = PBXBuildFile; fileRef = 5B01888D1782B53600CB4B28 /* KWUserDefinedMatcher.m */; settings = {COMPILER_FLAGS = "-fno-objc-arc"; }; };
		5B0188EC1782B53700CB4B28 /* KWValue.m in Sources */ = {isa = PBXBuildFile; fileRef = 5B01888F1782B53600CB4B28 /* KWValue.m */; settings = {COMPILER_FLAGS = "-fno-objc-arc"; }; };
		5B0188ED1782B53700CB4B28 /* KWWorkarounds.m in Sources */ = {isa = PBXBuildFile; fileRef = 5B0188921782B53600CB4B28 /* KWWorkarounds.m */; settings = {COMPILER_FLAGS = "-fno-objc-arc"; }; };
		5B0188EE1782B53700CB4B28 /* NSInvocation+KiwiAdditions.m in Sources */ = {isa = PBXBuildFile; fileRef = 5B0188941782B53600CB4B28 /* NSInvocation+KiwiAdditions.m */; settings = {COMPILER_FLAGS = "-fno-objc-arc"; }; };
		5B0188EF1782B53700CB4B28 /* NSInvocation+OCMAdditions.m in Sources */ = {isa = PBXBuildFile; fileRef = 5B0188961782B53600CB4B28 /* NSInvocation+OCMAdditions.m */; settings = {COMPILER_FLAGS = "-fno-objc-arc"; }; };
		5B0188F01782B53700CB4B28 /* NSMethodSignature+KiwiAdditions.m in Sources */ = {isa = PBXBuildFile; fileRef = 5B0188981782B53600CB4B28 /* NSMethodSignature+KiwiAdditions.m */; settings = {COMPILER_FLAGS = "-fno-objc-arc"; }; };
		5B0188F11782B53700CB4B28 /* NSNumber+KiwiAdditions.m in Sources */ = {isa = PBXBuildFile; fileRef = 5B01889A1782B53700CB4B28 /* NSNumber+KiwiAdditions.m */; settings = {COMPILER_FLAGS = "-fno-objc-arc"; }; };
		5B0188F21782B53700CB4B28 /* NSObject+KiwiMockAdditions.m in Sources */ = {isa = PBXBuildFile; fileRef = 5B01889C1782B53700CB4B28 /* NSObject+KiwiMockAdditions.m */; settings = {COMPILER_FLAGS = "-fno-objc-arc"; }; };
		5B0188F31782B53700CB4B28 /* NSObject+KiwiSpyAdditions.m in Sources */ = {isa = PBXBuildFile; fileRef = 5B01889E1782B53700CB4B28 /* NSObject+KiwiSpyAdditions.m */; settings = {COMPILER_FLAGS = "-fno-objc-arc"; }; };
		5B0188F41782B53700CB4B28 /* NSObject+KiwiStubAdditions.m in Sources */ = {isa = PBXBuildFile; fileRef = 5B0188A01782B53700CB4B28 /* NSObject+KiwiStubAdditions.m */; settings = {COMPILER_FLAGS = "-fno-objc-arc"; }; };
		5B0188F51782B53700CB4B28 /* NSObject+KiwiVerifierAdditions.m in Sources */ = {isa = PBXBuildFile; fileRef = 5B0188A21782B53700CB4B28 /* NSObject+KiwiVerifierAdditions.m */; settings = {COMPILER_FLAGS = "-fno-objc-arc"; }; };
		5B0188F61782B53700CB4B28 /* NSProxy+KiwiVerifierAdditions.m in Sources */ = {isa = PBXBuildFile; fileRef = 5B0188A41782B53700CB4B28 /* NSProxy+KiwiVerifierAdditions.m */; settings = {COMPILER_FLAGS = "-fno-objc-arc"; }; };
		5B0188F71782B53700CB4B28 /* NSValue+KiwiAdditions.m in Sources */ = {isa = PBXBuildFile; fileRef = 5B0188A61782B53700CB4B28 /* NSValue+KiwiAdditions.m */; settings = {COMPILER_FLAGS = "-fno-objc-arc"; }; };
		5B0188F81782B53700CB4B28 /* SenTestSuite+KiwiAdditions.m in Sources */ = {isa = PBXBuildFile; fileRef = 5B0188A81782B53700CB4B28 /* SenTestSuite+KiwiAdditions.m */; settings = {COMPILER_FLAGS = "-fno-objc-arc"; }; };
/* End PBXBuildFile section */

/* Begin PBXContainerItemProxy section */
		5B0186DE1782ACC500CB4B28 /* PBXContainerItemProxy */ = {
			isa = PBXContainerItemProxy;
			containerPortal = 5B0186AB1782ACC400CB4B28 /* Project object */;
			proxyType = 1;
			remoteGlobalIDString = 5B0186B21782ACC500CB4B28;
			remoteInfo = BankAccount;
		};
/* End PBXContainerItemProxy section */

/* Begin PBXFileReference section */
		5B0186B31782ACC500CB4B28 /* BankAccount.app */ = {isa = PBXFileReference; explicitFileType = wrapper.application; includeInIndex = 0; path = BankAccount.app; sourceTree = BUILT_PRODUCTS_DIR; };
		5B0186B61782ACC500CB4B28 /* UIKit.framework */ = {isa = PBXFileReference; lastKnownFileType = wrapper.framework; name = UIKit.framework; path = System/Library/Frameworks/UIKit.framework; sourceTree = SDKROOT; };
		5B0186B81782ACC500CB4B28 /* Foundation.framework */ = {isa = PBXFileReference; lastKnownFileType = wrapper.framework; name = Foundation.framework; path = System/Library/Frameworks/Foundation.framework; sourceTree = SDKROOT; };
		5B0186BA1782ACC500CB4B28 /* CoreGraphics.framework */ = {isa = PBXFileReference; lastKnownFileType = wrapper.framework; name = CoreGraphics.framework; path = System/Library/Frameworks/CoreGraphics.framework; sourceTree = SDKROOT; };
		5B0186BE1782ACC500CB4B28 /* BankAccount-Info.plist */ = {isa = PBXFileReference; lastKnownFileType = text.plist.xml; path = "BankAccount-Info.plist"; sourceTree = "<group>"; };
		5B0186C01782ACC500CB4B28 /* en */ = {isa = PBXFileReference; lastKnownFileType = text.plist.strings; name = en; path = en.lproj/InfoPlist.strings; sourceTree = "<group>"; };
		5B0186C21782ACC500CB4B28 /* main.m */ = {isa = PBXFileReference; lastKnownFileType = sourcecode.c.objc; path = main.m; sourceTree = "<group>"; };
		5B0186C41782ACC500CB4B28 /* BankAccount-Prefix.pch */ = {isa = PBXFileReference; lastKnownFileType = sourcecode.c.h; path = "BankAccount-Prefix.pch"; sourceTree = "<group>"; };
		5B0186C51782ACC500CB4B28 /* AppDelegate.h */ = {isa = PBXFileReference; lastKnownFileType = sourcecode.c.h; path = AppDelegate.h; sourceTree = "<group>"; };
		5B0186C61782ACC500CB4B28 /* AppDelegate.m */ = {isa = PBXFileReference; lastKnownFileType = sourcecode.c.objc; path = AppDelegate.m; sourceTree = "<group>"; };
		5B0186C81782ACC500CB4B28 /* Default.png */ = {isa = PBXFileReference; lastKnownFileType = image.png; path = Default.png; sourceTree = "<group>"; };
		5B0186CA1782ACC500CB4B28 /* Default@2x.png */ = {isa = PBXFileReference; lastKnownFileType = image.png; path = "Default@2x.png"; sourceTree = "<group>"; };
		5B0186CC1782ACC500CB4B28 /* Default-568h@2x.png */ = {isa = PBXFileReference; lastKnownFileType = image.png; path = "Default-568h@2x.png"; sourceTree = "<group>"; };
		5B0186CE1782ACC500CB4B28 /* ViewController.h */ = {isa = PBXFileReference; lastKnownFileType = sourcecode.c.h; path = ViewController.h; sourceTree = "<group>"; };
		5B0186CF1782ACC500CB4B28 /* ViewController.m */ = {isa = PBXFileReference; lastKnownFileType = sourcecode.c.objc; path = ViewController.m; sourceTree = "<group>"; };
		5B0186D21782ACC500CB4B28 /* en */ = {isa = PBXFileReference; lastKnownFileType = file.xib; name = en; path = en.lproj/ViewController.xib; sourceTree = "<group>"; };
		5B0186D91782ACC500CB4B28 /* BankAccountTests.octest */ = {isa = PBXFileReference; explicitFileType = wrapper.cfbundle; includeInIndex = 0; path = BankAccountTests.octest; sourceTree = BUILT_PRODUCTS_DIR; };
		5B0186E21782ACC500CB4B28 /* BankAccountTests-Info.plist */ = {isa = PBXFileReference; lastKnownFileType = text.plist.xml; path = "BankAccountTests-Info.plist"; sourceTree = "<group>"; };
		5B0186E41782ACC500CB4B28 /* en */ = {isa = PBXFileReference; lastKnownFileType = text.plist.strings; name = en; path = en.lproj/InfoPlist.strings; sourceTree = "<group>"; };
		5B0186E61782ACC500CB4B28 /* BankAccountTests.h */ = {isa = PBXFileReference; lastKnownFileType = sourcecode.c.h; path = BankAccountTests.h; sourceTree = "<group>"; };
		5B0186E71782ACC500CB4B28 /* BankAccountTests.m */ = {isa = PBXFileReference; lastKnownFileType = sourcecode.c.objc; path = BankAccountTests.m; sourceTree = "<group>"; };
		5B0187F21782AD6400CB4B28 /* BankAccount.h */ = {isa = PBXFileReference; fileEncoding = 4; lastKnownFileType = sourcecode.c.h; path = BankAccount.h; sourceTree = "<group>"; };
		5B0187F31782AD6400CB4B28 /* BankAccount.m */ = {isa = PBXFileReference; fileEncoding = 4; lastKnownFileType = sourcecode.c.objc; path = BankAccount.m; sourceTree = "<group>"; };
		5B0187F51782ADCB00CB4B28 /* BankAccountDAO.h */ = {isa = PBXFileReference; fileEncoding = 4; lastKnownFileType = sourcecode.c.h; path = BankAccountDAO.h; sourceTree = "<group>"; };
		5B0187F61782ADCB00CB4B28 /* BankAccountDAO.m */ = {isa = PBXFileReference; fileEncoding = 4; lastKnownFileType = sourcecode.c.objc; path = BankAccountDAO.m; sourceTree = "<group>"; };
		5B0187F81782B45600CB4B28 /* SenTestingKit.framework */ = {isa = PBXFileReference; lastKnownFileType = wrapper.framework; name = SenTestingKit.framework; path = Library/Frameworks/SenTestingKit.framework; sourceTree = DEVELOPER_DIR; };
		5B0187FB1782B53600CB4B28 /* Kiwi.h */ = {isa = PBXFileReference; fileEncoding = 4; lastKnownFileType = sourcecode.c.h; name = Kiwi.h; path = Classes/Kiwi.h; sourceTree = "<group>"; };
		5B0187FC1782B53600CB4B28 /* KiwiBlockMacros.h */ = {isa = PBXFileReference; fileEncoding = 4; lastKnownFileType = sourcecode.c.h; name = KiwiBlockMacros.h; path = Classes/KiwiBlockMacros.h; sourceTree = "<group>"; };
		5B0187FD1782B53600CB4B28 /* KiwiConfiguration.h */ = {isa = PBXFileReference; fileEncoding = 4; lastKnownFileType = sourcecode.c.h; name = KiwiConfiguration.h; path = Classes/KiwiConfiguration.h; sourceTree = "<group>"; };
		5B0187FE1782B53600CB4B28 /* KiwiMacros.h */ = {isa = PBXFileReference; fileEncoding = 4; lastKnownFileType = sourcecode.c.h; name = KiwiMacros.h; path = Classes/KiwiMacros.h; sourceTree = "<group>"; };
		5B0187FF1782B53600CB4B28 /* KWAfterAllNode.h */ = {isa = PBXFileReference; fileEncoding = 4; lastKnownFileType = sourcecode.c.h; name = KWAfterAllNode.h; path = Classes/KWAfterAllNode.h; sourceTree = "<group>"; };
		5B0188001782B53600CB4B28 /* KWAfterAllNode.m */ = {isa = PBXFileReference; fileEncoding = 4; lastKnownFileType = sourcecode.c.objc; name = KWAfterAllNode.m; path = Classes/KWAfterAllNode.m; sourceTree = "<group>"; };
		5B0188011782B53600CB4B28 /* KWAfterEachNode.h */ = {isa = PBXFileReference; fileEncoding = 4; lastKnownFileType = sourcecode.c.h; name = KWAfterEachNode.h; path = Classes/KWAfterEachNode.h; sourceTree = "<group>"; };
		5B0188021782B53600CB4B28 /* KWAfterEachNode.m */ = {isa = PBXFileReference; fileEncoding = 4; lastKnownFileType = sourcecode.c.objc; name = KWAfterEachNode.m; path = Classes/KWAfterEachNode.m; sourceTree = "<group>"; };
		5B0188031782B53600CB4B28 /* KWAny.h */ = {isa = PBXFileReference; fileEncoding = 4; lastKnownFileType = sourcecode.c.h; name = KWAny.h; path = Classes/KWAny.h; sourceTree = "<group>"; };
		5B0188041782B53600CB4B28 /* KWAny.m */ = {isa = PBXFileReference; fileEncoding = 4; lastKnownFileType = sourcecode.c.objc; name = KWAny.m; path = Classes/KWAny.m; sourceTree = "<group>"; };
		5B0188051782B53600CB4B28 /* KWAsyncVerifier.h */ = {isa = PBXFileReference; fileEncoding = 4; lastKnownFileType = sourcecode.c.h; name = KWAsyncVerifier.h; path = Classes/KWAsyncVerifier.h; sourceTree = "<group>"; };
		5B0188061782B53600CB4B28 /* KWAsyncVerifier.m */ = {isa = PBXFileReference; fileEncoding = 4; lastKnownFileType = sourcecode.c.objc; name = KWAsyncVerifier.m; path = Classes/KWAsyncVerifier.m; sourceTree = "<group>"; };
		5B0188071782B53600CB4B28 /* KWBeBetweenMatcher.h */ = {isa = PBXFileReference; fileEncoding = 4; lastKnownFileType = sourcecode.c.h; name = KWBeBetweenMatcher.h; path = Classes/KWBeBetweenMatcher.h; sourceTree = "<group>"; };
		5B0188081782B53600CB4B28 /* KWBeBetweenMatcher.m */ = {isa = PBXFileReference; fileEncoding = 4; lastKnownFileType = sourcecode.c.objc; name = KWBeBetweenMatcher.m; path = Classes/KWBeBetweenMatcher.m; sourceTree = "<group>"; };
		5B0188091782B53600CB4B28 /* KWBeEmptyMatcher.h */ = {isa = PBXFileReference; fileEncoding = 4; lastKnownFileType = sourcecode.c.h; name = KWBeEmptyMatcher.h; path = Classes/KWBeEmptyMatcher.h; sourceTree = "<group>"; };
		5B01880A1782B53600CB4B28 /* KWBeEmptyMatcher.m */ = {isa = PBXFileReference; fileEncoding = 4; lastKnownFileType = sourcecode.c.objc; name = KWBeEmptyMatcher.m; path = Classes/KWBeEmptyMatcher.m; sourceTree = "<group>"; };
		5B01880B1782B53600CB4B28 /* KWBeforeAllNode.h */ = {isa = PBXFileReference; fileEncoding = 4; lastKnownFileType = sourcecode.c.h; name = KWBeforeAllNode.h; path = Classes/KWBeforeAllNode.h; sourceTree = "<group>"; };
		5B01880C1782B53600CB4B28 /* KWBeforeAllNode.m */ = {isa = PBXFileReference; fileEncoding = 4; lastKnownFileType = sourcecode.c.objc; name = KWBeforeAllNode.m; path = Classes/KWBeforeAllNode.m; sourceTree = "<group>"; };
		5B01880D1782B53600CB4B28 /* KWBeforeEachNode.h */ = {isa = PBXFileReference; fileEncoding = 4; lastKnownFileType = sourcecode.c.h; name = KWBeforeEachNode.h; path = Classes/KWBeforeEachNode.h; sourceTree = "<group>"; };
		5B01880E1782B53600CB4B28 /* KWBeforeEachNode.m */ = {isa = PBXFileReference; fileEncoding = 4; lastKnownFileType = sourcecode.c.objc; name = KWBeforeEachNode.m; path = Classes/KWBeforeEachNode.m; sourceTree = "<group>"; };
		5B01880F1782B53600CB4B28 /* KWBeIdenticalToMatcher.h */ = {isa = PBXFileReference; fileEncoding = 4; lastKnownFileType = sourcecode.c.h; name = KWBeIdenticalToMatcher.h; path = Classes/KWBeIdenticalToMatcher.h; sourceTree = "<group>"; };
		5B0188101782B53600CB4B28 /* KWBeIdenticalToMatcher.m */ = {isa = PBXFileReference; fileEncoding = 4; lastKnownFileType = sourcecode.c.objc; name = KWBeIdenticalToMatcher.m; path = Classes/KWBeIdenticalToMatcher.m; sourceTree = "<group>"; };
		5B0188111782B53600CB4B28 /* KWBeKindOfClassMatcher.h */ = {isa = PBXFileReference; fileEncoding = 4; lastKnownFileType = sourcecode.c.h; name = KWBeKindOfClassMatcher.h; path = Classes/KWBeKindOfClassMatcher.h; sourceTree = "<group>"; };
		5B0188121782B53600CB4B28 /* KWBeKindOfClassMatcher.m */ = {isa = PBXFileReference; fileEncoding = 4; lastKnownFileType = sourcecode.c.objc; name = KWBeKindOfClassMatcher.m; path = Classes/KWBeKindOfClassMatcher.m; sourceTree = "<group>"; };
		5B0188131782B53600CB4B28 /* KWBeMemberOfClassMatcher.h */ = {isa = PBXFileReference; fileEncoding = 4; lastKnownFileType = sourcecode.c.h; name = KWBeMemberOfClassMatcher.h; path = Classes/KWBeMemberOfClassMatcher.h; sourceTree = "<group>"; };
		5B0188141782B53600CB4B28 /* KWBeMemberOfClassMatcher.m */ = {isa = PBXFileReference; fileEncoding = 4; lastKnownFileType = sourcecode.c.objc; name = KWBeMemberOfClassMatcher.m; path = Classes/KWBeMemberOfClassMatcher.m; sourceTree = "<group>"; };
		5B0188151782B53600CB4B28 /* KWBeSubclassOfClassMatcher.h */ = {isa = PBXFileReference; fileEncoding = 4; lastKnownFileType = sourcecode.c.h; name = KWBeSubclassOfClassMatcher.h; path = Classes/KWBeSubclassOfClassMatcher.h; sourceTree = "<group>"; };
		5B0188161782B53600CB4B28 /* KWBeSubclassOfClassMatcher.m */ = {isa = PBXFileReference; fileEncoding = 4; lastKnownFileType = sourcecode.c.objc; name = KWBeSubclassOfClassMatcher.m; path = Classes/KWBeSubclassOfClassMatcher.m; sourceTree = "<group>"; };
		5B0188171782B53600CB4B28 /* KWBeTrueMatcher.h */ = {isa = PBXFileReference; fileEncoding = 4; lastKnownFileType = sourcecode.c.h; name = KWBeTrueMatcher.h; path = Classes/KWBeTrueMatcher.h; sourceTree = "<group>"; };
		5B0188181782B53600CB4B28 /* KWBeTrueMatcher.m */ = {isa = PBXFileReference; fileEncoding = 4; lastKnownFileType = sourcecode.c.objc; name = KWBeTrueMatcher.m; path = Classes/KWBeTrueMatcher.m; sourceTree = "<group>"; };
		5B0188191782B53600CB4B28 /* KWBeWithinMatcher.h */ = {isa = PBXFileReference; fileEncoding = 4; lastKnownFileType = sourcecode.c.h; name = KWBeWithinMatcher.h; path = Classes/KWBeWithinMatcher.h; sourceTree = "<group>"; };
		5B01881A1782B53600CB4B28 /* KWBeWithinMatcher.m */ = {isa = PBXFileReference; fileEncoding = 4; lastKnownFileType = sourcecode.c.objc; name = KWBeWithinMatcher.m; path = Classes/KWBeWithinMatcher.m; sourceTree = "<group>"; };
		5B01881B1782B53600CB4B28 /* KWBeZeroMatcher.h */ = {isa = PBXFileReference; fileEncoding = 4; lastKnownFileType = sourcecode.c.h; name = KWBeZeroMatcher.h; path = Classes/KWBeZeroMatcher.h; sourceTree = "<group>"; };
		5B01881C1782B53600CB4B28 /* KWBeZeroMatcher.m */ = {isa = PBXFileReference; fileEncoding = 4; lastKnownFileType = sourcecode.c.objc; name = KWBeZeroMatcher.m; path = Classes/KWBeZeroMatcher.m; sourceTree = "<group>"; };
		5B01881D1782B53600CB4B28 /* KWBlock.h */ = {isa = PBXFileReference; fileEncoding = 4; lastKnownFileType = sourcecode.c.h; name = KWBlock.h; path = Classes/KWBlock.h; sourceTree = "<group>"; };
		5B01881E1782B53600CB4B28 /* KWBlock.m */ = {isa = PBXFileReference; fileEncoding = 4; lastKnownFileType = sourcecode.c.objc; name = KWBlock.m; path = Classes/KWBlock.m; sourceTree = "<group>"; };
		5B01881F1782B53600CB4B28 /* KWBlockNode.h */ = {isa = PBXFileReference; fileEncoding = 4; lastKnownFileType = sourcecode.c.h; name = KWBlockNode.h; path = Classes/KWBlockNode.h; sourceTree = "<group>"; };
		5B0188201782B53600CB4B28 /* KWBlockNode.m */ = {isa = PBXFileReference; fileEncoding = 4; lastKnownFileType = sourcecode.c.objc; name = KWBlockNode.m; path = Classes/KWBlockNode.m; sourceTree = "<group>"; };
		5B0188211782B53600CB4B28 /* KWBlockRaiseMatcher.h */ = {isa = PBXFileReference; fileEncoding = 4; lastKnownFileType = sourcecode.c.h; name = KWBlockRaiseMatcher.h; path = Classes/KWBlockRaiseMatcher.h; sourceTree = "<group>"; };
		5B0188221782B53600CB4B28 /* KWBlockRaiseMatcher.m */ = {isa = PBXFileReference; fileEncoding = 4; lastKnownFileType = sourcecode.c.objc; name = KWBlockRaiseMatcher.m; path = Classes/KWBlockRaiseMatcher.m; sourceTree = "<group>"; };
		5B0188231782B53600CB4B28 /* KWCallSite.h */ = {isa = PBXFileReference; fileEncoding = 4; lastKnownFileType = sourcecode.c.h; name = KWCallSite.h; path = Classes/KWCallSite.h; sourceTree = "<group>"; };
		5B0188241782B53600CB4B28 /* KWCallSite.m */ = {isa = PBXFileReference; fileEncoding = 4; lastKnownFileType = sourcecode.c.objc; name = KWCallSite.m; path = Classes/KWCallSite.m; sourceTree = "<group>"; };
		5B0188251782B53600CB4B28 /* KWCaptureSpy.h */ = {isa = PBXFileReference; fileEncoding = 4; lastKnownFileType = sourcecode.c.h; name = KWCaptureSpy.h; path = Classes/KWCaptureSpy.h; sourceTree = "<group>"; };
		5B0188261782B53600CB4B28 /* KWCaptureSpy.m */ = {isa = PBXFileReference; fileEncoding = 4; lastKnownFileType = sourcecode.c.objc; name = KWCaptureSpy.m; path = Classes/KWCaptureSpy.m; sourceTree = "<group>"; };
		5B0188271782B53600CB4B28 /* KWChangeMatcher.h */ = {isa = PBXFileReference; fileEncoding = 4; lastKnownFileType = sourcecode.c.h; name = KWChangeMatcher.h; path = Classes/KWChangeMatcher.h; sourceTree = "<group>"; };
		5B0188281782B53600CB4B28 /* KWChangeMatcher.m */ = {isa = PBXFileReference; fileEncoding = 4; lastKnownFileType = sourcecode.c.objc; name = KWChangeMatcher.m; path = Classes/KWChangeMatcher.m; sourceTree = "<group>"; };
		5B0188291782B53600CB4B28 /* KWConformToProtocolMatcher.h */ = {isa = PBXFileReference; fileEncoding = 4; lastKnownFileType = sourcecode.c.h; name = KWConformToProtocolMatcher.h; path = Classes/KWConformToProtocolMatcher.h; sourceTree = "<group>"; };
		5B01882A1782B53600CB4B28 /* KWConformToProtocolMatcher.m */ = {isa = PBXFileReference; fileEncoding = 4; lastKnownFileType = sourcecode.c.objc; name = KWConformToProtocolMatcher.m; path = Classes/KWConformToProtocolMatcher.m; sourceTree = "<group>"; };
		5B01882B1782B53600CB4B28 /* KWContainMatcher.h */ = {isa = PBXFileReference; fileEncoding = 4; lastKnownFileType = sourcecode.c.h; name = KWContainMatcher.h; path = Classes/KWContainMatcher.h; sourceTree = "<group>"; };
		5B01882C1782B53600CB4B28 /* KWContainMatcher.m */ = {isa = PBXFileReference; fileEncoding = 4; lastKnownFileType = sourcecode.c.objc; name = KWContainMatcher.m; path = Classes/KWContainMatcher.m; sourceTree = "<group>"; };
		5B01882D1782B53600CB4B28 /* KWContainStringMatcher.h */ = {isa = PBXFileReference; fileEncoding = 4; lastKnownFileType = sourcecode.c.h; name = KWContainStringMatcher.h; path = Classes/KWContainStringMatcher.h; sourceTree = "<group>"; };
		5B01882E1782B53600CB4B28 /* KWContainStringMatcher.m */ = {isa = PBXFileReference; fileEncoding = 4; lastKnownFileType = sourcecode.c.objc; name = KWContainStringMatcher.m; path = Classes/KWContainStringMatcher.m; sourceTree = "<group>"; };
		5B01882F1782B53600CB4B28 /* KWContextNode.h */ = {isa = PBXFileReference; fileEncoding = 4; lastKnownFileType = sourcecode.c.h; name = KWContextNode.h; path = Classes/KWContextNode.h; sourceTree = "<group>"; };
		5B0188301782B53600CB4B28 /* KWContextNode.m */ = {isa = PBXFileReference; fileEncoding = 4; lastKnownFileType = sourcecode.c.objc; name = KWContextNode.m; path = Classes/KWContextNode.m; sourceTree = "<group>"; };
		5B0188311782B53600CB4B28 /* KWCountType.h */ = {isa = PBXFileReference; fileEncoding = 4; lastKnownFileType = sourcecode.c.h; name = KWCountType.h; path = Classes/KWCountType.h; sourceTree = "<group>"; };
		5B0188321782B53600CB4B28 /* KWDeviceInfo.h */ = {isa = PBXFileReference; fileEncoding = 4; lastKnownFileType = sourcecode.c.h; name = KWDeviceInfo.h; path = Classes/KWDeviceInfo.h; sourceTree = "<group>"; };
		5B0188331782B53600CB4B28 /* KWDeviceInfo.m */ = {isa = PBXFileReference; fileEncoding = 4; lastKnownFileType = sourcecode.c.objc; name = KWDeviceInfo.m; path = Classes/KWDeviceInfo.m; sourceTree = "<group>"; };
		5B0188341782B53600CB4B28 /* KWEqualMatcher.h */ = {isa = PBXFileReference; fileEncoding = 4; lastKnownFileType = sourcecode.c.h; name = KWEqualMatcher.h; path = Classes/KWEqualMatcher.h; sourceTree = "<group>"; };
		5B0188351782B53600CB4B28 /* KWEqualMatcher.m */ = {isa = PBXFileReference; fileEncoding = 4; lastKnownFileType = sourcecode.c.objc; name = KWEqualMatcher.m; path = Classes/KWEqualMatcher.m; sourceTree = "<group>"; };
		5B0188361782B53600CB4B28 /* KWExample.h */ = {isa = PBXFileReference; fileEncoding = 4; lastKnownFileType = sourcecode.c.h; name = KWExample.h; path = Classes/KWExample.h; sourceTree = "<group>"; };
		5B0188371782B53600CB4B28 /* KWExample.m */ = {isa = PBXFileReference; fileEncoding = 4; lastKnownFileType = sourcecode.c.objc; name = KWExample.m; path = Classes/KWExample.m; sourceTree = "<group>"; };
		5B0188381782B53600CB4B28 /* KWExampleGroupBuilder.h */ = {isa = PBXFileReference; fileEncoding = 4; lastKnownFileType = sourcecode.c.h; name = KWExampleGroupBuilder.h; path = Classes/KWExampleGroupBuilder.h; sourceTree = "<group>"; };
		5B0188391782B53600CB4B28 /* KWExampleGroupBuilder.m */ = {isa = PBXFileReference; fileEncoding = 4; lastKnownFileType = sourcecode.c.objc; name = KWExampleGroupBuilder.m; path = Classes/KWExampleGroupBuilder.m; sourceTree = "<group>"; };
		5B01883A1782B53600CB4B28 /* KWExampleGroupDelegate.h */ = {isa = PBXFileReference; fileEncoding = 4; lastKnownFileType = sourcecode.c.h; name = KWExampleGroupDelegate.h; path = Classes/KWExampleGroupDelegate.h; sourceTree = "<group>"; };
		5B01883B1782B53600CB4B28 /* KWExampleNode.h */ = {isa = PBXFileReference; fileEncoding = 4; lastKnownFileType = sourcecode.c.h; name = KWExampleNode.h; path = Classes/KWExampleNode.h; sourceTree = "<group>"; };
		5B01883C1782B53600CB4B28 /* KWExampleNodeVisitor.h */ = {isa = PBXFileReference; fileEncoding = 4; lastKnownFileType = sourcecode.c.h; name = KWExampleNodeVisitor.h; path = Classes/KWExampleNodeVisitor.h; sourceTree = "<group>"; };
		5B01883D1782B53600CB4B28 /* KWExampleSuite.h */ = {isa = PBXFileReference; fileEncoding = 4; lastKnownFileType = sourcecode.c.h; name = KWExampleSuite.h; path = Classes/KWExampleSuite.h; sourceTree = "<group>"; };
		5B01883E1782B53600CB4B28 /* KWExampleSuite.m */ = {isa = PBXFileReference; fileEncoding = 4; lastKnownFileType = sourcecode.c.objc; name = KWExampleSuite.m; path = Classes/KWExampleSuite.m; sourceTree = "<group>"; };
		5B01883F1782B53600CB4B28 /* KWExistVerifier.h */ = {isa = PBXFileReference; fileEncoding = 4; lastKnownFileType = sourcecode.c.h; name = KWExistVerifier.h; path = Classes/KWExistVerifier.h; sourceTree = "<group>"; };
		5B0188401782B53600CB4B28 /* KWExistVerifier.m */ = {isa = PBXFileReference; fileEncoding = 4; lastKnownFileType = sourcecode.c.objc; name = KWExistVerifier.m; path = Classes/KWExistVerifier.m; sourceTree = "<group>"; };
		5B0188411782B53600CB4B28 /* KWExpectationType.h */ = {isa = PBXFileReference; fileEncoding = 4; lastKnownFileType = sourcecode.c.h; name = KWExpectationType.h; path = Classes/KWExpectationType.h; sourceTree = "<group>"; };
		5B0188421782B53600CB4B28 /* KWFailure.h */ = {isa = PBXFileReference; fileEncoding = 4; lastKnownFileType = sourcecode.c.h; name = KWFailure.h; path = Classes/KWFailure.h; sourceTree = "<group>"; };
		5B0188431782B53600CB4B28 /* KWFailure.m */ = {isa = PBXFileReference; fileEncoding = 4; lastKnownFileType = sourcecode.c.objc; name = KWFailure.m; path = Classes/KWFailure.m; sourceTree = "<group>"; };
		5B0188441782B53600CB4B28 /* KWFormatter.h */ = {isa = PBXFileReference; fileEncoding = 4; lastKnownFileType = sourcecode.c.h; name = KWFormatter.h; path = Classes/KWFormatter.h; sourceTree = "<group>"; };
		5B0188451782B53600CB4B28 /* KWFormatter.m */ = {isa = PBXFileReference; fileEncoding = 4; lastKnownFileType = sourcecode.c.objc; name = KWFormatter.m; path = Classes/KWFormatter.m; sourceTree = "<group>"; };
		5B0188461782B53600CB4B28 /* KWFutureObject.h */ = {isa = PBXFileReference; fileEncoding = 4; lastKnownFileType = sourcecode.c.h; name = KWFutureObject.h; path = Classes/KWFutureObject.h; sourceTree = "<group>"; };
		5B0188471782B53600CB4B28 /* KWFutureObject.m */ = {isa = PBXFileReference; fileEncoding = 4; lastKnownFileType = sourcecode.c.objc; name = KWFutureObject.m; path = Classes/KWFutureObject.m; sourceTree = "<group>"; };
		5B0188481782B53600CB4B28 /* KWGenericMatcher.h */ = {isa = PBXFileReference; fileEncoding = 4; lastKnownFileType = sourcecode.c.h; name = KWGenericMatcher.h; path = Classes/KWGenericMatcher.h; sourceTree = "<group>"; };
		5B0188491782B53600CB4B28 /* KWGenericMatcher.m */ = {isa = PBXFileReference; fileEncoding = 4; lastKnownFileType = sourcecode.c.objc; name = KWGenericMatcher.m; path = Classes/KWGenericMatcher.m; sourceTree = "<group>"; };
		5B01884A1782B53600CB4B28 /* KWGenericMatchEvaluator.h */ = {isa = PBXFileReference; fileEncoding = 4; lastKnownFileType = sourcecode.c.h; name = KWGenericMatchEvaluator.h; path = Classes/KWGenericMatchEvaluator.h; sourceTree = "<group>"; };
		5B01884B1782B53600CB4B28 /* KWGenericMatchEvaluator.m */ = {isa = PBXFileReference; fileEncoding = 4; lastKnownFileType = sourcecode.c.objc; name = KWGenericMatchEvaluator.m; path = Classes/KWGenericMatchEvaluator.m; sourceTree = "<group>"; };
		5B01884C1782B53600CB4B28 /* KWGenericMatchingAdditions.h */ = {isa = PBXFileReference; fileEncoding = 4; lastKnownFileType = sourcecode.c.h; name = KWGenericMatchingAdditions.h; path = Classes/KWGenericMatchingAdditions.h; sourceTree = "<group>"; };
		5B01884D1782B53600CB4B28 /* KWGenericMatchingAdditions.m */ = {isa = PBXFileReference; fileEncoding = 4; lastKnownFileType = sourcecode.c.objc; name = KWGenericMatchingAdditions.m; path = Classes/KWGenericMatchingAdditions.m; sourceTree = "<group>"; };
		5B01884E1782B53600CB4B28 /* KWHaveMatcher.h */ = {isa = PBXFileReference; fileEncoding = 4; lastKnownFileType = sourcecode.c.h; name = KWHaveMatcher.h; path = Classes/KWHaveMatcher.h; sourceTree = "<group>"; };
		5B01884F1782B53600CB4B28 /* KWHaveMatcher.m */ = {isa = PBXFileReference; fileEncoding = 4; lastKnownFileType = sourcecode.c.objc; name = KWHaveMatcher.m; path = Classes/KWHaveMatcher.m; sourceTree = "<group>"; };
		5B0188501782B53600CB4B28 /* KWHaveValueMatcher.h */ = {isa = PBXFileReference; fileEncoding = 4; lastKnownFileType = sourcecode.c.h; name = KWHaveValueMatcher.h; path = Classes/KWHaveValueMatcher.h; sourceTree = "<group>"; };
		5B0188511782B53600CB4B28 /* KWHaveValueMatcher.m */ = {isa = PBXFileReference; fileEncoding = 4; lastKnownFileType = sourcecode.c.objc; name = KWHaveValueMatcher.m; path = Classes/KWHaveValueMatcher.m; sourceTree = "<group>"; };
		5B0188521782B53600CB4B28 /* KWInequalityMatcher.h */ = {isa = PBXFileReference; fileEncoding = 4; lastKnownFileType = sourcecode.c.h; name = KWInequalityMatcher.h; path = Classes/KWInequalityMatcher.h; sourceTree = "<group>"; };
		5B0188531782B53600CB4B28 /* KWInequalityMatcher.m */ = {isa = PBXFileReference; fileEncoding = 4; lastKnownFileType = sourcecode.c.objc; name = KWInequalityMatcher.m; path = Classes/KWInequalityMatcher.m; sourceTree = "<group>"; };
		5B0188541782B53600CB4B28 /* KWIntercept.h */ = {isa = PBXFileReference; fileEncoding = 4; lastKnownFileType = sourcecode.c.h; name = KWIntercept.h; path = Classes/KWIntercept.h; sourceTree = "<group>"; };
		5B0188551782B53600CB4B28 /* KWIntercept.m */ = {isa = PBXFileReference; fileEncoding = 4; lastKnownFileType = sourcecode.c.objc; name = KWIntercept.m; path = Classes/KWIntercept.m; sourceTree = "<group>"; };
		5B0188561782B53600CB4B28 /* KWInvocationCapturer.h */ = {isa = PBXFileReference; fileEncoding = 4; lastKnownFileType = sourcecode.c.h; name = KWInvocationCapturer.h; path = Classes/KWInvocationCapturer.h; sourceTree = "<group>"; };
		5B0188571782B53600CB4B28 /* KWInvocationCapturer.m */ = {isa = PBXFileReference; fileEncoding = 4; lastKnownFileType = sourcecode.c.objc; name = KWInvocationCapturer.m; path = Classes/KWInvocationCapturer.m; sourceTree = "<group>"; };
		5B0188581782B53600CB4B28 /* KWItNode.h */ = {isa = PBXFileReference; fileEncoding = 4; lastKnownFileType = sourcecode.c.h; name = KWItNode.h; path = Classes/KWItNode.h; sourceTree = "<group>"; };
		5B0188591782B53600CB4B28 /* KWItNode.m */ = {isa = PBXFileReference; fileEncoding = 4; lastKnownFileType = sourcecode.c.objc; name = KWItNode.m; path = Classes/KWItNode.m; sourceTree = "<group>"; };
		5B01885A1782B53600CB4B28 /* KWMatcher.h */ = {isa = PBXFileReference; fileEncoding = 4; lastKnownFileType = sourcecode.c.h; name = KWMatcher.h; path = Classes/KWMatcher.h; sourceTree = "<group>"; };
		5B01885B1782B53600CB4B28 /* KWMatcher.m */ = {isa = PBXFileReference; fileEncoding = 4; lastKnownFileType = sourcecode.c.objc; name = KWMatcher.m; path = Classes/KWMatcher.m; sourceTree = "<group>"; };
		5B01885C1782B53600CB4B28 /* KWMatcherFactory.h */ = {isa = PBXFileReference; fileEncoding = 4; lastKnownFileType = sourcecode.c.h; name = KWMatcherFactory.h; path = Classes/KWMatcherFactory.h; sourceTree = "<group>"; };
		5B01885D1782B53600CB4B28 /* KWMatcherFactory.m */ = {isa = PBXFileReference; fileEncoding = 4; lastKnownFileType = sourcecode.c.objc; name = KWMatcherFactory.m; path = Classes/KWMatcherFactory.m; sourceTree = "<group>"; };
		5B01885E1782B53600CB4B28 /* KWMatchers.h */ = {isa = PBXFileReference; fileEncoding = 4; lastKnownFileType = sourcecode.c.h; name = KWMatchers.h; path = Classes/KWMatchers.h; sourceTree = "<group>"; };
		5B01885F1782B53600CB4B28 /* KWMatchers.m */ = {isa = PBXFileReference; fileEncoding = 4; lastKnownFileType = sourcecode.c.objc; name = KWMatchers.m; path = Classes/KWMatchers.m; sourceTree = "<group>"; };
		5B0188601782B53600CB4B28 /* KWMatching.h */ = {isa = PBXFileReference; fileEncoding = 4; lastKnownFileType = sourcecode.c.h; name = KWMatching.h; path = Classes/KWMatching.h; sourceTree = "<group>"; };
		5B0188611782B53600CB4B28 /* KWMatchVerifier.h */ = {isa = PBXFileReference; fileEncoding = 4; lastKnownFileType = sourcecode.c.h; name = KWMatchVerifier.h; path = Classes/KWMatchVerifier.h; sourceTree = "<group>"; };
		5B0188621782B53600CB4B28 /* KWMatchVerifier.m */ = {isa = PBXFileReference; fileEncoding = 4; lastKnownFileType = sourcecode.c.objc; name = KWMatchVerifier.m; path = Classes/KWMatchVerifier.m; sourceTree = "<group>"; };
		5B0188631782B53600CB4B28 /* KWMessagePattern.h */ = {isa = PBXFileReference; fileEncoding = 4; lastKnownFileType = sourcecode.c.h; name = KWMessagePattern.h; path = Classes/KWMessagePattern.h; sourceTree = "<group>"; };
		5B0188641782B53600CB4B28 /* KWMessagePattern.m */ = {isa = PBXFileReference; fileEncoding = 4; lastKnownFileType = sourcecode.c.objc; name = KWMessagePattern.m; path = Classes/KWMessagePattern.m; sourceTree = "<group>"; };
		5B0188651782B53600CB4B28 /* KWMessageSpying.h */ = {isa = PBXFileReference; fileEncoding = 4; lastKnownFileType = sourcecode.c.h; name = KWMessageSpying.h; path = Classes/KWMessageSpying.h; sourceTree = "<group>"; };
		5B0188661782B53600CB4B28 /* KWMessageTracker.h */ = {isa = PBXFileReference; fileEncoding = 4; lastKnownFileType = sourcecode.c.h; name = KWMessageTracker.h; path = Classes/KWMessageTracker.h; sourceTree = "<group>"; };
		5B0188671782B53600CB4B28 /* KWMessageTracker.m */ = {isa = PBXFileReference; fileEncoding = 4; lastKnownFileType = sourcecode.c.objc; name = KWMessageTracker.m; path = Classes/KWMessageTracker.m; sourceTree = "<group>"; };
		5B0188681782B53600CB4B28 /* KWMock.h */ = {isa = PBXFileReference; fileEncoding = 4; lastKnownFileType = sourcecode.c.h; name = KWMock.h; path = Classes/KWMock.h; sourceTree = "<group>"; };
		5B0188691782B53600CB4B28 /* KWMock.m */ = {isa = PBXFileReference; fileEncoding = 4; lastKnownFileType = sourcecode.c.objc; name = KWMock.m; path = Classes/KWMock.m; sourceTree = "<group>"; };
		5B01886A1782B53600CB4B28 /* KWNull.h */ = {isa = PBXFileReference; fileEncoding = 4; lastKnownFileType = sourcecode.c.h; name = KWNull.h; path = Classes/KWNull.h; sourceTree = "<group>"; };
		5B01886B1782B53600CB4B28 /* KWNull.m */ = {isa = PBXFileReference; fileEncoding = 4; lastKnownFileType = sourcecode.c.objc; name = KWNull.m; path = Classes/KWNull.m; sourceTree = "<group>"; };
		5B01886C1782B53600CB4B28 /* KWObjCUtilities.h */ = {isa = PBXFileReference; fileEncoding = 4; lastKnownFileType = sourcecode.c.h; name = KWObjCUtilities.h; path = Classes/KWObjCUtilities.h; sourceTree = "<group>"; };
		5B01886D1782B53600CB4B28 /* KWObjCUtilities.m */ = {isa = PBXFileReference; fileEncoding = 4; lastKnownFileType = sourcecode.c.objc; name = KWObjCUtilities.m; path = Classes/KWObjCUtilities.m; sourceTree = "<group>"; };
		5B01886E1782B53600CB4B28 /* KWPendingNode.h */ = {isa = PBXFileReference; fileEncoding = 4; lastKnownFileType = sourcecode.c.h; name = KWPendingNode.h; path = Classes/KWPendingNode.h; sourceTree = "<group>"; };
		5B01886F1782B53600CB4B28 /* KWPendingNode.m */ = {isa = PBXFileReference; fileEncoding = 4; lastKnownFileType = sourcecode.c.objc; name = KWPendingNode.m; path = Classes/KWPendingNode.m; sourceTree = "<group>"; };
		5B0188701782B53600CB4B28 /* KWProbe.h */ = {isa = PBXFileReference; fileEncoding = 4; lastKnownFileType = sourcecode.c.h; name = KWProbe.h; path = Classes/KWProbe.h; sourceTree = "<group>"; };
		5B0188711782B53600CB4B28 /* KWProbePoller.h */ = {isa = PBXFileReference; fileEncoding = 4; lastKnownFileType = sourcecode.c.h; name = KWProbePoller.h; path = Classes/KWProbePoller.h; sourceTree = "<group>"; };
		5B0188721782B53600CB4B28 /* KWProbePoller.m */ = {isa = PBXFileReference; fileEncoding = 4; lastKnownFileType = sourcecode.c.objc; name = KWProbePoller.m; path = Classes/KWProbePoller.m; sourceTree = "<group>"; };
		5B0188731782B53600CB4B28 /* KWRaiseMatcher.h */ = {isa = PBXFileReference; fileEncoding = 4; lastKnownFileType = sourcecode.c.h; name = KWRaiseMatcher.h; path = Classes/KWRaiseMatcher.h; sourceTree = "<group>"; };
		5B0188741782B53600CB4B28 /* KWRaiseMatcher.m */ = {isa = PBXFileReference; fileEncoding = 4; lastKnownFileType = sourcecode.c.objc; name = KWRaiseMatcher.m; path = Classes/KWRaiseMatcher.m; sourceTree = "<group>"; };
		5B0188751782B53600CB4B28 /* KWReceiveMatcher.h */ = {isa = PBXFileReference; fileEncoding = 4; lastKnownFileType = sourcecode.c.h; name = KWReceiveMatcher.h; path = Classes/KWReceiveMatcher.h; sourceTree = "<group>"; };
		5B0188761782B53600CB4B28 /* KWReceiveMatcher.m */ = {isa = PBXFileReference; fileEncoding = 4; lastKnownFileType = sourcecode.c.objc; name = KWReceiveMatcher.m; path = Classes/KWReceiveMatcher.m; sourceTree = "<group>"; };
		5B0188771782B53600CB4B28 /* KWRegisterMatchersNode.h */ = {isa = PBXFileReference; fileEncoding = 4; lastKnownFileType = sourcecode.c.h; name = KWRegisterMatchersNode.h; path = Classes/KWRegisterMatchersNode.h; sourceTree = "<group>"; };
		5B0188781782B53600CB4B28 /* KWRegisterMatchersNode.m */ = {isa = PBXFileReference; fileEncoding = 4; lastKnownFileType = sourcecode.c.objc; name = KWRegisterMatchersNode.m; path = Classes/KWRegisterMatchersNode.m; sourceTree = "<group>"; };
		5B0188791782B53600CB4B28 /* KWRegularExpressionPatternMatcher.h */ = {isa = PBXFileReference; fileEncoding = 4; lastKnownFileType = sourcecode.c.h; name = KWRegularExpressionPatternMatcher.h; path = Classes/KWRegularExpressionPatternMatcher.h; sourceTree = "<group>"; };
		5B01887A1782B53600CB4B28 /* KWRegularExpressionPatternMatcher.m */ = {isa = PBXFileReference; fileEncoding = 4; lastKnownFileType = sourcecode.c.objc; name = KWRegularExpressionPatternMatcher.m; path = Classes/KWRegularExpressionPatternMatcher.m; sourceTree = "<group>"; };
		5B01887B1782B53600CB4B28 /* KWReporting.h */ = {isa = PBXFileReference; fileEncoding = 4; lastKnownFileType = sourcecode.c.h; name = KWReporting.h; path = Classes/KWReporting.h; sourceTree = "<group>"; };
		5B01887C1782B53600CB4B28 /* KWRespondToSelectorMatcher.h */ = {isa = PBXFileReference; fileEncoding = 4; lastKnownFileType = sourcecode.c.h; name = KWRespondToSelectorMatcher.h; path = Classes/KWRespondToSelectorMatcher.h; sourceTree = "<group>"; };
		5B01887D1782B53600CB4B28 /* KWRespondToSelectorMatcher.m */ = {isa = PBXFileReference; fileEncoding = 4; lastKnownFileType = sourcecode.c.objc; name = KWRespondToSelectorMatcher.m; path = Classes/KWRespondToSelectorMatcher.m; sourceTree = "<group>"; };
		5B01887E1782B53600CB4B28 /* KWSpec.h */ = {isa = PBXFileReference; fileEncoding = 4; lastKnownFileType = sourcecode.c.h; name = KWSpec.h; path = Classes/KWSpec.h; sourceTree = "<group>"; };
		5B01887F1782B53600CB4B28 /* KWSpec.m */ = {isa = PBXFileReference; fileEncoding = 4; lastKnownFileType = sourcecode.c.objc; name = KWSpec.m; path = Classes/KWSpec.m; sourceTree = "<group>"; };
		5B0188801782B53600CB4B28 /* KWStringContainsMatcher.h */ = {isa = PBXFileReference; fileEncoding = 4; lastKnownFileType = sourcecode.c.h; name = KWStringContainsMatcher.h; path = Classes/KWStringContainsMatcher.h; sourceTree = "<group>"; };
		5B0188811782B53600CB4B28 /* KWStringContainsMatcher.m */ = {isa = PBXFileReference; fileEncoding = 4; lastKnownFileType = sourcecode.c.objc; name = KWStringContainsMatcher.m; path = Classes/KWStringContainsMatcher.m; sourceTree = "<group>"; };
		5B0188821782B53600CB4B28 /* KWStringPrefixMatcher.h */ = {isa = PBXFileReference; fileEncoding = 4; lastKnownFileType = sourcecode.c.h; name = KWStringPrefixMatcher.h; path = Classes/KWStringPrefixMatcher.h; sourceTree = "<group>"; };
		5B0188831782B53600CB4B28 /* KWStringPrefixMatcher.m */ = {isa = PBXFileReference; fileEncoding = 4; lastKnownFileType = sourcecode.c.objc; name = KWStringPrefixMatcher.m; path = Classes/KWStringPrefixMatcher.m; sourceTree = "<group>"; };
		5B0188841782B53600CB4B28 /* KWStringUtilities.h */ = {isa = PBXFileReference; fileEncoding = 4; lastKnownFileType = sourcecode.c.h; name = KWStringUtilities.h; path = Classes/KWStringUtilities.h; sourceTree = "<group>"; };
		5B0188851782B53600CB4B28 /* KWStringUtilities.m */ = {isa = PBXFileReference; fileEncoding = 4; lastKnownFileType = sourcecode.c.objc; name = KWStringUtilities.m; path = Classes/KWStringUtilities.m; sourceTree = "<group>"; };
		5B0188861782B53600CB4B28 /* KWStub.h */ = {isa = PBXFileReference; fileEncoding = 4; lastKnownFileType = sourcecode.c.h; name = KWStub.h; path = Classes/KWStub.h; sourceTree = "<group>"; };
		5B0188871782B53600CB4B28 /* KWStub.m */ = {isa = PBXFileReference; fileEncoding = 4; lastKnownFileType = sourcecode.c.objc; name = KWStub.m; path = Classes/KWStub.m; sourceTree = "<group>"; };
		5B0188881782B53600CB4B28 /* KWSymbolicator.h */ = {isa = PBXFileReference; fileEncoding = 4; lastKnownFileType = sourcecode.c.h; name = KWSymbolicator.h; path = Classes/KWSymbolicator.h; sourceTree = "<group>"; };
		5B0188891782B53600CB4B28 /* KWSymbolicator.m */ = {isa = PBXFileReference; fileEncoding = 4; lastKnownFileType = sourcecode.c.objc; name = KWSymbolicator.m; path = Classes/KWSymbolicator.m; sourceTree = "<group>"; };
		5B01888A1782B53600CB4B28 /* KWTestCase.h */ = {isa = PBXFileReference; fileEncoding = 4; lastKnownFileType = sourcecode.c.h; name = KWTestCase.h; path = Classes/KWTestCase.h; sourceTree = "<group>"; };
		5B01888B1782B53600CB4B28 /* KWTestCase.m */ = {isa = PBXFileReference; fileEncoding = 4; lastKnownFileType = sourcecode.c.objc; name = KWTestCase.m; path = Classes/KWTestCase.m; sourceTree = "<group>"; };
		5B01888C1782B53600CB4B28 /* KWUserDefinedMatcher.h */ = {isa = PBXFileReference; fileEncoding = 4; lastKnownFileType = sourcecode.c.h; name = KWUserDefinedMatcher.h; path = Classes/KWUserDefinedMatcher.h; sourceTree = "<group>"; };
		5B01888D1782B53600CB4B28 /* KWUserDefinedMatcher.m */ = {isa = PBXFileReference; fileEncoding = 4; lastKnownFileType = sourcecode.c.objc; name = KWUserDefinedMatcher.m; path = Classes/KWUserDefinedMatcher.m; sourceTree = "<group>"; };
		5B01888E1782B53600CB4B28 /* KWValue.h */ = {isa = PBXFileReference; fileEncoding = 4; lastKnownFileType = sourcecode.c.h; name = KWValue.h; path = Classes/KWValue.h; sourceTree = "<group>"; };
		5B01888F1782B53600CB4B28 /* KWValue.m */ = {isa = PBXFileReference; fileEncoding = 4; lastKnownFileType = sourcecode.c.objc; name = KWValue.m; path = Classes/KWValue.m; sourceTree = "<group>"; };
		5B0188901782B53600CB4B28 /* KWVerifying.h */ = {isa = PBXFileReference; fileEncoding = 4; lastKnownFileType = sourcecode.c.h; name = KWVerifying.h; path = Classes/KWVerifying.h; sourceTree = "<group>"; };
		5B0188911782B53600CB4B28 /* KWWorkarounds.h */ = {isa = PBXFileReference; fileEncoding = 4; lastKnownFileType = sourcecode.c.h; name = KWWorkarounds.h; path = Classes/KWWorkarounds.h; sourceTree = "<group>"; };
		5B0188921782B53600CB4B28 /* KWWorkarounds.m */ = {isa = PBXFileReference; fileEncoding = 4; lastKnownFileType = sourcecode.c.objc; name = KWWorkarounds.m; path = Classes/KWWorkarounds.m; sourceTree = "<group>"; };
		5B0188931782B53600CB4B28 /* NSInvocation+KiwiAdditions.h */ = {isa = PBXFileReference; fileEncoding = 4; lastKnownFileType = sourcecode.c.h; name = "NSInvocation+KiwiAdditions.h"; path = "Classes/NSInvocation+KiwiAdditions.h"; sourceTree = "<group>"; };
		5B0188941782B53600CB4B28 /* NSInvocation+KiwiAdditions.m */ = {isa = PBXFileReference; fileEncoding = 4; lastKnownFileType = sourcecode.c.objc; name = "NSInvocation+KiwiAdditions.m"; path = "Classes/NSInvocation+KiwiAdditions.m"; sourceTree = "<group>"; };
		5B0188951782B53600CB4B28 /* NSInvocation+OCMAdditions.h */ = {isa = PBXFileReference; fileEncoding = 4; lastKnownFileType = sourcecode.c.h; name = "NSInvocation+OCMAdditions.h"; path = "Classes/NSInvocation+OCMAdditions.h"; sourceTree = "<group>"; };
		5B0188961782B53600CB4B28 /* NSInvocation+OCMAdditions.m */ = {isa = PBXFileReference; fileEncoding = 4; lastKnownFileType = sourcecode.c.objc; name = "NSInvocation+OCMAdditions.m"; path = "Classes/NSInvocation+OCMAdditions.m"; sourceTree = "<group>"; };
		5B0188971782B53600CB4B28 /* NSMethodSignature+KiwiAdditions.h */ = {isa = PBXFileReference; fileEncoding = 4; lastKnownFileType = sourcecode.c.h; name = "NSMethodSignature+KiwiAdditions.h"; path = "Classes/NSMethodSignature+KiwiAdditions.h"; sourceTree = "<group>"; };
		5B0188981782B53600CB4B28 /* NSMethodSignature+KiwiAdditions.m */ = {isa = PBXFileReference; fileEncoding = 4; lastKnownFileType = sourcecode.c.objc; name = "NSMethodSignature+KiwiAdditions.m"; path = "Classes/NSMethodSignature+KiwiAdditions.m"; sourceTree = "<group>"; };
		5B0188991782B53600CB4B28 /* NSNumber+KiwiAdditions.h */ = {isa = PBXFileReference; fileEncoding = 4; lastKnownFileType = sourcecode.c.h; name = "NSNumber+KiwiAdditions.h"; path = "Classes/NSNumber+KiwiAdditions.h"; sourceTree = "<group>"; };
		5B01889A1782B53700CB4B28 /* NSNumber+KiwiAdditions.m */ = {isa = PBXFileReference; fileEncoding = 4; lastKnownFileType = sourcecode.c.objc; name = "NSNumber+KiwiAdditions.m"; path = "Classes/NSNumber+KiwiAdditions.m"; sourceTree = "<group>"; };
		5B01889B1782B53700CB4B28 /* NSObject+KiwiMockAdditions.h */ = {isa = PBXFileReference; fileEncoding = 4; lastKnownFileType = sourcecode.c.h; name = "NSObject+KiwiMockAdditions.h"; path = "Classes/NSObject+KiwiMockAdditions.h"; sourceTree = "<group>"; };
		5B01889C1782B53700CB4B28 /* NSObject+KiwiMockAdditions.m */ = {isa = PBXFileReference; fileEncoding = 4; lastKnownFileType = sourcecode.c.objc; name = "NSObject+KiwiMockAdditions.m"; path = "Classes/NSObject+KiwiMockAdditions.m"; sourceTree = "<group>"; };
		5B01889D1782B53700CB4B28 /* NSObject+KiwiSpyAdditions.h */ = {isa = PBXFileReference; fileEncoding = 4; lastKnownFileType = sourcecode.c.h; name = "NSObject+KiwiSpyAdditions.h"; path = "Classes/NSObject+KiwiSpyAdditions.h"; sourceTree = "<group>"; };
		5B01889E1782B53700CB4B28 /* NSObject+KiwiSpyAdditions.m */ = {isa = PBXFileReference; fileEncoding = 4; lastKnownFileType = sourcecode.c.objc; name = "NSObject+KiwiSpyAdditions.m"; path = "Classes/NSObject+KiwiSpyAdditions.m"; sourceTree = "<group>"; };
		5B01889F1782B53700CB4B28 /* NSObject+KiwiStubAdditions.h */ = {isa = PBXFileReference; fileEncoding = 4; lastKnownFileType = sourcecode.c.h; name = "NSObject+KiwiStubAdditions.h"; path = "Classes/NSObject+KiwiStubAdditions.h"; sourceTree = "<group>"; };
		5B0188A01782B53700CB4B28 /* NSObject+KiwiStubAdditions.m */ = {isa = PBXFileReference; fileEncoding = 4; lastKnownFileType = sourcecode.c.objc; name = "NSObject+KiwiStubAdditions.m"; path = "Classes/NSObject+KiwiStubAdditions.m"; sourceTree = "<group>"; };
		5B0188A11782B53700CB4B28 /* NSObject+KiwiVerifierAdditions.h */ = {isa = PBXFileReference; fileEncoding = 4; lastKnownFileType = sourcecode.c.h; name = "NSObject+KiwiVerifierAdditions.h"; path = "Classes/NSObject+KiwiVerifierAdditions.h"; sourceTree = "<group>"; };
		5B0188A21782B53700CB4B28 /* NSObject+KiwiVerifierAdditions.m */ = {isa = PBXFileReference; fileEncoding = 4; lastKnownFileType = sourcecode.c.objc; name = "NSObject+KiwiVerifierAdditions.m"; path = "Classes/NSObject+KiwiVerifierAdditions.m"; sourceTree = "<group>"; };
		5B0188A31782B53700CB4B28 /* NSProxy+KiwiVerifierAdditions.h */ = {isa = PBXFileReference; fileEncoding = 4; lastKnownFileType = sourcecode.c.h; name = "NSProxy+KiwiVerifierAdditions.h"; path = "Classes/NSProxy+KiwiVerifierAdditions.h"; sourceTree = "<group>"; };
		5B0188A41782B53700CB4B28 /* NSProxy+KiwiVerifierAdditions.m */ = {isa = PBXFileReference; fileEncoding = 4; lastKnownFileType = sourcecode.c.objc; name = "NSProxy+KiwiVerifierAdditions.m"; path = "Classes/NSProxy+KiwiVerifierAdditions.m"; sourceTree = "<group>"; };
		5B0188A51782B53700CB4B28 /* NSValue+KiwiAdditions.h */ = {isa = PBXFileReference; fileEncoding = 4; lastKnownFileType = sourcecode.c.h; name = "NSValue+KiwiAdditions.h"; path = "Classes/NSValue+KiwiAdditions.h"; sourceTree = "<group>"; };
		5B0188A61782B53700CB4B28 /* NSValue+KiwiAdditions.m */ = {isa = PBXFileReference; fileEncoding = 4; lastKnownFileType = sourcecode.c.objc; name = "NSValue+KiwiAdditions.m"; path = "Classes/NSValue+KiwiAdditions.m"; sourceTree = "<group>"; };
		5B0188A71782B53700CB4B28 /* SenTestSuite+KiwiAdditions.h */ = {isa = PBXFileReference; fileEncoding = 4; lastKnownFileType = sourcecode.c.h; name = "SenTestSuite+KiwiAdditions.h"; path = "Classes/SenTestSuite+KiwiAdditions.h"; sourceTree = "<group>"; };
		5B0188A81782B53700CB4B28 /* SenTestSuite+KiwiAdditions.m */ = {isa = PBXFileReference; fileEncoding = 4; lastKnownFileType = sourcecode.c.objc; name = "SenTestSuite+KiwiAdditions.m"; path = "Classes/SenTestSuite+KiwiAdditions.m"; sourceTree = "<group>"; };
/* End PBXFileReference section */

/* Begin PBXFrameworksBuildPhase section */
		5B0186B01782ACC500CB4B28 /* Frameworks */ = {
			isa = PBXFrameworksBuildPhase;
			buildActionMask = 2147483647;
			files = (
				5B0187F91782B45600CB4B28 /* SenTestingKit.framework in Frameworks */,
				5B0186B71782ACC500CB4B28 /* UIKit.framework in Frameworks */,
				5B0186B91782ACC500CB4B28 /* Foundation.framework in Frameworks */,
				5B0186BB1782ACC500CB4B28 /* CoreGraphics.framework in Frameworks */,
			);
			runOnlyForDeploymentPostprocessing = 0;
		};
		5B0186D51782ACC500CB4B28 /* Frameworks */ = {
			isa = PBXFrameworksBuildPhase;
			buildActionMask = 2147483647;
			files = (
				5B0186DC1782ACC500CB4B28 /* UIKit.framework in Frameworks */,
				5B0186DD1782ACC500CB4B28 /* Foundation.framework in Frameworks */,
			);
			runOnlyForDeploymentPostprocessing = 0;
		};
/* End PBXFrameworksBuildPhase section */

/* Begin PBXGroup section */
		5B0186AA1782ACC400CB4B28 = {
			isa = PBXGroup;
			children = (
				5B0186BC1782ACC500CB4B28 /* BankAccount */,
				5B0186E01782ACC500CB4B28 /* BankAccountTests */,
				5B0186B51782ACC500CB4B28 /* Frameworks */,
				5B0186B41782ACC500CB4B28 /* Products */,
			);
			sourceTree = "<group>";
		};
		5B0186B41782ACC500CB4B28 /* Products */ = {
			isa = PBXGroup;
			children = (
				5B0186B31782ACC500CB4B28 /* BankAccount.app */,
				5B0186D91782ACC500CB4B28 /* BankAccountTests.octest */,
			);
			name = Products;
			sourceTree = "<group>";
		};
		5B0186B51782ACC500CB4B28 /* Frameworks */ = {
			isa = PBXGroup;
			children = (
				5B0187F81782B45600CB4B28 /* SenTestingKit.framework */,
				5B0186B61782ACC500CB4B28 /* UIKit.framework */,
				5B0186B81782ACC500CB4B28 /* Foundation.framework */,
				5B0186BA1782ACC500CB4B28 /* CoreGraphics.framework */,
			);
			name = Frameworks;
			sourceTree = "<group>";
		};
		5B0186BC1782ACC500CB4B28 /* BankAccount */ = {
			isa = PBXGroup;
			children = (
				5B0187F11782AD4C00CB4B28 /* Entity */,
				5B0187F01782AD3E00CB4B28 /* DAO */,
				5B0186C51782ACC500CB4B28 /* AppDelegate.h */,
				5B0186C61782ACC500CB4B28 /* AppDelegate.m */,
				5B0186CE1782ACC500CB4B28 /* ViewController.h */,
				5B0186CF1782ACC500CB4B28 /* ViewController.m */,
				5B0186D11782ACC500CB4B28 /* ViewController.xib */,
				5B0186BD1782ACC500CB4B28 /* Supporting Files */,
			);
			path = BankAccount;
			sourceTree = "<group>";
		};
		5B0186BD1782ACC500CB4B28 /* Supporting Files */ = {
			isa = PBXGroup;
			children = (
				5B0187FA1782B52700CB4B28 /* kiwi */,
				5B0186BE1782ACC500CB4B28 /* BankAccount-Info.plist */,
				5B0186BF1782ACC500CB4B28 /* InfoPlist.strings */,
				5B0186C21782ACC500CB4B28 /* main.m */,
				5B0186C41782ACC500CB4B28 /* BankAccount-Prefix.pch */,
				5B0186C81782ACC500CB4B28 /* Default.png */,
				5B0186CA1782ACC500CB4B28 /* Default@2x.png */,
				5B0186CC1782ACC500CB4B28 /* Default-568h@2x.png */,
			);
			name = "Supporting Files";
			sourceTree = "<group>";
		};
		5B0186E01782ACC500CB4B28 /* BankAccountTests */ = {
			isa = PBXGroup;
			children = (
				5B0186E61782ACC500CB4B28 /* BankAccountTests.h */,
				5B0186E71782ACC500CB4B28 /* BankAccountTests.m */,
				5B0186E11782ACC500CB4B28 /* Supporting Files */,
			);
			path = BankAccountTests;
			sourceTree = "<group>";
		};
		5B0186E11782ACC500CB4B28 /* Supporting Files */ = {
			isa = PBXGroup;
			children = (
				5B0186E21782ACC500CB4B28 /* BankAccountTests-Info.plist */,
				5B0186E31782ACC500CB4B28 /* InfoPlist.strings */,
			);
			name = "Supporting Files";
			sourceTree = "<group>";
		};
		5B0187F01782AD3E00CB4B28 /* DAO */ = {
			isa = PBXGroup;
			children = (
				5B0187F51782ADCB00CB4B28 /* BankAccountDAO.h */,
				5B0187F61782ADCB00CB4B28 /* BankAccountDAO.m */,
			);
			name = DAO;
			sourceTree = "<group>";
		};
		5B0187F11782AD4C00CB4B28 /* Entity */ = {
			isa = PBXGroup;
			children = (
				5B0187F21782AD6400CB4B28 /* BankAccount.h */,
				5B0187F31782AD6400CB4B28 /* BankAccount.m */,
			);
			name = Entity;
			sourceTree = "<group>";
		};
		5B0187FA1782B52700CB4B28 /* kiwi */ = {
			isa = PBXGroup;
			children = (
				5B0187FB1782B53600CB4B28 /* Kiwi.h */,
				5B0187FC1782B53600CB4B28 /* KiwiBlockMacros.h */,
				5B0187FD1782B53600CB4B28 /* KiwiConfiguration.h */,
				5B0187FE1782B53600CB4B28 /* KiwiMacros.h */,
				5B0187FF1782B53600CB4B28 /* KWAfterAllNode.h */,
				5B0188001782B53600CB4B28 /* KWAfterAllNode.m */,
				5B0188011782B53600CB4B28 /* KWAfterEachNode.h */,
				5B0188021782B53600CB4B28 /* KWAfterEachNode.m */,
				5B0188031782B53600CB4B28 /* KWAny.h */,
				5B0188041782B53600CB4B28 /* KWAny.m */,
				5B0188051782B53600CB4B28 /* KWAsyncVerifier.h */,
				5B0188061782B53600CB4B28 /* KWAsyncVerifier.m */,
				5B0188071782B53600CB4B28 /* KWBeBetweenMatcher.h */,
				5B0188081782B53600CB4B28 /* KWBeBetweenMatcher.m */,
				5B0188091782B53600CB4B28 /* KWBeEmptyMatcher.h */,
				5B01880A1782B53600CB4B28 /* KWBeEmptyMatcher.m */,
				5B01880B1782B53600CB4B28 /* KWBeforeAllNode.h */,
				5B01880C1782B53600CB4B28 /* KWBeforeAllNode.m */,
				5B01880D1782B53600CB4B28 /* KWBeforeEachNode.h */,
				5B01880E1782B53600CB4B28 /* KWBeforeEachNode.m */,
				5B01880F1782B53600CB4B28 /* KWBeIdenticalToMatcher.h */,
				5B0188101782B53600CB4B28 /* KWBeIdenticalToMatcher.m */,
				5B0188111782B53600CB4B28 /* KWBeKindOfClassMatcher.h */,
				5B0188121782B53600CB4B28 /* KWBeKindOfClassMatcher.m */,
				5B0188131782B53600CB4B28 /* KWBeMemberOfClassMatcher.h */,
				5B0188141782B53600CB4B28 /* KWBeMemberOfClassMatcher.m */,
				5B0188151782B53600CB4B28 /* KWBeSubclassOfClassMatcher.h */,
				5B0188161782B53600CB4B28 /* KWBeSubclassOfClassMatcher.m */,
				5B0188171782B53600CB4B28 /* KWBeTrueMatcher.h */,
				5B0188181782B53600CB4B28 /* KWBeTrueMatcher.m */,
				5B0188191782B53600CB4B28 /* KWBeWithinMatcher.h */,
				5B01881A1782B53600CB4B28 /* KWBeWithinMatcher.m */,
				5B01881B1782B53600CB4B28 /* KWBeZeroMatcher.h */,
				5B01881C1782B53600CB4B28 /* KWBeZeroMatcher.m */,
				5B01881D1782B53600CB4B28 /* KWBlock.h */,
				5B01881E1782B53600CB4B28 /* KWBlock.m */,
				5B01881F1782B53600CB4B28 /* KWBlockNode.h */,
				5B0188201782B53600CB4B28 /* KWBlockNode.m */,
				5B0188211782B53600CB4B28 /* KWBlockRaiseMatcher.h */,
				5B0188221782B53600CB4B28 /* KWBlockRaiseMatcher.m */,
				5B0188231782B53600CB4B28 /* KWCallSite.h */,
				5B0188241782B53600CB4B28 /* KWCallSite.m */,
				5B0188251782B53600CB4B28 /* KWCaptureSpy.h */,
				5B0188261782B53600CB4B28 /* KWCaptureSpy.m */,
				5B0188271782B53600CB4B28 /* KWChangeMatcher.h */,
				5B0188281782B53600CB4B28 /* KWChangeMatcher.m */,
				5B0188291782B53600CB4B28 /* KWConformToProtocolMatcher.h */,
				5B01882A1782B53600CB4B28 /* KWConformToProtocolMatcher.m */,
				5B01882B1782B53600CB4B28 /* KWContainMatcher.h */,
				5B01882C1782B53600CB4B28 /* KWContainMatcher.m */,
				5B01882D1782B53600CB4B28 /* KWContainStringMatcher.h */,
				5B01882E1782B53600CB4B28 /* KWContainStringMatcher.m */,
				5B01882F1782B53600CB4B28 /* KWContextNode.h */,
				5B0188301782B53600CB4B28 /* KWContextNode.m */,
				5B0188311782B53600CB4B28 /* KWCountType.h */,
				5B0188321782B53600CB4B28 /* KWDeviceInfo.h */,
				5B0188331782B53600CB4B28 /* KWDeviceInfo.m */,
				5B0188341782B53600CB4B28 /* KWEqualMatcher.h */,
				5B0188351782B53600CB4B28 /* KWEqualMatcher.m */,
				5B0188361782B53600CB4B28 /* KWExample.h */,
				5B0188371782B53600CB4B28 /* KWExample.m */,
				5B0188381782B53600CB4B28 /* KWExampleGroupBuilder.h */,
				5B0188391782B53600CB4B28 /* KWExampleGroupBuilder.m */,
				5B01883A1782B53600CB4B28 /* KWExampleGroupDelegate.h */,
				5B01883B1782B53600CB4B28 /* KWExampleNode.h */,
				5B01883C1782B53600CB4B28 /* KWExampleNodeVisitor.h */,
				5B01883D1782B53600CB4B28 /* KWExampleSuite.h */,
				5B01883E1782B53600CB4B28 /* KWExampleSuite.m */,
				5B01883F1782B53600CB4B28 /* KWExistVerifier.h */,
				5B0188401782B53600CB4B28 /* KWExistVerifier.m */,
				5B0188411782B53600CB4B28 /* KWExpectationType.h */,
				5B0188421782B53600CB4B28 /* KWFailure.h */,
				5B0188431782B53600CB4B28 /* KWFailure.m */,
				5B0188441782B53600CB4B28 /* KWFormatter.h */,
				5B0188451782B53600CB4B28 /* KWFormatter.m */,
				5B0188461782B53600CB4B28 /* KWFutureObject.h */,
				5B0188471782B53600CB4B28 /* KWFutureObject.m */,
				5B0188481782B53600CB4B28 /* KWGenericMatcher.h */,
				5B0188491782B53600CB4B28 /* KWGenericMatcher.m */,
				5B01884A1782B53600CB4B28 /* KWGenericMatchEvaluator.h */,
				5B01884B1782B53600CB4B28 /* KWGenericMatchEvaluator.m */,
				5B01884C1782B53600CB4B28 /* KWGenericMatchingAdditions.h */,
				5B01884D1782B53600CB4B28 /* KWGenericMatchingAdditions.m */,
				5B01884E1782B53600CB4B28 /* KWHaveMatcher.h */,
				5B01884F1782B53600CB4B28 /* KWHaveMatcher.m */,
				5B0188501782B53600CB4B28 /* KWHaveValueMatcher.h */,
				5B0188511782B53600CB4B28 /* KWHaveValueMatcher.m */,
				5B0188521782B53600CB4B28 /* KWInequalityMatcher.h */,
				5B0188531782B53600CB4B28 /* KWInequalityMatcher.m */,
				5B0188541782B53600CB4B28 /* KWIntercept.h */,
				5B0188551782B53600CB4B28 /* KWIntercept.m */,
				5B0188561782B53600CB4B28 /* KWInvocationCapturer.h */,
				5B0188571782B53600CB4B28 /* KWInvocationCapturer.m */,
				5B0188581782B53600CB4B28 /* KWItNode.h */,
				5B0188591782B53600CB4B28 /* KWItNode.m */,
				5B01885A1782B53600CB4B28 /* KWMatcher.h */,
				5B01885B1782B53600CB4B28 /* KWMatcher.m */,
				5B01885C1782B53600CB4B28 /* KWMatcherFactory.h */,
				5B01885D1782B53600CB4B28 /* KWMatcherFactory.m */,
				5B01885E1782B53600CB4B28 /* KWMatchers.h */,
				5B01885F1782B53600CB4B28 /* KWMatchers.m */,
				5B0188601782B53600CB4B28 /* KWMatching.h */,
				5B0188611782B53600CB4B28 /* KWMatchVerifier.h */,
				5B0188621782B53600CB4B28 /* KWMatchVerifier.m */,
				5B0188631782B53600CB4B28 /* KWMessagePattern.h */,
				5B0188641782B53600CB4B28 /* KWMessagePattern.m */,
				5B0188651782B53600CB4B28 /* KWMessageSpying.h */,
				5B0188661782B53600CB4B28 /* KWMessageTracker.h */,
				5B0188671782B53600CB4B28 /* KWMessageTracker.m */,
				5B0188681782B53600CB4B28 /* KWMock.h */,
				5B0188691782B53600CB4B28 /* KWMock.m */,
				5B01886A1782B53600CB4B28 /* KWNull.h */,
				5B01886B1782B53600CB4B28 /* KWNull.m */,
				5B01886C1782B53600CB4B28 /* KWObjCUtilities.h */,
				5B01886D1782B53600CB4B28 /* KWObjCUtilities.m */,
				5B01886E1782B53600CB4B28 /* KWPendingNode.h */,
				5B01886F1782B53600CB4B28 /* KWPendingNode.m */,
				5B0188701782B53600CB4B28 /* KWProbe.h */,
				5B0188711782B53600CB4B28 /* KWProbePoller.h */,
				5B0188721782B53600CB4B28 /* KWProbePoller.m */,
				5B0188731782B53600CB4B28 /* KWRaiseMatcher.h */,
				5B0188741782B53600CB4B28 /* KWRaiseMatcher.m */,
				5B0188751782B53600CB4B28 /* KWReceiveMatcher.h */,
				5B0188761782B53600CB4B28 /* KWReceiveMatcher.m */,
				5B0188771782B53600CB4B28 /* KWRegisterMatchersNode.h */,
				5B0188781782B53600CB4B28 /* KWRegisterMatchersNode.m */,
				5B0188791782B53600CB4B28 /* KWRegularExpressionPatternMatcher.h */,
				5B01887A1782B53600CB4B28 /* KWRegularExpressionPatternMatcher.m */,
				5B01887B1782B53600CB4B28 /* KWReporting.h */,
				5B01887C1782B53600CB4B28 /* KWRespondToSelectorMatcher.h */,
				5B01887D1782B53600CB4B28 /* KWRespondToSelectorMatcher.m */,
				5B01887E1782B53600CB4B28 /* KWSpec.h */,
				5B01887F1782B53600CB4B28 /* KWSpec.m */,
				5B0188801782B53600CB4B28 /* KWStringContainsMatcher.h */,
				5B0188811782B53600CB4B28 /* KWStringContainsMatcher.m */,
				5B0188821782B53600CB4B28 /* KWStringPrefixMatcher.h */,
				5B0188831782B53600CB4B28 /* KWStringPrefixMatcher.m */,
				5B0188841782B53600CB4B28 /* KWStringUtilities.h */,
				5B0188851782B53600CB4B28 /* KWStringUtilities.m */,
				5B0188861782B53600CB4B28 /* KWStub.h */,
				5B0188871782B53600CB4B28 /* KWStub.m */,
				5B0188881782B53600CB4B28 /* KWSymbolicator.h */,
				5B0188891782B53600CB4B28 /* KWSymbolicator.m */,
				5B01888A1782B53600CB4B28 /* KWTestCase.h */,
				5B01888B1782B53600CB4B28 /* KWTestCase.m */,
				5B01888C1782B53600CB4B28 /* KWUserDefinedMatcher.h */,
				5B01888D1782B53600CB4B28 /* KWUserDefinedMatcher.m */,
				5B01888E1782B53600CB4B28 /* KWValue.h */,
				5B01888F1782B53600CB4B28 /* KWValue.m */,
				5B0188901782B53600CB4B28 /* KWVerifying.h */,
				5B0188911782B53600CB4B28 /* KWWorkarounds.h */,
				5B0188921782B53600CB4B28 /* KWWorkarounds.m */,
				5B0188931782B53600CB4B28 /* NSInvocation+KiwiAdditions.h */,
				5B0188941782B53600CB4B28 /* NSInvocation+KiwiAdditions.m */,
				5B0188951782B53600CB4B28 /* NSInvocation+OCMAdditions.h */,
				5B0188961782B53600CB4B28 /* NSInvocation+OCMAdditions.m */,
				5B0188971782B53600CB4B28 /* NSMethodSignature+KiwiAdditions.h */,
				5B0188981782B53600CB4B28 /* NSMethodSignature+KiwiAdditions.m */,
				5B0188991782B53600CB4B28 /* NSNumber+KiwiAdditions.h */,
				5B01889A1782B53700CB4B28 /* NSNumber+KiwiAdditions.m */,
				5B01889B1782B53700CB4B28 /* NSObject+KiwiMockAdditions.h */,
				5B01889C1782B53700CB4B28 /* NSObject+KiwiMockAdditions.m */,
				5B01889D1782B53700CB4B28 /* NSObject+KiwiSpyAdditions.h */,
				5B01889E1782B53700CB4B28 /* NSObject+KiwiSpyAdditions.m */,
				5B01889F1782B53700CB4B28 /* NSObject+KiwiStubAdditions.h */,
				5B0188A01782B53700CB4B28 /* NSObject+KiwiStubAdditions.m */,
				5B0188A11782B53700CB4B28 /* NSObject+KiwiVerifierAdditions.h */,
				5B0188A21782B53700CB4B28 /* NSObject+KiwiVerifierAdditions.m */,
				5B0188A31782B53700CB4B28 /* NSProxy+KiwiVerifierAdditions.h */,
				5B0188A41782B53700CB4B28 /* NSProxy+KiwiVerifierAdditions.m */,
				5B0188A51782B53700CB4B28 /* NSValue+KiwiAdditions.h */,
				5B0188A61782B53700CB4B28 /* NSValue+KiwiAdditions.m */,
				5B0188A71782B53700CB4B28 /* SenTestSuite+KiwiAdditions.h */,
				5B0188A81782B53700CB4B28 /* SenTestSuite+KiwiAdditions.m */,
			);
			name = kiwi;
			sourceTree = "<group>";
		};
/* End PBXGroup section */

/* Begin PBXNativeTarget section */
		5B0186B21782ACC500CB4B28 /* BankAccount */ = {
			isa = PBXNativeTarget;
			buildConfigurationList = 5B0186EB1782ACC500CB4B28 /* Build configuration list for PBXNativeTarget "BankAccount" */;
			buildPhases = (
				5B0186AF1782ACC500CB4B28 /* Sources */,
				5B0186B01782ACC500CB4B28 /* Frameworks */,
				5B0186B11782ACC500CB4B28 /* Resources */,
			);
			buildRules = (
			);
			dependencies = (
			);
			name = BankAccount;
			productName = BankAccount;
			productReference = 5B0186B31782ACC500CB4B28 /* BankAccount.app */;
			productType = "com.apple.product-type.application";
		};
		5B0186D81782ACC500CB4B28 /* BankAccountTests */ = {
			isa = PBXNativeTarget;
			buildConfigurationList = 5B0186EE1782ACC500CB4B28 /* Build configuration list for PBXNativeTarget "BankAccountTests" */;
			buildPhases = (
				5B0186D41782ACC500CB4B28 /* Sources */,
				5B0186D51782ACC500CB4B28 /* Frameworks */,
				5B0186D61782ACC500CB4B28 /* Resources */,
				5B0186D71782ACC500CB4B28 /* ShellScript */,
			);
			buildRules = (
			);
			dependencies = (
				5B0186DF1782ACC500CB4B28 /* PBXTargetDependency */,
			);
			name = BankAccountTests;
			productName = BankAccountTests;
			productReference = 5B0186D91782ACC500CB4B28 /* BankAccountTests.octest */;
			productType = "com.apple.product-type.bundle";
		};
/* End PBXNativeTarget section */

/* Begin PBXProject section */
		5B0186AB1782ACC400CB4B28 /* Project object */ = {
			isa = PBXProject;
			attributes = {
				LastUpgradeCheck = 0460;
				ORGANIZATIONNAME = Thett;
			};
			buildConfigurationList = 5B0186AE1782ACC400CB4B28 /* Build configuration list for PBXProject "BankAccount" */;
			compatibilityVersion = "Xcode 3.2";
			developmentRegion = English;
			hasScannedForEncodings = 0;
			knownRegions = (
				en,
			);
			mainGroup = 5B0186AA1782ACC400CB4B28;
			productRefGroup = 5B0186B41782ACC500CB4B28 /* Products */;
			projectDirPath = "";
			projectRoot = "";
			targets = (
				5B0186B21782ACC500CB4B28 /* BankAccount */,
				5B0186D81782ACC500CB4B28 /* BankAccountTests */,
			);
		};
/* End PBXProject section */

/* Begin PBXResourcesBuildPhase section */
		5B0186B11782ACC500CB4B28 /* Resources */ = {
			isa = PBXResourcesBuildPhase;
			buildActionMask = 2147483647;
			files = (
				5B0186C11782ACC500CB4B28 /* InfoPlist.strings in Resources */,
				5B0186C91782ACC500CB4B28 /* Default.png in Resources */,
				5B0186CB1782ACC500CB4B28 /* Default@2x.png in Resources */,
				5B0186CD1782ACC500CB4B28 /* Default-568h@2x.png in Resources */,
				5B0186D31782ACC500CB4B28 /* ViewController.xib in Resources */,
			);
			runOnlyForDeploymentPostprocessing = 0;
		};
		5B0186D61782ACC500CB4B28 /* Resources */ = {
			isa = PBXResourcesBuildPhase;
			buildActionMask = 2147483647;
			files = (
				5B0186E51782ACC500CB4B28 /* InfoPlist.strings in Resources */,
			);
			runOnlyForDeploymentPostprocessing = 0;
		};
/* End PBXResourcesBuildPhase section */

/* Begin PBXShellScriptBuildPhase section */
		5B0186D71782ACC500CB4B28 /* ShellScript */ = {
			isa = PBXShellScriptBuildPhase;
			buildActionMask = 2147483647;
			files = (
			);
			inputPaths = (
			);
			outputPaths = (
			);
			runOnlyForDeploymentPostprocessing = 0;
			shellPath = /bin/sh;
			shellScript = "# Run the unit tests in this test bundle.\n\"${SYSTEM_DEVELOPER_DIR}/Tools/RunUnitTests\"\n";
		};
/* End PBXShellScriptBuildPhase section */

/* Begin PBXSourcesBuildPhase section */
		5B0186AF1782ACC500CB4B28 /* Sources */ = {
			isa = PBXSourcesBuildPhase;
			buildActionMask = 2147483647;
			files = (
				5B0186C31782ACC500CB4B28 /* main.m in Sources */,
				5B0186C71782ACC500CB4B28 /* AppDelegate.m in Sources */,
				5B0186D01782ACC500CB4B28 /* ViewController.m in Sources */,
				5B0187F41782AD6400CB4B28 /* BankAccount.m in Sources */,
				5B0187F71782ADCB00CB4B28 /* BankAccountDAO.m in Sources */,
				5B0188A91782B53700CB4B28 /* KWAfterAllNode.m in Sources */,
				5B0188AA1782B53700CB4B28 /* KWAfterEachNode.m in Sources */,
				5B0188AB1782B53700CB4B28 /* KWAny.m in Sources */,
				5B0188AC1782B53700CB4B28 /* KWAsyncVerifier.m in Sources */,
				5B0188AD1782B53700CB4B28 /* KWBeBetweenMatcher.m in Sources */,
				5B0188AE1782B53700CB4B28 /* KWBeEmptyMatcher.m in Sources */,
				5B0188AF1782B53700CB4B28 /* KWBeforeAllNode.m in Sources */,
				5B0188B01782B53700CB4B28 /* KWBeforeEachNode.m in Sources */,
				5B0188B11782B53700CB4B28 /* KWBeIdenticalToMatcher.m in Sources */,
				5B0188B21782B53700CB4B28 /* KWBeKindOfClassMatcher.m in Sources */,
				5B0188B31782B53700CB4B28 /* KWBeMemberOfClassMatcher.m in Sources */,
				5B0188B41782B53700CB4B28 /* KWBeSubclassOfClassMatcher.m in Sources */,
				5B0188B51782B53700CB4B28 /* KWBeTrueMatcher.m in Sources */,
				5B0188B61782B53700CB4B28 /* KWBeWithinMatcher.m in Sources */,
				5B0188B71782B53700CB4B28 /* KWBeZeroMatcher.m in Sources */,
				5B0188B81782B53700CB4B28 /* KWBlock.m in Sources */,
				5B0188B91782B53700CB4B28 /* KWBlockNode.m in Sources */,
				5B0188BA1782B53700CB4B28 /* KWBlockRaiseMatcher.m in Sources */,
				5B0188BB1782B53700CB4B28 /* KWCallSite.m in Sources */,
				5B0188BC1782B53700CB4B28 /* KWCaptureSpy.m in Sources */,
				5B0188BD1782B53700CB4B28 /* KWChangeMatcher.m in Sources */,
				5B0188BE1782B53700CB4B28 /* KWConformToProtocolMatcher.m in Sources */,
				5B0188BF1782B53700CB4B28 /* KWContainMatcher.m in Sources */,
				5B0188C01782B53700CB4B28 /* KWContainStringMatcher.m in Sources */,
				5B0188C11782B53700CB4B28 /* KWContextNode.m in Sources */,
				5B0188C21782B53700CB4B28 /* KWDeviceInfo.m in Sources */,
				5B0188C31782B53700CB4B28 /* KWEqualMatcher.m in Sources */,
				5B0188C41782B53700CB4B28 /* KWExample.m in Sources */,
				5B0188C51782B53700CB4B28 /* KWExampleGroupBuilder.m in Sources */,
				5B0188C61782B53700CB4B28 /* KWExampleSuite.m in Sources */,
				5B0188C71782B53700CB4B28 /* KWExistVerifier.m in Sources */,
				5B0188C81782B53700CB4B28 /* KWFailure.m in Sources */,
				5B0188C91782B53700CB4B28 /* KWFormatter.m in Sources */,
				5B0188CA1782B53700CB4B28 /* KWFutureObject.m in Sources */,
				5B0188CB1782B53700CB4B28 /* KWGenericMatcher.m in Sources */,
				5B0188CC1782B53700CB4B28 /* KWGenericMatchEvaluator.m in Sources */,
				5B0188CD1782B53700CB4B28 /* KWGenericMatchingAdditions.m in Sources */,
				5B0188CE1782B53700CB4B28 /* KWHaveMatcher.m in Sources */,
				5B0188CF1782B53700CB4B28 /* KWHaveValueMatcher.m in Sources */,
				5B0188D01782B53700CB4B28 /* KWInequalityMatcher.m in Sources */,
				5B0188D11782B53700CB4B28 /* KWIntercept.m in Sources */,
				5B0188D21782B53700CB4B28 /* KWInvocationCapturer.m in Sources */,
				5B0188D31782B53700CB4B28 /* KWItNode.m in Sources */,
				5B0188D41782B53700CB4B28 /* KWMatcher.m in Sources */,
				5B0188D51782B53700CB4B28 /* KWMatcherFactory.m in Sources */,
				5B0188D61782B53700CB4B28 /* KWMatchers.m in Sources */,
				5B0188D71782B53700CB4B28 /* KWMatchVerifier.m in Sources */,
				5B0188D81782B53700CB4B28 /* KWMessagePattern.m in Sources */,
				5B0188D91782B53700CB4B28 /* KWMessageTracker.m in Sources */,
				5B0188DA1782B53700CB4B28 /* KWMock.m in Sources */,
				5B0188DB1782B53700CB4B28 /* KWNull.m in Sources */,
				5B0188DC1782B53700CB4B28 /* KWObjCUtilities.m in Sources */,
				5B0188DD1782B53700CB4B28 /* KWPendingNode.m in Sources */,
				5B0188DE1782B53700CB4B28 /* KWProbePoller.m in Sources */,
				5B0188DF1782B53700CB4B28 /* KWRaiseMatcher.m in Sources */,
				5B0188E01782B53700CB4B28 /* KWReceiveMatcher.m in Sources */,
				5B0188E11782B53700CB4B28 /* KWRegisterMatchersNode.m in Sources */,
				5B0188E21782B53700CB4B28 /* KWRegularExpressionPatternMatcher.m in Sources */,
				5B0188E31782B53700CB4B28 /* KWRespondToSelectorMatcher.m in Sources */,
				5B0188E41782B53700CB4B28 /* KWSpec.m in Sources */,
				5B0188E51782B53700CB4B28 /* KWStringContainsMatcher.m in Sources */,
				5B0188E61782B53700CB4B28 /* KWStringPrefixMatcher.m in Sources */,
				5B0188E71782B53700CB4B28 /* KWStringUtilities.m in Sources */,
				5B0188E81782B53700CB4B28 /* KWStub.m in Sources */,
				5B0188E91782B53700CB4B28 /* KWSymbolicator.m in Sources */,
				5B0188EA1782B53700CB4B28 /* KWTestCase.m in Sources */,
				5B0188EB1782B53700CB4B28 /* KWUserDefinedMatcher.m in Sources */,
				5B0188EC1782B53700CB4B28 /* KWValue.m in Sources */,
				5B0188ED1782B53700CB4B28 /* KWWorkarounds.m in Sources */,
				5B0188EE1782B53700CB4B28 /* NSInvocation+KiwiAdditions.m in Sources */,
				5B0188EF1782B53700CB4B28 /* NSInvocation+OCMAdditions.m in Sources */,
				5B0188F01782B53700CB4B28 /* NSMethodSignature+KiwiAdditions.m in Sources */,
				5B0188F11782B53700CB4B28 /* NSNumber+KiwiAdditions.m in Sources */,
				5B0188F21782B53700CB4B28 /* NSObject+KiwiMockAdditions.m in Sources */,
				5B0188F31782B53700CB4B28 /* NSObject+KiwiSpyAdditions.m in Sources */,
				5B0188F41782B53700CB4B28 /* NSObject+KiwiStubAdditions.m in Sources */,
				5B0188F51782B53700CB4B28 /* NSObject+KiwiVerifierAdditions.m in Sources */,
				5B0188F61782B53700CB4B28 /* NSProxy+KiwiVerifierAdditions.m in Sources */,
				5B0188F71782B53700CB4B28 /* NSValue+KiwiAdditions.m in Sources */,
				5B0188F81782B53700CB4B28 /* SenTestSuite+KiwiAdditions.m in Sources */,
			);
			runOnlyForDeploymentPostprocessing = 0;
		};
		5B0186D41782ACC500CB4B28 /* Sources */ = {
			isa = PBXSourcesBuildPhase;
			buildActionMask = 2147483647;
			files = (
				5B0186E81782ACC500CB4B28 /* BankAccountTests.m in Sources */,
			);
			runOnlyForDeploymentPostprocessing = 0;
		};
/* End PBXSourcesBuildPhase section */

/* Begin PBXTargetDependency section */
		5B0186DF1782ACC500CB4B28 /* PBXTargetDependency */ = {
			isa = PBXTargetDependency;
			target = 5B0186B21782ACC500CB4B28 /* BankAccount */;
			targetProxy = 5B0186DE1782ACC500CB4B28 /* PBXContainerItemProxy */;
		};
/* End PBXTargetDependency section */

/* Begin PBXVariantGroup section */
		5B0186BF1782ACC500CB4B28 /* InfoPlist.strings */ = {
			isa = PBXVariantGroup;
			children = (
				5B0186C01782ACC500CB4B28 /* en */,
			);
			name = InfoPlist.strings;
			sourceTree = "<group>";
		};
		5B0186D11782ACC500CB4B28 /* ViewController.xib */ = {
			isa = PBXVariantGroup;
			children = (
				5B0186D21782ACC500CB4B28 /* en */,
			);
			name = ViewController.xib;
			sourceTree = "<group>";
		};
		5B0186E31782ACC500CB4B28 /* InfoPlist.strings */ = {
			isa = PBXVariantGroup;
			children = (
				5B0186E41782ACC500CB4B28 /* en */,
			);
			name = InfoPlist.strings;
			sourceTree = "<group>";
		};
/* End PBXVariantGroup section */

/* Begin XCBuildConfiguration section */
		5B0186E91782ACC500CB4B28 /* Debug */ = {
			isa = XCBuildConfiguration;
			buildSettings = {
				ALWAYS_SEARCH_USER_PATHS = NO;
				CLANG_CXX_LANGUAGE_STANDARD = "gnu++0x";
				CLANG_CXX_LIBRARY = "libc++";
				CLANG_ENABLE_OBJC_ARC = YES;
				CLANG_WARN_CONSTANT_CONVERSION = YES;
				CLANG_WARN_EMPTY_BODY = YES;
				CLANG_WARN_ENUM_CONVERSION = YES;
				CLANG_WARN_INT_CONVERSION = YES;
				CLANG_WARN__DUPLICATE_METHOD_MATCH = YES;
				"CODE_SIGN_IDENTITY[sdk=iphoneos*]" = "iPhone Developer";
				COPY_PHASE_STRIP = NO;
				GCC_C_LANGUAGE_STANDARD = gnu99;
				GCC_DYNAMIC_NO_PIC = NO;
				GCC_OPTIMIZATION_LEVEL = 0;
				GCC_PREPROCESSOR_DEFINITIONS = (
					"DEBUG=1",
					"$(inherited)",
				);
				GCC_SYMBOLS_PRIVATE_EXTERN = NO;
				GCC_WARN_ABOUT_RETURN_TYPE = YES;
				GCC_WARN_UNINITIALIZED_AUTOS = YES;
				GCC_WARN_UNUSED_VARIABLE = YES;
				IPHONEOS_DEPLOYMENT_TARGET = 6.1;
				ONLY_ACTIVE_ARCH = YES;
				SDKROOT = iphoneos;
			};
			name = Debug;
		};
		5B0186EA1782ACC500CB4B28 /* Release */ = {
			isa = XCBuildConfiguration;
			buildSettings = {
				ALWAYS_SEARCH_USER_PATHS = NO;
				CLANG_CXX_LANGUAGE_STANDARD = "gnu++0x";
				CLANG_CXX_LIBRARY = "libc++";
				CLANG_ENABLE_OBJC_ARC = YES;
				CLANG_WARN_CONSTANT_CONVERSION = YES;
				CLANG_WARN_EMPTY_BODY = YES;
				CLANG_WARN_ENUM_CONVERSION = YES;
				CLANG_WARN_INT_CONVERSION = YES;
				CLANG_WARN__DUPLICATE_METHOD_MATCH = YES;
				"CODE_SIGN_IDENTITY[sdk=iphoneos*]" = "iPhone Developer";
				COPY_PHASE_STRIP = YES;
				GCC_C_LANGUAGE_STANDARD = gnu99;
				GCC_WARN_ABOUT_RETURN_TYPE = YES;
				GCC_WARN_UNINITIALIZED_AUTOS = YES;
				GCC_WARN_UNUSED_VARIABLE = YES;
				IPHONEOS_DEPLOYMENT_TARGET = 6.1;
				OTHER_CFLAGS = "-DNS_BLOCK_ASSERTIONS=1";
				SDKROOT = iphoneos;
				VALIDATE_PRODUCT = YES;
			};
			name = Release;
		};
		5B0186EC1782ACC500CB4B28 /* Debug */ = {
			isa = XCBuildConfiguration;
			buildSettings = {
				FRAMEWORK_SEARCH_PATHS = (
					"$(inherited)",
					"\"$(SYSTEM_APPS_DIR)/Xcode 2.app/Contents/Developer/Library/Frameworks\"",
				);
				GCC_PRECOMPILE_PREFIX_HEADER = YES;
				GCC_PREFIX_HEADER = "BankAccount/BankAccount-Prefix.pch";
				INFOPLIST_FILE = "BankAccount/BankAccount-Info.plist";
				PRODUCT_NAME = "$(TARGET_NAME)";
				WRAPPER_EXTENSION = app;
			};
			name = Debug;
		};
		5B0186ED1782ACC500CB4B28 /* Release */ = {
			isa = XCBuildConfiguration;
			buildSettings = {
				FRAMEWORK_SEARCH_PATHS = (
					"$(inherited)",
					"\"$(SYSTEM_APPS_DIR)/Xcode 2.app/Contents/Developer/Library/Frameworks\"",
				);
				GCC_PRECOMPILE_PREFIX_HEADER = YES;
				GCC_PREFIX_HEADER = "BankAccount/BankAccount-Prefix.pch";
				INFOPLIST_FILE = "BankAccount/BankAccount-Info.plist";
				PRODUCT_NAME = "$(TARGET_NAME)";
				WRAPPER_EXTENSION = app;
			};
			name = Release;
		};
		5B0186EF1782ACC500CB4B28 /* Debug */ = {
			isa = XCBuildConfiguration;
			buildSettings = {
				BUNDLE_LOADER = "$(BUILT_PRODUCTS_DIR)/BankAccount.app/BankAccount";
				FRAMEWORK_SEARCH_PATHS = (
					"\"$(SDKROOT)/Developer/Library/Frameworks\"",
					"\"$(DEVELOPER_LIBRARY_DIR)/Frameworks\"",
				);
				GCC_PRECOMPILE_PREFIX_HEADER = YES;
				GCC_PREFIX_HEADER = "BankAccount/BankAccount-Prefix.pch";
				INFOPLIST_FILE = "BankAccountTests/BankAccountTests-Info.plist";
				PRODUCT_NAME = "$(TARGET_NAME)";
				TEST_HOST = "$(BUNDLE_LOADER)";
				WRAPPER_EXTENSION = octest;
			};
			name = Debug;
		};
		5B0186F01782ACC500CB4B28 /* Release */ = {
			isa = XCBuildConfiguration;
			buildSettings = {
				BUNDLE_LOADER = "$(BUILT_PRODUCTS_DIR)/BankAccount.app/BankAccount";
				FRAMEWORK_SEARCH_PATHS = (
					"\"$(SDKROOT)/Developer/Library/Frameworks\"",
					"\"$(DEVELOPER_LIBRARY_DIR)/Frameworks\"",
				);
				GCC_PRECOMPILE_PREFIX_HEADER = YES;
				GCC_PREFIX_HEADER = "BankAccount/BankAccount-Prefix.pch";
				INFOPLIST_FILE = "BankAccountTests/BankAccountTests-Info.plist";
				PRODUCT_NAME = "$(TARGET_NAME)";
				TEST_HOST = "$(BUNDLE_LOADER)";
				WRAPPER_EXTENSION = octest;
			};
			name = Release;
		};
/* End XCBuildConfiguration section */

/* Begin XCConfigurationList section */
		5B0186AE1782ACC400CB4B28 /* Build configuration list for PBXProject "BankAccount" */ = {
			isa = XCConfigurationList;
			buildConfigurations = (
				5B0186E91782ACC500CB4B28 /* Debug */,
				5B0186EA1782ACC500CB4B28 /* Release */,
			);
			defaultConfigurationIsVisible = 0;
			defaultConfigurationName = Release;
		};
		5B0186EB1782ACC500CB4B28 /* Build configuration list for PBXNativeTarget "BankAccount" */ = {
			isa = XCConfigurationList;
			buildConfigurations = (
				5B0186EC1782ACC500CB4B28 /* Debug */,
				5B0186ED1782ACC500CB4B28 /* Release */,
			);
			defaultConfigurationIsVisible = 0;
		};
		5B0186EE1782ACC500CB4B28 /* Build configuration list for PBXNativeTarget "BankAccountTests" */ = {
			isa = XCConfigurationList;
			buildConfigurations = (
				5B0186EF1782ACC500CB4B28 /* Debug */,
				5B0186F01782ACC500CB4B28 /* Release */,
			);
			defaultConfigurationIsVisible = 0;
		};
/* End XCConfigurationList section */
	};
	rootObject = 5B0186AB1782ACC400CB4B28 /* Project object */;
}
